Microsoft Visual Studio Solution File, Format Version 11.00
# Visual Studio 2010
Project("{8BC9CEB8-8B4A-11D0-8D11-00A0C91BC942}") = "pmd_tool", "pmd_tool_2010.vcxproj", "{315E1EE4-7EB3-3937-A552-209F4311BD3F}"
	ProjectSection(ProjectDependencies) = postProject
		{888B31BA-E7A4-360D-978E-857D8E4C4BAC} = {888B31BA-E7A4-360D-978E-857D8E4C4BAC}
		{2A4DF4EE-7136-33B4-B637-60938D184F39} = {2A4DF4EE-7136-33B4-B637-60938D184F39}
	EndProjectSection
EndProject
Project("{8BC9CEB8-8B4A-11D0-8D11-00A0C91BC942}") = "dlb_pmd_lib", "..\..\dlb_pmd_lib\windows_amd64_msvs\dlb_pmd_lib_2010.vcxproj", "{888B31BA-E7A4-360D-978E-857D8E4C4BAC}"
	ProjectSection(ProjectDependencies) = postProject
		{20895E86-0CC5-376D-A205-153F08960967} = {20895E86-0CC5-376D-A205-153F08960967}
	EndProjectSection
EndProject
Project("{8BC9CEB8-8B4A-11D0-8D11-00A0C91BC942}") = "dlb_wave_lib", "..\..\dlb_wave_lib\windows_amd64_msvs\dlb_wave_lib_2010.vcxproj", "{2A4DF4EE-7136-33B4-B637-60938D184F39}"
EndProject
Project("{8BC9CEB8-8B4A-11D0-8D11-00A0C91BC942}") = "dlb_xml", "..\..\..\..\dlb_xmllib\1.0.4\dlb_xml\make\dlb_xml\windows_amd64_msvs\dlb_xml_2010.vcxproj", "{20895E86-0CC5-376D-A205-153F08960967}"
EndProject
Global
	GlobalSection(SolutionConfigurationPlatforms) = preSolution
		debug|x64 = debug|x64
		release|x64 = release|x64
	EndGlobalSection
	GlobalSection(ProjectConfigurationPlatforms) = postSolution
		{888B31BA-E7A4-360D-978E-857D8E4C4BAC}.debug|x64.ActiveCfg = debug|x64
		{888B31BA-E7A4-360D-978E-857D8E4C4BAC}.debug|x64.Build.0 = debug|x64
		{2A4DF4EE-7136-33B4-B637-60938D184F39}.debug|x64.ActiveCfg = debug|x64
		{2A4DF4EE-7136-33B4-B637-60938D184F39}.debug|x64.Build.0 = debug|x64
		{315E1EE4-7EB3-3937-A552-209F4311BD3F}.debug|x64.ActiveCfg = debug|x64
		{315E1EE4-7EB3-3937-A552-209F4311BD3F}.debug|x64.Build.0 = debug|x64
		{20895E86-0CC5-376D-A205-153F08960967}.debug|x64.ActiveCfg = debug|x64
		{20895E86-0CC5-376D-A205-153F08960967}.debug|x64.Build.0 = debug|x64
		{888B31BA-E7A4-360D-978E-857D8E4C4BAC}.release|x64.ActiveCfg = release|x64
		{888B31BA-E7A4-360D-978E-857D8E4C4BAC}.release|x64.Build.0 = release|x64
		{2A4DF4EE-7136-33B4-B637-60938D184F39}.release|x64.ActiveCfg = release|x64
		{2A4DF4EE-7136-33B4-B637-60938D184F39}.release|x64.Build.0 = release|x64
		{315E1EE4-7EB3-3937-A552-209F4311BD3F}.release|x64.ActiveCfg = release|x64
		{315E1EE4-7EB3-3937-A552-209F4311BD3F}.release|x64.Build.0 = release|x64
		{20895E86-0CC5-376D-A205-153F08960967}.release|x64.ActiveCfg = release|x64
		{20895E86-0CC5-376D-A205-153F08960967}.release|x64.Build.0 = release|x64
	EndGlobalSection
	GlobalSection(SolutionProperties) = preSolution
		HideSolutionNode = FALSE
	EndGlobalSection
EndGlobal
