<?xml version="1.0" encoding="utf-8"?>
<Project ToolsVersion="4.0" xmlns="http://schemas.microsoft.com/developer/msbuild/2003">
<ItemGroup>
<Filter Include="dlb_pmd">
<UniqueIdentifier>{ce4f8a46-b718-3a47-9a29-b30eb0bee44e}</UniqueIdentifier></Filter>
<Filter Include="dlb_pmd\frontend">
<UniqueIdentifier>{b690ab19-6783-384e-8cac-cce801778be4}</UniqueIdentifier></Filter>
<Filter Include="dlb_pmd\frontend\pmd_tool">
<UniqueIdentifier>{aa0c4d0c-e36d-34e2-bd24-c9d0b4cb3e6a}</UniqueIdentifier></Filter></ItemGroup>
<ItemGroup>
<ClCompile Include="..\..\..\frontend\pmd_tool\pmd_tool_main.c">
<Filter>dlb_pmd\frontend\pmd_tool</Filter></ClCompile></ItemGroup>
<ItemGroup>
<ClInclude Include="..\..\..\frontend\pmd_tool\pmd_tool.h">
<Filter>dlb_pmd\frontend\pmd_tool</Filter></ClInclude></ItemGroup>
<ItemGroup />
<ItemGroup />
<ItemGroup />
<ItemGroup /></Project>
