<?xml version="1.0" encoding="utf-8"?>
<Project ToolsVersion="4.0" xmlns="http://schemas.microsoft.com/developer/msbuild/2003">
<ItemGroup>
<Filter Include="dlb_adm">
<UniqueIdentifier>{00138090-8d19-314f-a90b-3b9383a99841}</UniqueIdentifier></Filter>
<Filter Include="dlb_adm\include">
<UniqueIdentifier>{2de926a6-ceb6-3825-aae8-d6f031364ccd}</UniqueIdentifier></Filter>
<Filter Include="dlb_adm\src">
<UniqueIdentifier>{9dfb8d40-41be-3649-bfb0-83c9a4e487e9}</UniqueIdentifier></Filter>
<Filter Include="dlb_adm\src\adm_identity">
<UniqueIdentifier>{4f477b87-7a8c-3fc1-a96c-a6ca1e9dadca}</UniqueIdentifier></Filter>
<Filter Include="dlb_adm\src\adm_transformer">
<UniqueIdentifier>{020f46dd-5576-3bb8-83ac-9c3810fd95a8}</UniqueIdentifier></Filter>
<Filter Include="dlb_adm\src\adm_xml">
<UniqueIdentifier>{25d44166-8642-3753-b005-ad512b4d04f0}</UniqueIdentifier></Filter>
<Filter Include="dlb_adm\src\core_model">
<UniqueIdentifier>{836fe4c0-0b4b-320b-8776-969ecafe857f}</UniqueIdentifier></Filter>
<Filter Include="dlb_pmd">
<UniqueIdentifier>{ce4f8a46-b718-3a47-9a29-b30eb0bee44e}</UniqueIdentifier></Filter>
<Filter Include="dlb_pmd\include">
<UniqueIdentifier>{579370b4-f054-3050-9e97-fb058c837d53}</UniqueIdentifier></Filter>
<Filter Include="dlb_pmd\os">
<UniqueIdentifier>{32391cfd-1734-3849-8b13-9f5d6a72de97}</UniqueIdentifier></Filter>
<Filter Include="dlb_pmd\os\windows">
<UniqueIdentifier>{af411029-f157-3754-b785-137048dda2ea}</UniqueIdentifier></Filter>
<Filter Include="dlb_pmd\src">
<UniqueIdentifier>{3ce9222a-c67b-325e-ae27-246b81be2bdd}</UniqueIdentifier></Filter>
<Filter Include="dlb_pmd\src\api">
<UniqueIdentifier>{1d7c6748-3ecb-39d7-afe4-f0a1919f580c}</UniqueIdentifier></Filter>
<Filter Include="dlb_pmd\src\model">
<UniqueIdentifier>{e5c41328-d483-3268-a02a-5cd96118a0d1}</UniqueIdentifier></Filter>
<Filter Include="dlb_pmd\src\modules">
<UniqueIdentifier>{3ff0eccd-312f-362d-a85e-ddb8bf238ace}</UniqueIdentifier></Filter>
<Filter Include="dlb_pmd\src\modules\capture">
<UniqueIdentifier>{922f2dfe-0e98-37a8-ac17-cb204806f4bf}</UniqueIdentifier></Filter>
<Filter Include="dlb_pmd\src\modules\generate">
<UniqueIdentifier>{f0ec6d78-c578-396a-8055-f8c51bd4268d}</UniqueIdentifier></Filter>
<Filter Include="dlb_pmd\src\modules\klv">
<UniqueIdentifier>{f2e766a0-4f1a-3403-b2e7-b2aca01824d6}</UniqueIdentifier></Filter>
<Filter Include="dlb_pmd\src\modules\pcm">
<UniqueIdentifier>{22224d23-a4a7-31b5-a793-9d9deabdb8b4}</UniqueIdentifier></Filter>
<Filter Include="dlb_pmd\src\modules\sadm">
<UniqueIdentifier>{68933ec3-f0bc-379d-a7e8-6ebf814fb8df}</UniqueIdentifier></Filter>
<Filter Include="dlb_pmd\src\modules\xml">
<UniqueIdentifier>{75cfda71-180c-32b8-a327-728248715ce0}</UniqueIdentifier></Filter>
<Filter Include="dlb_xmllib">
<UniqueIdentifier>{fd06a165-b9d1-36c3-ab49-ed13ebce39b5}</UniqueIdentifier></Filter>
<Filter Include="dlb_xmllib\1.0.4">
<UniqueIdentifier>{cfab6771-56e3-3596-b691-1369a405316b}</UniqueIdentifier></Filter>
<Filter Include="dlb_xmllib\1.0.4\dlb_xml">
<UniqueIdentifier>{ec54b9f7-79ca-3210-b04c-ca684129f4ca}</UniqueIdentifier></Filter>
<Filter Include="dlb_xmllib\1.0.4\dlb_xml\include">
<UniqueIdentifier>{96eafc49-ebe7-3bb3-8da3-9b1bc05a13fe}</UniqueIdentifier></Filter>
<Filter Include="dlb_xmllib\1.0.4\dlb_xml\src">
<UniqueIdentifier>{b46e8a5a-4aa9-3519-8c34-73de0554feef}</UniqueIdentifier></Filter>
<Filter Include="zlib">
<UniqueIdentifier>{76502233-dbc5-3511-a0ce-193c451a7809}</UniqueIdentifier></Filter>
<Filter Include="zlib\1.2.11">
<UniqueIdentifier>{4414fd87-039d-3150-8c54-673075e3fc35}</UniqueIdentifier></Filter>
<Filter Include="zlib\1.2.11\zlib-1.2.11">
<UniqueIdentifier>{e5460bde-8f9d-32a8-85c0-c103fd4cf597}</UniqueIdentifier></Filter></ItemGroup>
<ItemGroup>
<ClCompile Include="..\..\..\..\dlb_adm\src\adm_identity\AdmIdSequenceMap.cpp">
<Filter>dlb_adm\src\adm_identity</Filter></ClCompile>
<ClCompile Include="..\..\..\..\dlb_adm\src\adm_identity\AdmIdTranslator.cpp">
<Filter>dlb_adm\src\adm_identity</Filter></ClCompile>
<ClCompile Include="..\..\..\..\dlb_adm\src\adm_transformer\XMLGenerator.cpp">
<Filter>dlb_adm\src\adm_transformer</Filter></ClCompile>
<ClCompile Include="..\..\..\..\dlb_adm\src\adm_transformer\XMLIngester.cpp">
<Filter>dlb_adm\src\adm_transformer</Filter></ClCompile>
<ClCompile Include="..\..\..\..\dlb_adm\src\adm_xml\AttributeDescriptor.cpp">
<Filter>dlb_adm\src\adm_xml</Filter></ClCompile>
<ClCompile Include="..\..\..\..\dlb_adm\src\adm_xml\AttributeValue.cpp">
<Filter>dlb_adm\src\adm_xml</Filter></ClCompile>
<ClCompile Include="..\..\..\..\dlb_adm\src\adm_xml\ContentContainer.cpp">
<Filter>dlb_adm\src\adm_xml</Filter></ClCompile>
<ClCompile Include="..\..\..\..\dlb_adm\src\adm_xml\EntityContainer.cpp">
<Filter>dlb_adm\src\adm_xml</Filter></ClCompile>
<ClCompile Include="..\..\..\..\dlb_adm\src\adm_xml\EntityDB.cpp">
<Filter>dlb_adm\src\adm_xml</Filter></ClCompile>
<ClCompile Include="..\..\..\..\dlb_adm\src\adm_xml\EntityDescriptor.cpp">
<Filter>dlb_adm\src\adm_xml</Filter></ClCompile>
<ClCompile Include="..\..\..\..\dlb_adm\src\adm_xml\EntityRecord.cpp">
<Filter>dlb_adm\src\adm_xml</Filter></ClCompile>
<ClCompile Include="..\..\..\..\dlb_adm\src\adm_xml\RelationshipDB.cpp">
<Filter>dlb_adm\src\adm_xml</Filter></ClCompile>
<ClCompile Include="..\..\..\..\dlb_adm\src\adm_xml\RelationshipDescriptor.cpp">
<Filter>dlb_adm\src\adm_xml</Filter></ClCompile>
<ClCompile Include="..\..\..\..\dlb_adm\src\adm_xml\RelationshipRecord.cpp">
<Filter>dlb_adm\src\adm_xml</Filter></ClCompile>
<ClCompile Include="..\..\..\..\dlb_adm\src\adm_xml\XMLBuffer.cpp">
<Filter>dlb_adm\src\adm_xml</Filter></ClCompile>
<ClCompile Include="..\..\..\..\dlb_adm\src\adm_xml\XMLContainer.cpp">
<Filter>dlb_adm\src\adm_xml</Filter></ClCompile>
<ClCompile Include="..\..\..\..\dlb_adm\src\adm_xml\XMLReader.cpp">
<Filter>dlb_adm\src\adm_xml</Filter></ClCompile>
<ClCompile Include="..\..\..\..\dlb_adm\src\adm_xml\XMLReaderStack.cpp">
<Filter>dlb_adm\src\adm_xml</Filter></ClCompile>
<ClCompile Include="..\..\..\..\dlb_adm\src\adm_xml\XMLWriter.cpp">
<Filter>dlb_adm\src\adm_xml</Filter></ClCompile>
<ClCompile Include="..\..\..\..\dlb_adm\src\adm_xml\dlb_adm_xml_container.cpp">
<Filter>dlb_adm\src\adm_xml</Filter></ClCompile>
<ClCompile Include="..\..\..\..\dlb_adm\src\core_model\AudioElement.cpp">
<Filter>dlb_adm\src\core_model</Filter></ClCompile>
<ClCompile Include="..\..\..\..\dlb_adm\src\core_model\AudioTrack.cpp">
<Filter>dlb_adm\src\core_model</Filter></ClCompile>
<ClCompile Include="..\..\..\..\dlb_adm\src\core_model\BlockUpdate.cpp">
<Filter>dlb_adm\src\core_model</Filter></ClCompile>
<ClCompile Include="..\..\..\..\dlb_adm\src\core_model\ContentGroup.cpp">
<Filter>dlb_adm\src\core_model</Filter></ClCompile>
<ClCompile Include="..\..\..\..\dlb_adm\src\core_model\CoreModel.cpp">
<Filter>dlb_adm\src\core_model</Filter></ClCompile>
<ClCompile Include="..\..\..\..\dlb_adm\src\core_model\ElementGroup.cpp">
<Filter>dlb_adm\src\core_model</Filter></ClCompile>
<ClCompile Include="..\..\..\..\dlb_adm\src\core_model\ElementRecord.cpp">
<Filter>dlb_adm\src\core_model</Filter></ClCompile>
<ClCompile Include="..\..\..\..\dlb_adm\src\core_model\ElementTable.cpp">
<Filter>dlb_adm\src\core_model</Filter></ClCompile>
<ClCompile Include="..\..\..\..\dlb_adm\src\core_model\EntityName.cpp">
<Filter>dlb_adm\src\core_model</Filter></ClCompile>
<ClCompile Include="..\..\..\..\dlb_adm\src\core_model\FrameFormat.cpp">
<Filter>dlb_adm\src\core_model</Filter></ClCompile>
<ClCompile Include="..\..\..\..\dlb_adm\src\core_model\Gain.cpp">
<Filter>dlb_adm\src\core_model</Filter></ClCompile>
<ClCompile Include="..\..\..\..\dlb_adm\src\core_model\ModelEntity.cpp">
<Filter>dlb_adm\src\core_model</Filter></ClCompile>
<ClCompile Include="..\..\..\..\dlb_adm\src\core_model\ModelEntityContainer.cpp">
<Filter>dlb_adm\src\core_model</Filter></ClCompile>
<ClCompile Include="..\..\..\..\dlb_adm\src\core_model\Position.cpp">
<Filter>dlb_adm\src\core_model</Filter></ClCompile>
<ClCompile Include="..\..\..\..\dlb_adm\src\core_model\Presentation.cpp">
<Filter>dlb_adm\src\core_model</Filter></ClCompile>
<ClCompile Include="..\..\..\..\dlb_adm\src\core_model\PresentationRecord.cpp">
<Filter>dlb_adm\src\core_model</Filter></ClCompile>
<ClCompile Include="..\..\..\..\dlb_adm\src\core_model\PresentationTable.cpp">
<Filter>dlb_adm\src\core_model</Filter></ClCompile>
<ClCompile Include="..\..\..\..\dlb_adm\src\core_model\Source.cpp">
<Filter>dlb_adm\src\core_model</Filter></ClCompile>
<ClCompile Include="..\..\..\..\dlb_adm\src\core_model\SourceGroup.cpp">
<Filter>dlb_adm\src\core_model</Filter></ClCompile>
<ClCompile Include="..\..\..\..\dlb_adm\src\core_model\SourceRecord.cpp">
<Filter>dlb_adm\src\core_model</Filter></ClCompile>
<ClCompile Include="..\..\..\..\dlb_adm\src\core_model\Target.cpp">
<Filter>dlb_adm\src\core_model</Filter></ClCompile>
<ClCompile Include="..\..\..\..\dlb_adm\src\core_model\TargetGroup.cpp">
<Filter>dlb_adm\src\core_model</Filter></ClCompile>
<ClCompile Include="..\..\..\..\dlb_adm\src\core_model\UpdateRecord.cpp">
<Filter>dlb_adm\src\core_model</Filter></ClCompile>
<ClCompile Include="..\..\..\..\dlb_adm\src\core_model\UpdateTable.cpp">
<Filter>dlb_adm\src\core_model</Filter></ClCompile>
<ClCompile Include="..\..\..\..\dlb_adm\src\core_model\dlb_adm_core_model.cpp">
<Filter>dlb_adm\src\core_model</Filter></ClCompile>
<ClCompile Include="..\..\..\..\dlb_adm\src\dlb_adm_api.c">
<Filter>dlb_adm\src</Filter></ClCompile>
<ClCompile Include="..\..\..\..\dlb_adm\src\dlb_adm_api_pp.cpp">
<Filter>dlb_adm\src</Filter></ClCompile>
<ClCompile Include="..\..\..\os\windows\pmd_ctrl_c.c">
<Filter>dlb_pmd\os\windows</Filter></ClCompile>
<ClCompile Include="..\..\..\src\api\dlb_pmd.c">
<Filter>dlb_pmd\src\api</Filter></ClCompile>
<ClCompile Include="..\..\..\src\api\dlb_pmd_api_read.c">
<Filter>dlb_pmd\src\api</Filter></ClCompile>
<ClCompile Include="..\..\..\src\api\dlb_pmd_api_write.c">
<Filter>dlb_pmd\src\api</Filter></ClCompile>
<ClCompile Include="..\..\..\src\api\dlb_pmd_equal.c">
<Filter>dlb_pmd\src\api</Filter></ClCompile>
<ClCompile Include="..\..\..\src\api\dlb_pmd_metadata_set.c">
<Filter>dlb_pmd\src\api</Filter></ClCompile>
<ClCompile Include="..\..\..\src\model\DlbPmdModelWrapper.cpp">
<Filter>dlb_pmd\src\model</Filter></ClCompile>
<ClCompile Include="..\..\..\src\model\pmd_language.c">
<Filter>dlb_pmd\src\model</Filter></ClCompile>
<ClCompile Include="..\..\..\src\model\pmd_model.c">
<Filter>dlb_pmd\src\model</Filter></ClCompile>
<ClCompile Include="..\..\..\src\model\pmd_model_combo.c">
<Filter>dlb_pmd\src\model</Filter></ClCompile>
<ClCompile Include="..\..\..\src\modules\capture\pmd_capture.c">
<Filter>dlb_pmd\src\modules\capture</Filter></ClCompile>
<ClCompile Include="..\..\..\src\modules\generate\pmd_random_generator.c">
<Filter>dlb_pmd\src\modules\generate</Filter></ClCompile>
<ClCompile Include="..\..\..\src\modules\klv\pmd_crc32.c">
<Filter>dlb_pmd\src\modules\klv</Filter></ClCompile>
<ClCompile Include="..\..\..\src\modules\klv\pmd_klv_reader.c">
<Filter>dlb_pmd\src\modules\klv</Filter></ClCompile>
<ClCompile Include="..\..\..\src\modules\klv\pmd_klv_writer.c">
<Filter>dlb_pmd\src\modules\klv</Filter></ClCompile>
<ClCompile Include="..\..\..\src\modules\pcm\pmd_bitstream.c">
<Filter>dlb_pmd\src\modules\pcm</Filter></ClCompile>
<ClCompile Include="..\..\..\src\modules\pcm\pmd_pcm_augmentor.c">
<Filter>dlb_pmd\src\modules\pcm</Filter></ClCompile>
<ClCompile Include="..\..\..\src\modules\pcm\pmd_pcm_extractor.c">
<Filter>dlb_pmd\src\modules\pcm</Filter></ClCompile>
<ClCompile Include="..\..\..\src\modules\pcm\pmd_smpte_337m.c">
<Filter>dlb_pmd\src\modules\pcm</Filter></ClCompile>
<ClCompile Include="..\..\..\src\modules\pcm\sadm_bitstream_decoder.c">
<Filter>dlb_pmd\src\modules\pcm</Filter></ClCompile>
<ClCompile Include="..\..\..\src\modules\pcm\sadm_bitstream_encoder.c">
<Filter>dlb_pmd\src\modules\pcm</Filter></ClCompile>
<ClCompile Include="..\..\..\src\modules\sadm\pmd_core_model_generator.c">
<Filter>dlb_pmd\src\modules\sadm</Filter></ClCompile>
<ClCompile Include="..\..\..\src\modules\sadm\pmd_core_model_ingester.c">
<Filter>dlb_pmd\src\modules\sadm</Filter></ClCompile>
<ClCompile Include="..\..\..\src\modules\sadm\pmd_sadm_read_file.c">
<Filter>dlb_pmd\src\modules\sadm</Filter></ClCompile>
<ClCompile Include="..\..\..\src\modules\sadm\pmd_sadm_write_file.c">
<Filter>dlb_pmd\src\modules\sadm</Filter></ClCompile>
<ClCompile Include="..\..\..\src\modules\xml\pmd_xml_read_file.c">
<Filter>dlb_pmd\src\modules\xml</Filter></ClCompile>
<ClCompile Include="..\..\..\src\modules\xml\pmd_xml_read_string.c">
<Filter>dlb_pmd\src\modules\xml</Filter></ClCompile>
<ClCompile Include="..\..\..\src\modules\xml\pmd_xml_reader.c">
<Filter>dlb_pmd\src\modules\xml</Filter></ClCompile>
<ClCompile Include="..\..\..\src\modules\xml\pmd_xml_write_file.c">
<Filter>dlb_pmd\src\modules\xml</Filter></ClCompile>
<ClCompile Include="..\..\..\src\modules\xml\pmd_xml_write_string.c">
<Filter>dlb_pmd\src\modules\xml</Filter></ClCompile>
<ClCompile Include="..\..\..\src\modules\xml\pmd_xml_writer.c">
<Filter>dlb_pmd\src\modules\xml</Filter></ClCompile>
<ClCompile Include="..\..\..\..\dlb_xmllib\1.0.4\dlb_xml\src\dlb_xml.c">
<Filter>dlb_xmllib\1.0.4\dlb_xml\src</Filter></ClCompile>
<ClCompile Include="..\..\..\..\zlib\1.2.11\zlib-1.2.11\adler32.c">
<Filter>zlib\1.2.11\zlib-1.2.11</Filter></ClCompile>
<ClCompile Include="..\..\..\..\zlib\1.2.11\zlib-1.2.11\compress.c">
<Filter>zlib\1.2.11\zlib-1.2.11</Filter></ClCompile>
<ClCompile Include="..\..\..\..\zlib\1.2.11\zlib-1.2.11\crc32.c">
<Filter>zlib\1.2.11\zlib-1.2.11</Filter></ClCompile>
<ClCompile Include="..\..\..\..\zlib\1.2.11\zlib-1.2.11\deflate.c">
<Filter>zlib\1.2.11\zlib-1.2.11</Filter></ClCompile>
<ClCompile Include="..\..\..\..\zlib\1.2.11\zlib-1.2.11\gzclose.c">
<Filter>zlib\1.2.11\zlib-1.2.11</Filter></ClCompile>
<ClCompile Include="..\..\..\..\zlib\1.2.11\zlib-1.2.11\gzlib.c">
<Filter>zlib\1.2.11\zlib-1.2.11</Filter></ClCompile>
<ClCompile Include="..\..\..\..\zlib\1.2.11\zlib-1.2.11\gzread.c">
<Filter>zlib\1.2.11\zlib-1.2.11</Filter></ClCompile>
<ClCompile Include="..\..\..\..\zlib\1.2.11\zlib-1.2.11\gzwrite.c">
<Filter>zlib\1.2.11\zlib-1.2.11</Filter></ClCompile>
<ClCompile Include="..\..\..\..\zlib\1.2.11\zlib-1.2.11\infback.c">
<Filter>zlib\1.2.11\zlib-1.2.11</Filter></ClCompile>
<ClCompile Include="..\..\..\..\zlib\1.2.11\zlib-1.2.11\inffast.c">
<Filter>zlib\1.2.11\zlib-1.2.11</Filter></ClCompile>
<ClCompile Include="..\..\..\..\zlib\1.2.11\zlib-1.2.11\inflate.c">
<Filter>zlib\1.2.11\zlib-1.2.11</Filter></ClCompile>
<ClCompile Include="..\..\..\..\zlib\1.2.11\zlib-1.2.11\inftrees.c">
<Filter>zlib\1.2.11\zlib-1.2.11</Filter></ClCompile>
<ClCompile Include="..\..\..\..\zlib\1.2.11\zlib-1.2.11\trees.c">
<Filter>zlib\1.2.11\zlib-1.2.11</Filter></ClCompile>
<ClCompile Include="..\..\..\..\zlib\1.2.11\zlib-1.2.11\uncompr.c">
<Filter>zlib\1.2.11\zlib-1.2.11</Filter></ClCompile>
<ClCompile Include="..\..\..\..\zlib\1.2.11\zlib-1.2.11\zutil.c">
<Filter>zlib\1.2.11\zlib-1.2.11</Filter></ClCompile></ItemGroup>
<ItemGroup>
<ClInclude Include="..\..\..\..\dlb_adm\include\dlb_adm_api.h">
<Filter>dlb_adm\include</Filter></ClInclude>
<ClInclude Include="..\..\..\..\dlb_adm\include\dlb_adm_api_types.h">
<Filter>dlb_adm\include</Filter></ClInclude>
<ClInclude Include="..\..\..\..\dlb_adm\include\dlb_adm_data_types.h">
<Filter>dlb_adm\include</Filter></ClInclude>
<ClInclude Include="..\..\..\..\dlb_adm\include\dlb_adm_entity_id.h">
<Filter>dlb_adm\include</Filter></ClInclude>
<ClInclude Include="..\..\..\..\dlb_adm\include\dlb_adm_fwd_type.h">
<Filter>dlb_adm\include</Filter></ClInclude>
<ClInclude Include="..\..\..\..\dlb_adm\include\dlb_adm_lib_dll.h">
<Filter>dlb_adm\include</Filter></ClInclude>
<ClInclude Include="..\..\..\..\dlb_adm\src\adm_identity\AdmId.h">
<Filter>dlb_adm\src\adm_identity</Filter></ClInclude>
<ClInclude Include="..\..\..\..\dlb_adm\src\adm_identity\AdmIdSequenceMap.h">
<Filter>dlb_adm\src\adm_identity</Filter></ClInclude>
<ClInclude Include="..\..\..\..\dlb_adm\src\adm_identity\AdmIdTranslator.h">
<Filter>dlb_adm\src\adm_identity</Filter></ClInclude>
<ClInclude Include="..\..\..\..\dlb_adm\src\adm_transformer\XMLGenerator.h">
<Filter>dlb_adm\src\adm_transformer</Filter></ClInclude>
<ClInclude Include="..\..\..\..\dlb_adm\src\adm_transformer\XMLIngester.h">
<Filter>dlb_adm\src\adm_transformer</Filter></ClInclude>
<ClInclude Include="..\..\..\..\dlb_adm\src\adm_xml\AttributeDescriptor.h">
<Filter>dlb_adm\src\adm_xml</Filter></ClInclude>
<ClInclude Include="..\..\..\..\dlb_adm\src\adm_xml\AttributeInitializers.h">
<Filter>dlb_adm\src\adm_xml</Filter></ClInclude>
<ClInclude Include="..\..\..\..\dlb_adm\src\adm_xml\AttributeValue.h">
<Filter>dlb_adm\src\adm_xml</Filter></ClInclude>
<ClInclude Include="..\..\..\..\dlb_adm\src\adm_xml\ContentContainer.h">
<Filter>dlb_adm\src\adm_xml</Filter></ClInclude>
<ClInclude Include="..\..\..\..\dlb_adm\src\adm_xml\EntityContainer.h">
<Filter>dlb_adm\src\adm_xml</Filter></ClInclude>
<ClInclude Include="..\..\..\..\dlb_adm\src\adm_xml\EntityDB.h">
<Filter>dlb_adm\src\adm_xml</Filter></ClInclude>
<ClInclude Include="..\..\..\..\dlb_adm\src\adm_xml\EntityDescriptor.h">
<Filter>dlb_adm\src\adm_xml</Filter></ClInclude>
<ClInclude Include="..\..\..\..\dlb_adm\src\adm_xml\EntityInitializers.h">
<Filter>dlb_adm\src\adm_xml</Filter></ClInclude>
<ClInclude Include="..\..\..\..\dlb_adm\src\adm_xml\EntityRecord.h">
<Filter>dlb_adm\src\adm_xml</Filter></ClInclude>
<ClInclude Include="..\..\..\..\dlb_adm\src\adm_xml\EntityRelationship.h">
<Filter>dlb_adm\src\adm_xml</Filter></ClInclude>
<ClInclude Include="..\..\..\..\dlb_adm\src\adm_xml\RelationshipContainer.h">
<Filter>dlb_adm\src\adm_xml</Filter></ClInclude>
<ClInclude Include="..\..\..\..\dlb_adm\src\adm_xml\RelationshipDB.h">
<Filter>dlb_adm\src\adm_xml</Filter></ClInclude>
<ClInclude Include="..\..\..\..\dlb_adm\src\adm_xml\RelationshipDescriptor.h">
<Filter>dlb_adm\src\adm_xml</Filter></ClInclude>
<ClInclude Include="..\..\..\..\dlb_adm\src\adm_xml\RelationshipInitializers.h">
<Filter>dlb_adm\src\adm_xml</Filter></ClInclude>
<ClInclude Include="..\..\..\..\dlb_adm\src\adm_xml\RelationshipRecord.h">
<Filter>dlb_adm\src\adm_xml</Filter></ClInclude>
<ClInclude Include="..\..\..\..\dlb_adm\src\adm_xml\TableIndex.h">
<Filter>dlb_adm\src\adm_xml</Filter></ClInclude>
<ClInclude Include="..\..\..\..\dlb_adm\src\adm_xml\XMLBuffer.h">
<Filter>dlb_adm\src\adm_xml</Filter></ClInclude>
<ClInclude Include="..\..\..\..\dlb_adm\src\adm_xml\XMLContainer.h">
<Filter>dlb_adm\src\adm_xml</Filter></ClInclude>
<ClInclude Include="..\..\..\..\dlb_adm\src\adm_xml\XMLReader.h">
<Filter>dlb_adm\src\adm_xml</Filter></ClInclude>
<ClInclude Include="..\..\..\..\dlb_adm\src\adm_xml\XMLReaderStack.h">
<Filter>dlb_adm\src\adm_xml</Filter></ClInclude>
<ClInclude Include="..\..\..\..\dlb_adm\src\adm_xml\XMLWriter.h">
<Filter>dlb_adm\src\adm_xml</Filter></ClInclude>
<ClInclude Include="..\..\..\..\dlb_adm\src\adm_xml\dlb_adm_xml_container.h">
<Filter>dlb_adm\src\adm_xml</Filter></ClInclude>
<ClInclude Include="..\..\..\..\dlb_adm\src\core_model\AudioElement.h">
<Filter>dlb_adm\src\core_model</Filter></ClInclude>
<ClInclude Include="..\..\..\..\dlb_adm\src\core_model\AudioTrack.h">
<Filter>dlb_adm\src\core_model</Filter></ClInclude>
<ClInclude Include="..\..\..\..\dlb_adm\src\core_model\BlockUpdate.h">
<Filter>dlb_adm\src\core_model</Filter></ClInclude>
<ClInclude Include="..\..\..\..\dlb_adm\src\core_model\ContentGroup.h">
<Filter>dlb_adm\src\core_model</Filter></ClInclude>
<ClInclude Include="..\..\..\..\dlb_adm\src\core_model\CoreModel.h">
<Filter>dlb_adm\src\core_model</Filter></ClInclude>
<ClInclude Include="..\..\..\..\dlb_adm\src\core_model\ElementGroup.h">
<Filter>dlb_adm\src\core_model</Filter></ClInclude>
<ClInclude Include="..\..\..\..\dlb_adm\src\core_model\ElementRecord.h">
<Filter>dlb_adm\src\core_model</Filter></ClInclude>
<ClInclude Include="..\..\..\..\dlb_adm\src\core_model\ElementTable.h">
<Filter>dlb_adm\src\core_model</Filter></ClInclude>
<ClInclude Include="..\..\..\..\dlb_adm\src\core_model\EntityName.h">
<Filter>dlb_adm\src\core_model</Filter></ClInclude>
<ClInclude Include="..\..\..\..\dlb_adm\src\core_model\FrameFormat.h">
<Filter>dlb_adm\src\core_model</Filter></ClInclude>
<ClInclude Include="..\..\..\..\dlb_adm\src\core_model\Gain.h">
<Filter>dlb_adm\src\core_model</Filter></ClInclude>
<ClInclude Include="..\..\..\..\dlb_adm\src\core_model\ModelEntity.h">
<Filter>dlb_adm\src\core_model</Filter></ClInclude>
<ClInclude Include="..\..\..\..\dlb_adm\src\core_model\ModelEntityContainer.h">
<Filter>dlb_adm\src\core_model</Filter></ClInclude>
<ClInclude Include="..\..\..\..\dlb_adm\src\core_model\Position.h">
<Filter>dlb_adm\src\core_model</Filter></ClInclude>
<ClInclude Include="..\..\..\..\dlb_adm\src\core_model\Presentation.h">
<Filter>dlb_adm\src\core_model</Filter></ClInclude>
<ClInclude Include="..\..\..\..\dlb_adm\src\core_model\PresentationRecord.h">
<Filter>dlb_adm\src\core_model</Filter></ClInclude>
<ClInclude Include="..\..\..\..\dlb_adm\src\core_model\PresentationTable.h">
<Filter>dlb_adm\src\core_model</Filter></ClInclude>
<ClInclude Include="..\..\..\..\dlb_adm\src\core_model\Source.h">
<Filter>dlb_adm\src\core_model</Filter></ClInclude>
<ClInclude Include="..\..\..\..\dlb_adm\src\core_model\SourceGroup.h">
<Filter>dlb_adm\src\core_model</Filter></ClInclude>
<ClInclude Include="..\..\..\..\dlb_adm\src\core_model\SourceRecord.h">
<Filter>dlb_adm\src\core_model</Filter></ClInclude>
<ClInclude Include="..\..\..\..\dlb_adm\src\core_model\SourceTable.h">
<Filter>dlb_adm\src\core_model</Filter></ClInclude>
<ClInclude Include="..\..\..\..\dlb_adm\src\core_model\Target.h">
<Filter>dlb_adm\src\core_model</Filter></ClInclude>
<ClInclude Include="..\..\..\..\dlb_adm\src\core_model\TargetGroup.h">
<Filter>dlb_adm\src\core_model</Filter></ClInclude>
<ClInclude Include="..\..\..\..\dlb_adm\src\core_model\UpdateRecord.h">
<Filter>dlb_adm\src\core_model</Filter></ClInclude>
<ClInclude Include="..\..\..\..\dlb_adm\src\core_model\UpdateTable.h">
<Filter>dlb_adm\src\core_model</Filter></ClInclude>
<ClInclude Include="..\..\..\..\dlb_adm\src\core_model\core_model_defs.h">
<Filter>dlb_adm\src\core_model</Filter></ClInclude>
<ClInclude Include="..\..\..\..\dlb_adm\src\core_model\dlb_adm_core_model.h">
<Filter>dlb_adm\src\core_model</Filter></ClInclude>
<ClInclude Include="..\..\..\..\dlb_adm\src\dlb_adm_api_pvt.h">
<Filter>dlb_adm\src</Filter></ClInclude>
<ClInclude Include="..\..\..\include\DlbPmdModelWrapper.h">
<Filter>dlb_pmd\include</Filter></ClInclude>
<ClInclude Include="..\..\..\include\dlb_pmd_api.h">
<Filter>dlb_pmd\include</Filter></ClInclude>
<ClInclude Include="..\..\..\include\dlb_pmd_capture.h">
<Filter>dlb_pmd\include</Filter></ClInclude>
<ClInclude Include="..\..\..\include\dlb_pmd_generate.h">
<Filter>dlb_pmd\include</Filter></ClInclude>
<ClInclude Include="..\..\..\include\dlb_pmd_klv.h">
<Filter>dlb_pmd\include</Filter></ClInclude>
<ClInclude Include="..\..\..\include\dlb_pmd_lib_dll.h">
<Filter>dlb_pmd\include</Filter></ClInclude>
<ClInclude Include="..\..\..\include\dlb_pmd_model_combo.h">
<Filter>dlb_pmd\include</Filter></ClInclude>
<ClInclude Include="..\..\..\include\dlb_pmd_pcm.h">
<Filter>dlb_pmd\include</Filter></ClInclude>
<ClInclude Include="..\..\..\include\dlb_pmd_sadm.h">
<Filter>dlb_pmd\include</Filter></ClInclude>
<ClInclude Include="..\..\..\include\dlb_pmd_sadm_file.h">
<Filter>dlb_pmd\include</Filter></ClInclude>
<ClInclude Include="..\..\..\include\dlb_pmd_types.h">
<Filter>dlb_pmd\include</Filter></ClInclude>
<ClInclude Include="..\..\..\include\dlb_pmd_xml.h">
<Filter>dlb_pmd\include</Filter></ClInclude>
<ClInclude Include="..\..\..\include\dlb_pmd_xml_file.h">
<Filter>dlb_pmd\include</Filter></ClInclude>
<ClInclude Include="..\..\..\include\dlb_pmd_xml_string.h">
<Filter>dlb_pmd\include</Filter></ClInclude>
<ClInclude Include="..\..\..\os\pmd_os.h">
<Filter>dlb_pmd\os</Filter></ClInclude>
<ClInclude Include="..\..\..\src\api\dlb_pmd_api_version.h">
<Filter>dlb_pmd\src\api</Filter></ClInclude>
<ClInclude Include="..\..\..\src\model\pmd_abd_aod.h">
<Filter>dlb_pmd\src\model</Filter></ClInclude>
<ClInclude Include="..\..\..\src\model\pmd_aen.h">
<Filter>dlb_pmd\src\model</Filter></ClInclude>
<ClInclude Include="..\..\..\src\model\pmd_apd.h">
<Filter>dlb_pmd\src\model</Filter></ClInclude>
<ClInclude Include="..\..\..\src\model\pmd_apn.h">
<Filter>dlb_pmd\src\model</Filter></ClInclude>
<ClInclude Include="..\..\..\src\model\pmd_bitstream_version.h">
<Filter>dlb_pmd\src\model</Filter></ClInclude>
<ClInclude Include="..\..\..\src\model\pmd_channels.h">
<Filter>dlb_pmd\src\model</Filter></ClInclude>
<ClInclude Include="..\..\..\src\model\pmd_eep.h">
<Filter>dlb_pmd\src\model</Filter></ClInclude>
<ClInclude Include="..\..\..\src\model\pmd_error_helper.h">
<Filter>dlb_pmd\src\model</Filter></ClInclude>
<ClInclude Include="..\..\..\src\model\pmd_esd.h">
<Filter>dlb_pmd\src\model</Filter></ClInclude>
<ClInclude Include="..\..\..\src\model\pmd_etd.h">
<Filter>dlb_pmd\src\model</Filter></ClInclude>
<ClInclude Include="..\..\..\src\model\pmd_hed.h">
<Filter>dlb_pmd\src\model</Filter></ClInclude>
<ClInclude Include="..\..\..\src\model\pmd_iat.h">
<Filter>dlb_pmd\src\model</Filter></ClInclude>
<ClInclude Include="..\..\..\src\model\pmd_idmap.h">
<Filter>dlb_pmd\src\model</Filter></ClInclude>
<ClInclude Include="..\..\..\src\model\pmd_language.h">
<Filter>dlb_pmd\src\model</Filter></ClInclude>
<ClInclude Include="..\..\..\src\model\pmd_model.h">
<Filter>dlb_pmd\src\model</Filter></ClInclude>
<ClInclude Include="..\..\..\src\model\pmd_pld.h">
<Filter>dlb_pmd\src\model</Filter></ClInclude>
<ClInclude Include="..\..\..\src\model\pmd_profile.h">
<Filter>dlb_pmd\src\model</Filter></ClInclude>
<ClInclude Include="..\..\..\src\model\pmd_signals.h">
<Filter>dlb_pmd\src\model</Filter></ClInclude>
<ClInclude Include="..\..\..\src\model\pmd_smpte2109.h">
<Filter>dlb_pmd\src\model</Filter></ClInclude>
<ClInclude Include="..\..\..\src\model\pmd_strings.h">
<Filter>dlb_pmd\src\model</Filter></ClInclude>
<ClInclude Include="..\..\..\src\model\pmd_types.h">
<Filter>dlb_pmd\src\model</Filter></ClInclude>
<ClInclude Include="..\..\..\src\model\pmd_xyz.h">
<Filter>dlb_pmd\src\model</Filter></ClInclude>
<ClInclude Include="..\..\..\src\model\pmd_xyz_set.h">
<Filter>dlb_pmd\src\model</Filter></ClInclude>
<ClInclude Include="..\..\..\src\modules\generate\prng_kiss.h">
<Filter>dlb_pmd\src\modules\generate</Filter></ClInclude>
<ClInclude Include="..\..\..\src\modules\klv\klv.h">
<Filter>dlb_pmd\src\modules\klv</Filter></ClInclude>
<ClInclude Include="..\..\..\src\modules\klv\klv_abd.h">
<Filter>dlb_pmd\src\modules\klv</Filter></ClInclude>
<ClInclude Include="..\..\..\src\modules\klv\klv_aen.h">
<Filter>dlb_pmd\src\modules\klv</Filter></ClInclude>
<ClInclude Include="..\..\..\src\modules\klv\klv_aod.h">
<Filter>dlb_pmd\src\modules\klv</Filter></ClInclude>
<ClInclude Include="..\..\..\src\modules\klv\klv_apd.h">
<Filter>dlb_pmd\src\modules\klv</Filter></ClInclude>
<ClInclude Include="..\..\..\src\modules\klv\klv_apn.h">
<Filter>dlb_pmd\src\modules\klv</Filter></ClInclude>
<ClInclude Include="..\..\..\src\modules\klv\klv_bitfield_helpers.h">
<Filter>dlb_pmd\src\modules\klv</Filter></ClInclude>
<ClInclude Include="..\..\..\src\modules\klv\klv_container_config.h">
<Filter>dlb_pmd\src\modules\klv</Filter></ClInclude>
<ClInclude Include="..\..\..\src\modules\klv\klv_eep.h">
<Filter>dlb_pmd\src\modules\klv</Filter></ClInclude>
<ClInclude Include="..\..\..\src\modules\klv\klv_esd.h">
<Filter>dlb_pmd\src\modules\klv</Filter></ClInclude>
<ClInclude Include="..\..\..\src\modules\klv\klv_esn.h">
<Filter>dlb_pmd\src\modules\klv</Filter></ClInclude>
<ClInclude Include="..\..\..\src\modules\klv\klv_etd.h">
<Filter>dlb_pmd\src\modules\klv</Filter></ClInclude>
<ClInclude Include="..\..\..\src\modules\klv\klv_hed.h">
<Filter>dlb_pmd\src\modules\klv</Filter></ClInclude>
<ClInclude Include="..\..\..\src\modules\klv\klv_iat.h">
<Filter>dlb_pmd\src\modules\klv</Filter></ClInclude>
<ClInclude Include="..\..\..\src\modules\klv\klv_pld.h">
<Filter>dlb_pmd\src\modules\klv</Filter></ClInclude>
<ClInclude Include="..\..\..\src\modules\klv\klv_reader.h">
<Filter>dlb_pmd\src\modules\klv</Filter></ClInclude>
<ClInclude Include="..\..\..\src\modules\klv\klv_speaker_config.h">
<Filter>dlb_pmd\src\modules\klv</Filter></ClInclude>
<ClInclude Include="..\..\..\src\modules\klv\klv_version.h">
<Filter>dlb_pmd\src\modules\klv</Filter></ClInclude>
<ClInclude Include="..\..\..\src\modules\klv\klv_writer.h">
<Filter>dlb_pmd\src\modules\klv</Filter></ClInclude>
<ClInclude Include="..\..\..\src\modules\klv\klv_xyz.h">
<Filter>dlb_pmd\src\modules\klv</Filter></ClInclude>
<ClInclude Include="..\..\..\src\modules\klv\pmd_crc32.h">
<Filter>dlb_pmd\src\modules\klv</Filter></ClInclude>
<ClInclude Include="..\..\..\src\modules\pcm\pmd_bitstream.h">
<Filter>dlb_pmd\src\modules\pcm</Filter></ClInclude>
<ClInclude Include="..\..\..\src\modules\pcm\pmd_smpte_337m.h">
<Filter>dlb_pmd\src\modules\pcm</Filter></ClInclude>
<ClInclude Include="..\..\..\src\modules\pcm\sadm_bitstream_decoder.h">
<Filter>dlb_pmd\src\modules\pcm</Filter></ClInclude>
<ClInclude Include="..\..\..\src\modules\pcm\sadm_bitstream_encoder.h">
<Filter>dlb_pmd\src\modules\pcm</Filter></ClInclude>
<ClInclude Include="..\..\..\src\modules\sadm\pmd_bitset.h">
<Filter>dlb_pmd\src\modules\sadm</Filter></ClInclude>
<ClInclude Include="..\..\..\src\modules\sadm\pmd_core_model_generator.h">
<Filter>dlb_pmd\src\modules\sadm</Filter></ClInclude>
<ClInclude Include="..\..\..\src\modules\sadm\pmd_core_model_ingester.h">
<Filter>dlb_pmd\src\modules\sadm</Filter></ClInclude>
<ClInclude Include="..\..\..\src\modules\sadm\pmd_core_model_types.h">
<Filter>dlb_pmd\src\modules\sadm</Filter></ClInclude>
<ClInclude Include="..\..\..\src\modules\sadm\pmd_speaker_blkupdt.h">
<Filter>dlb_pmd\src\modules\sadm</Filter></ClInclude>
<ClInclude Include="..\..\..\src\modules\sadm\pmd_speaker_position.h">
<Filter>dlb_pmd\src\modules\sadm</Filter></ClInclude>
<ClInclude Include="..\..\..\src\modules\xml\parser_tagstack.h">
<Filter>dlb_pmd\src\modules\xml</Filter></ClInclude>
<ClInclude Include="..\..\..\src\modules\xml\xml_ad_id.h">
<Filter>dlb_pmd\src\modules\xml</Filter></ClInclude>
<ClInclude Include="..\..\..\src\modules\xml\xml_cdata.h">
<Filter>dlb_pmd\src\modules\xml</Filter></ClInclude>
<ClInclude Include="..\..\..\src\modules\xml\xml_eidr.h">
<Filter>dlb_pmd\src\modules\xml</Filter></ClInclude>
<ClInclude Include="..\..\..\src\modules\xml\xml_hex.h">
<Filter>dlb_pmd\src\modules\xml</Filter></ClInclude>
<ClInclude Include="..\..\..\src\modules\xml\xml_uuid.h">
<Filter>dlb_pmd\src\modules\xml</Filter></ClInclude>
<ClInclude Include="..\..\..\..\dlb_xmllib\1.0.4\dlb_xml\include\dlb_xml.h">
<Filter>dlb_xmllib\1.0.4\dlb_xml\include</Filter></ClInclude>
<ClInclude Include="..\..\..\..\zlib\1.2.11\zlib-1.2.11\crc32.h">
<Filter>zlib\1.2.11\zlib-1.2.11</Filter></ClInclude>
<ClInclude Include="..\..\..\..\zlib\1.2.11\zlib-1.2.11\deflate.h">
<Filter>zlib\1.2.11\zlib-1.2.11</Filter></ClInclude>
<ClInclude Include="..\..\..\..\zlib\1.2.11\zlib-1.2.11\gzguts.h">
<Filter>zlib\1.2.11\zlib-1.2.11</Filter></ClInclude>
<ClInclude Include="..\..\..\..\zlib\1.2.11\zlib-1.2.11\inffast.h">
<Filter>zlib\1.2.11\zlib-1.2.11</Filter></ClInclude>
<ClInclude Include="..\..\..\..\zlib\1.2.11\zlib-1.2.11\inffixed.h">
<Filter>zlib\1.2.11\zlib-1.2.11</Filter></ClInclude>
<ClInclude Include="..\..\..\..\zlib\1.2.11\zlib-1.2.11\inflate.h">
<Filter>zlib\1.2.11\zlib-1.2.11</Filter></ClInclude>
<ClInclude Include="..\..\..\..\zlib\1.2.11\zlib-1.2.11\inftrees.h">
<Filter>zlib\1.2.11\zlib-1.2.11</Filter></ClInclude>
<ClInclude Include="..\..\..\..\zlib\1.2.11\zlib-1.2.11\trees.h">
<Filter>zlib\1.2.11\zlib-1.2.11</Filter></ClInclude>
<ClInclude Include="..\..\..\..\zlib\1.2.11\zlib-1.2.11\zconf.h">
<Filter>zlib\1.2.11\zlib-1.2.11</Filter></ClInclude>
<ClInclude Include="..\..\..\..\zlib\1.2.11\zlib-1.2.11\zlib.h">
<Filter>zlib\1.2.11\zlib-1.2.11</Filter></ClInclude>
<ClInclude Include="..\..\..\..\zlib\1.2.11\zlib-1.2.11\zutil.h">
<Filter>zlib\1.2.11\zlib-1.2.11</Filter></ClInclude></ItemGroup>
<ItemGroup />
<ItemGroup />
<ItemGroup />
<ItemGroup /></Project>
