Microsoft Visual Studio Solution File, Format Version 10.00
# Visual Studio 2008
Project("{8BC9CEB8-8B4A-11D0-8D11-00A0C91BC942}") = "load_grammar_dom", "load_grammar_dom_2008.vcproj", "{4BD55455-35F2-314D-AD43-DAC28261952E}"
	ProjectSection(ProjectDependencies) = postProject
		{F3113CD3-1EEE-3755-88A8-9D430022FDA1} = {F3113CD3-1EEE-3755-88A8-9D430022FDA1}
	EndProjectSection
EndProject
Project("{8BC9CEB8-8B4A-11D0-8D11-00A0C91BC942}") = "xerces_3_2_0_lib", "..\..\xerces_3_2_0_lib\windows_x86_msvs\xerces_3_2_0_lib_2008.vcproj", "{F3113CD3-1EEE-3755-88A8-9D430022FDA1}"
EndProject
Global
	GlobalSection(SolutionConfigurationPlatforms) = preSolution
		debug|Win32 = debug|Win32
		release|Win32 = release|Win32
	EndGlobalSection
	GlobalSection(ProjectConfigurationPlatforms) = postSolution
		{4BD55455-35F2-314D-AD43-DAC28261952E}.debug|Win32.ActiveCfg = debug|Win32
		{4BD55455-35F2-314D-AD43-DAC28261952E}.debug|Win32.Build.0 = debug|Win32
		{F3113CD3-1EEE-3755-88A8-9D430022FDA1}.debug|Win32.ActiveCfg = debug|Win32
		{F3113CD3-1EEE-3755-88A8-9D430022FDA1}.debug|Win32.Build.0 = debug|Win32
		{4BD55455-35F2-314D-AD43-DAC28261952E}.release|Win32.ActiveCfg = release|Win32
		{4BD55455-35F2-314D-AD43-DAC28261952E}.release|Win32.Build.0 = release|Win32
		{F3113CD3-1EEE-3755-88A8-9D430022FDA1}.release|Win32.ActiveCfg = release|Win32
		{F3113CD3-1EEE-3755-88A8-9D430022FDA1}.release|Win32.Build.0 = release|Win32
	EndGlobalSection
	GlobalSection(SolutionProperties) = preSolution
		HideSolutionNode = FALSE
	EndGlobalSection
EndGlobal
