<?xml version="1.0" encoding="utf-8"?>
<Project ToolsVersion="4.0" xmlns="http://schemas.microsoft.com/developer/msbuild/2003">
<ItemGroup>
<Filter Include="libui">
<UniqueIdentifier>{6c5a3741-5cb0-3d61-8367-990dd803ecb2}</UniqueIdentifier></Filter>
<Filter Include="libui\alpha_4.1">
<UniqueIdentifier>{a52d5363-2a8d-3d72-bf87-4106578cb8b5}</UniqueIdentifier></Filter>
<Filter Include="libui\alpha_4.1\libui">
<UniqueIdentifier>{67f81288-dc64-30f7-bfa2-313182bd72f5}</UniqueIdentifier></Filter>
<Filter Include="libui\alpha_4.1\libui\common">
<UniqueIdentifier>{2a3f20cd-0736-334b-8113-a62e621e86c7}</UniqueIdentifier></Filter>
<Filter Include="libui\alpha_4.1\libui\windows">
<UniqueIdentifier>{3dfce462-f391-3e12-a6c9-c59702f22a73}</UniqueIdentifier></Filter></ItemGroup>
<ItemGroup>
<ClCompile Include="..\..\..\common\attribute.c">
<Filter>libui\alpha_4.1\libui\common</Filter></ClCompile>
<ClCompile Include="..\..\..\common\debug.c">
<Filter>libui\alpha_4.1\libui\common</Filter></ClCompile>
<ClCompile Include="..\..\..\common\shouldquit.c">
<Filter>libui\alpha_4.1\libui\common</Filter></ClCompile>
<ClCompile Include="..\..\..\common\tablevalue.c">
<Filter>libui\alpha_4.1\libui\common</Filter></ClCompile>
<ClCompile Include="..\..\..\windows\area.cpp">
<Filter>libui\alpha_4.1\libui\windows</Filter></ClCompile>
<ClCompile Include="..\..\..\windows\areaevents.cpp">
<Filter>libui\alpha_4.1\libui\windows</Filter></ClCompile>
<ClCompile Include="..\..\..\windows\attrstr.cpp">
<Filter>libui\alpha_4.1\libui\windows</Filter></ClCompile>
<ClCompile Include="..\..\..\windows\control.cpp">
<Filter>libui\alpha_4.1\libui\windows</Filter></ClCompile>
<ClCompile Include="..\..\..\windows\drawtext.cpp">
<Filter>libui\alpha_4.1\libui\windows</Filter></ClCompile>
<ClCompile Include="..\..\..\windows\fontbutton.cpp">
<Filter>libui\alpha_4.1\libui\windows</Filter></ClCompile>
<ClCompile Include="..\..\..\windows\fontmatch.cpp">
<Filter>libui\alpha_4.1\libui\windows</Filter></ClCompile>
<ClCompile Include="..\..\..\windows\image.cpp">
<Filter>libui\alpha_4.1\libui\windows</Filter></ClCompile>
<ClCompile Include="..\..\..\windows\init.cpp">
<Filter>libui\alpha_4.1\libui\windows</Filter></ClCompile>
<ClCompile Include="..\..\..\windows\opentype.cpp">
<Filter>libui\alpha_4.1\libui\windows</Filter></ClCompile></ItemGroup>
<ItemGroup>
<ClInclude Include="..\..\..\ui.h">
<Filter>libui\alpha_4.1\libui</Filter></ClInclude>
<ClInclude Include="..\..\..\ui_windows.h">
<Filter>libui\alpha_4.1\libui</Filter></ClInclude></ItemGroup>
<ItemGroup />
<ItemGroup />
<ItemGroup />
<ItemGroup /></Project>
