<?xml version="1.0" encoding="utf-8"?>
<Project ToolsVersion="4.0" xmlns="http://schemas.microsoft.com/developer/msbuild/2003">
<ItemGroup>
<Filter Include="googletest">
<UniqueIdentifier>{b4c84256-bb70-3a94-8652-67784173d102}</UniqueIdentifier></Filter>
<Filter Include="googletest\1.8.0">
<UniqueIdentifier>{1431c415-ac1f-3658-87f6-a5abdc6f2fe8}</UniqueIdentifier></Filter>
<Filter Include="googletest\1.8.0\include">
<UniqueIdentifier>{e59e7a1b-cfb0-3ca3-a3fc-48612d76ba45}</UniqueIdentifier></Filter>
<Filter Include="googletest\1.8.0\include\gtest">
<UniqueIdentifier>{24b63d7c-6f27-3c1b-bc21-a425606d03b5}</UniqueIdentifier></Filter>
<Filter Include="googletest\1.8.0\src">
<UniqueIdentifier>{09bc3b1b-8566-3e10-93c6-eea6c1298e45}</UniqueIdentifier></Filter></ItemGroup>
<ItemGroup>
<ClCompile Include="..\..\..\src\gtest-all.cc">
<Filter>googletest\1.8.0\src</Filter></ClCompile>
<ClCompile Include="..\..\..\src\gtest-death-test.cc">
<Filter>googletest\1.8.0\src</Filter></ClCompile>
<ClCompile Include="..\..\..\src\gtest-filepath.cc">
<Filter>googletest\1.8.0\src</Filter></ClCompile>
<ClCompile Include="..\..\..\src\gtest-port.cc">
<Filter>googletest\1.8.0\src</Filter></ClCompile>
<ClCompile Include="..\..\..\src\gtest-printers.cc">
<Filter>googletest\1.8.0\src</Filter></ClCompile>
<ClCompile Include="..\..\..\src\gtest-test-part.cc">
<Filter>googletest\1.8.0\src</Filter></ClCompile>
<ClCompile Include="..\..\..\src\gtest-typed-test.cc">
<Filter>googletest\1.8.0\src</Filter></ClCompile>
<ClCompile Include="..\..\..\src\gtest.cc">
<Filter>googletest\1.8.0\src</Filter></ClCompile>
<ClCompile Include="..\..\..\src\gtest_main.cc">
<Filter>googletest\1.8.0\src</Filter></ClCompile></ItemGroup>
<ItemGroup>
<ClInclude Include="..\..\..\include\gtest\gtest-death-test.h">
<Filter>googletest\1.8.0\include\gtest</Filter></ClInclude>
<ClInclude Include="..\..\..\include\gtest\gtest-message.h">
<Filter>googletest\1.8.0\include\gtest</Filter></ClInclude>
<ClInclude Include="..\..\..\include\gtest\gtest-param-test.h">
<Filter>googletest\1.8.0\include\gtest</Filter></ClInclude>
<ClInclude Include="..\..\..\include\gtest\gtest-printers.h">
<Filter>googletest\1.8.0\include\gtest</Filter></ClInclude>
<ClInclude Include="..\..\..\include\gtest\gtest-spi.h">
<Filter>googletest\1.8.0\include\gtest</Filter></ClInclude>
<ClInclude Include="..\..\..\include\gtest\gtest-test-part.h">
<Filter>googletest\1.8.0\include\gtest</Filter></ClInclude>
<ClInclude Include="..\..\..\include\gtest\gtest-typed-test.h">
<Filter>googletest\1.8.0\include\gtest</Filter></ClInclude>
<ClInclude Include="..\..\..\include\gtest\gtest.h">
<Filter>googletest\1.8.0\include\gtest</Filter></ClInclude>
<ClInclude Include="..\..\..\include\gtest\gtest_pred_impl.h">
<Filter>googletest\1.8.0\include\gtest</Filter></ClInclude>
<ClInclude Include="..\..\..\include\gtest\gtest_prod.h">
<Filter>googletest\1.8.0\include\gtest</Filter></ClInclude>
<ClInclude Include="..\..\..\src\gtest-internal-inl.h">
<Filter>googletest\1.8.0\src</Filter></ClInclude></ItemGroup>
<ItemGroup />
<ItemGroup />
<ItemGroup />
<ItemGroup /></Project>
