<?xml version="1.0" encoding="utf-8"?>
<Project ToolsVersion="4.0" xmlns="http://schemas.microsoft.com/developer/msbuild/2003">
<ItemGroup>
<Filter Include="dlb_pmd">
<UniqueIdentifier>{ce4f8a46-b718-3a47-9a29-b30eb0bee44e}</UniqueIdentifier></Filter>
<Filter Include="dlb_pmd\frontend">
<UniqueIdentifier>{b690ab19-6783-384e-8cac-cce801778be4}</UniqueIdentifier></Filter>
<Filter Include="dlb_pmd\frontend\pmd_studio">
<UniqueIdentifier>{2e16e0e5-e2aa-308e-ab70-3c4c2d36c6d0}</UniqueIdentifier></Filter>
<Filter Include="dlb_pmd\frontend\pmd_tool">
<UniqueIdentifier>{aa0c4d0c-e36d-34e2-bd24-c9d0b4cb3e6a}</UniqueIdentifier></Filter>
<Filter Include="dlb_pmd\include">
<UniqueIdentifier>{579370b4-f054-3050-9e97-fb058c837d53}</UniqueIdentifier></Filter>
<Filter Include="dlb_pmd\include\sadm">
<UniqueIdentifier>{b7c16b3b-5a5f-3038-82d2-7e90afa13190}</UniqueIdentifier></Filter>
<Filter Include="dlb_pmd\os">
<UniqueIdentifier>{32391cfd-1734-3849-8b13-9f5d6a72de97}</UniqueIdentifier></Filter>
<Filter Include="dlb_pmd\os\windows">
<UniqueIdentifier>{af411029-f157-3754-b785-137048dda2ea}</UniqueIdentifier></Filter>
<Filter Include="dlb_socket">
<UniqueIdentifier>{2b741e95-d5fe-3f3d-9125-61b27cc787de}</UniqueIdentifier></Filter>
<Filter Include="dlb_socket\0.1">
<UniqueIdentifier>{e87e3784-2c39-36d4-952a-e311727a7287}</UniqueIdentifier></Filter>
<Filter Include="dlb_socket\0.1\dlb_socket">
<UniqueIdentifier>{fee66e3a-a953-3657-95a2-17c17aafc5c5}</UniqueIdentifier></Filter>
<Filter Include="dlb_socket\0.1\dlb_socket\include">
<UniqueIdentifier>{3428ceea-ece2-36ee-89f1-0120da70f44d}</UniqueIdentifier></Filter>
<Filter Include="dlb_socket\0.1\dlb_socket\include\win32">
<UniqueIdentifier>{705d9e51-019a-3269-9fa7-d984a9faa1a3}</UniqueIdentifier></Filter>
<Filter Include="dlb_wave">
<UniqueIdentifier>{31928a1c-effb-3779-9a04-abf5d55dc5e5}</UniqueIdentifier></Filter>
<Filter Include="dlb_wave\1.6">
<UniqueIdentifier>{a857c9b8-1566-32c0-b876-e9c26439e042}</UniqueIdentifier></Filter>
<Filter Include="dlb_wave\1.6\dlb_wave">
<UniqueIdentifier>{9c0116df-55a2-39c3-9225-426e3d5d5379}</UniqueIdentifier></Filter>
<Filter Include="dlb_wave\1.6\dlb_wave\include">
<UniqueIdentifier>{571b123e-f0f2-329a-8daf-c79b44e1dd77}</UniqueIdentifier></Filter>
<Filter Include="libui">
<UniqueIdentifier>{6c5a3741-5cb0-3d61-8367-990dd803ecb2}</UniqueIdentifier></Filter>
<Filter Include="libui\alpha_4.1">
<UniqueIdentifier>{a52d5363-2a8d-3d72-bf87-4106578cb8b5}</UniqueIdentifier></Filter>
<Filter Include="libui\alpha_4.1\libui">
<UniqueIdentifier>{67f81288-dc64-30f7-bfa2-313182bd72f5}</UniqueIdentifier></Filter>
<Filter Include="portaudio">
<UniqueIdentifier>{9f8a2f74-6bd0-3d91-a127-5d515a1b301e}</UniqueIdentifier></Filter>
<Filter Include="portaudio\19.6">
<UniqueIdentifier>{09af24ce-9e96-3562-bf85-78508a3f47b4}</UniqueIdentifier></Filter>
<Filter Include="portaudio\19.6\portaudio">
<UniqueIdentifier>{01f93dd9-1236-338a-b2fd-a9cb1272a28b}</UniqueIdentifier></Filter>
<Filter Include="portaudio\19.6\portaudio\include">
<UniqueIdentifier>{5b7d7979-2b5b-3385-ac69-0947185e99b8}</UniqueIdentifier></Filter></ItemGroup>
<ItemGroup>
<ClCompile Include="..\..\..\frontend\pmd_studio\pmd_studio.c">
<Filter>dlb_pmd\frontend\pmd_studio</Filter></ClCompile>
<ClCompile Include="..\..\..\frontend\pmd_studio\pmd_studio_audio_beds.c">
<Filter>dlb_pmd\frontend\pmd_studio</Filter></ClCompile>
<ClCompile Include="..\..\..\frontend\pmd_studio\pmd_studio_audio_objects.c">
<Filter>dlb_pmd\frontend\pmd_studio</Filter></ClCompile>
<ClCompile Include="..\..\..\frontend\pmd_studio\pmd_studio_audio_outputs.c">
<Filter>dlb_pmd\frontend\pmd_studio</Filter></ClCompile>
<ClCompile Include="..\..\..\frontend\pmd_studio\pmd_studio_audio_presentations.c">
<Filter>dlb_pmd\frontend\pmd_studio</Filter></ClCompile>
<ClCompile Include="..\..\..\frontend\pmd_studio\pmd_studio_device.c">
<Filter>dlb_pmd\frontend\pmd_studio</Filter></ClCompile>
<ClCompile Include="..\..\..\frontend\pmd_tool\pcm.c">
<Filter>dlb_pmd\frontend\pmd_tool</Filter></ClCompile>
<ClCompile Include="..\..\..\frontend\pmd_tool\pmd_tool.c">
<Filter>dlb_pmd\frontend\pmd_tool</Filter></ClCompile>
<ClCompile Include="..\..\..\frontend\pmd_tool\pmd_tool_klv.c">
<Filter>dlb_pmd\frontend\pmd_tool</Filter></ClCompile>
<ClCompile Include="..\..\..\frontend\pmd_tool\xml.c">
<Filter>dlb_pmd\frontend\pmd_tool</Filter></ClCompile>
<ClCompile Include="..\..\..\os\windows\pmd_ctrl_c.c">
<Filter>dlb_pmd\os\windows</Filter></ClCompile></ItemGroup>
<ItemGroup>
<ClInclude Include="..\..\..\frontend\pcm_vsync_timer.h">
<Filter>dlb_pmd\frontend</Filter></ClInclude>
<ClInclude Include="..\..\..\frontend\pmd_studio\am824_framer.h">
<Filter>dlb_pmd\frontend\pmd_studio</Filter></ClInclude>
<ClInclude Include="..\..\..\frontend\pmd_studio\model.h">
<Filter>dlb_pmd\frontend\pmd_studio</Filter></ClInclude>
<ClInclude Include="..\..\..\frontend\pmd_studio\pmd_studio.h">
<Filter>dlb_pmd\frontend\pmd_studio</Filter></ClInclude>
<ClInclude Include="..\..\..\frontend\pmd_studio\pmd_studio_audio_beds.h">
<Filter>dlb_pmd\frontend\pmd_studio</Filter></ClInclude>
<ClInclude Include="..\..\..\frontend\pmd_studio\pmd_studio_audio_objects.h">
<Filter>dlb_pmd\frontend\pmd_studio</Filter></ClInclude>
<ClInclude Include="..\..\..\frontend\pmd_studio\pmd_studio_audio_outputs.h">
<Filter>dlb_pmd\frontend\pmd_studio</Filter></ClInclude>
<ClInclude Include="..\..\..\frontend\pmd_studio\pmd_studio_audio_presentations.h">
<Filter>dlb_pmd\frontend\pmd_studio</Filter></ClInclude>
<ClInclude Include="..\..\..\frontend\pmd_studio\pmd_studio_device.h">
<Filter>dlb_pmd\frontend\pmd_studio</Filter></ClInclude>
<ClInclude Include="..\..\..\frontend\pmd_studio\pmd_studio_file_menu.h">
<Filter>dlb_pmd\frontend\pmd_studio</Filter></ClInclude>
<ClInclude Include="..\..\..\frontend\pmd_studio\pmd_studio_limits.h">
<Filter>dlb_pmd\frontend\pmd_studio</Filter></ClInclude>
<ClInclude Include="..\..\..\frontend\pmd_tool\pcm.h">
<Filter>dlb_pmd\frontend\pmd_tool</Filter></ClInclude>
<ClInclude Include="..\..\..\frontend\pmd_tool\pmd_tool.h">
<Filter>dlb_pmd\frontend\pmd_tool</Filter></ClInclude>
<ClInclude Include="..\..\..\frontend\pmd_tool\pmd_tool_build_version.h">
<Filter>dlb_pmd\frontend\pmd_tool</Filter></ClInclude>
<ClInclude Include="..\..\..\frontend\pmd_tool\pmd_tool_klv.h">
<Filter>dlb_pmd\frontend\pmd_tool</Filter></ClInclude>
<ClInclude Include="..\..\..\frontend\pmd_tool\xml.h">
<Filter>dlb_pmd\frontend\pmd_tool</Filter></ClInclude>
<ClInclude Include="..\..\..\include\dlb_pmd_api.h">
<Filter>dlb_pmd\include</Filter></ClInclude>
<ClInclude Include="..\..\..\include\dlb_pmd_capture.h">
<Filter>dlb_pmd\include</Filter></ClInclude>
<ClInclude Include="..\..\..\include\dlb_pmd_generate.h">
<Filter>dlb_pmd\include</Filter></ClInclude>
<ClInclude Include="..\..\..\include\dlb_pmd_klv.h">
<Filter>dlb_pmd\include</Filter></ClInclude>
<ClInclude Include="..\..\..\include\dlb_pmd_lib_dll.h">
<Filter>dlb_pmd\include</Filter></ClInclude>
<ClInclude Include="..\..\..\include\dlb_pmd_pcm.h">
<Filter>dlb_pmd\include</Filter></ClInclude>
<ClInclude Include="..\..\..\include\dlb_pmd_sadm.h">
<Filter>dlb_pmd\include</Filter></ClInclude>
<ClInclude Include="..\..\..\include\dlb_pmd_sadm_file.h">
<Filter>dlb_pmd\include</Filter></ClInclude>
<ClInclude Include="..\..\..\include\dlb_pmd_types.h">
<Filter>dlb_pmd\include</Filter></ClInclude>
<ClInclude Include="..\..\..\include\dlb_pmd_xml.h">
<Filter>dlb_pmd\include</Filter></ClInclude>
<ClInclude Include="..\..\..\include\dlb_pmd_xml_file.h">
<Filter>dlb_pmd\include</Filter></ClInclude>
<ClInclude Include="..\..\..\include\dlb_pmd_xml_string.h">
<Filter>dlb_pmd\include</Filter></ClInclude>
<ClInclude Include="..\..\..\include\sadm\dlb_sadm_file.h">
<Filter>dlb_pmd\include\sadm</Filter></ClInclude>
<ClInclude Include="..\..\..\include\sadm\dlb_sadm_model.h">
<Filter>dlb_pmd\include\sadm</Filter></ClInclude>
<ClInclude Include="..\..\..\include\sadm\dlb_sadm_model_type.h">
<Filter>dlb_pmd\include\sadm</Filter></ClInclude>
<ClInclude Include="..\..\..\include\sadm\dlb_sadm_reader.h">
<Filter>dlb_pmd\include\sadm</Filter></ClInclude>
<ClInclude Include="..\..\..\include\sadm\dlb_sadm_string.h">
<Filter>dlb_pmd\include\sadm</Filter></ClInclude>
<ClInclude Include="..\..\..\include\sadm\dlb_sadm_writer.h">
<Filter>dlb_pmd\include\sadm</Filter></ClInclude>
<ClInclude Include="..\..\..\os\pmd_os.h">
<Filter>dlb_pmd\os</Filter></ClInclude>
<ClInclude Include="..\..\..\..\dlb_socket\0.1\dlb_socket\include\dlb_http_client.h">
<Filter>dlb_socket\0.1\dlb_socket\include</Filter></ClInclude>
<ClInclude Include="..\..\..\..\dlb_socket\0.1\dlb_socket\include\dlb_http_server.h">
<Filter>dlb_socket\0.1\dlb_socket\include</Filter></ClInclude>
<ClInclude Include="..\..\..\..\dlb_socket\0.1\dlb_socket\include\dlb_socket.h">
<Filter>dlb_socket\0.1\dlb_socket\include</Filter></ClInclude>
<ClInclude Include="..\..\..\..\dlb_socket\0.1\dlb_socket\include\win32\dlb_socket_os_impl.h">
<Filter>dlb_socket\0.1\dlb_socket\include\win32</Filter></ClInclude>
<ClInclude Include="..\..\..\..\dlb_wave\1.6\dlb_wave\include\dlb_riff.h">
<Filter>dlb_wave\1.6\dlb_wave\include</Filter></ClInclude>
<ClInclude Include="..\..\..\..\dlb_wave\1.6\dlb_wave\include\dlb_wave.h">
<Filter>dlb_wave\1.6\dlb_wave\include</Filter></ClInclude>
<ClInclude Include="..\..\..\..\libui\alpha_4.1\libui\ui.h">
<Filter>libui\alpha_4.1\libui</Filter></ClInclude>
<ClInclude Include="..\..\..\..\libui\alpha_4.1\libui\ui_windows.h">
<Filter>libui\alpha_4.1\libui</Filter></ClInclude>
<ClInclude Include="..\..\..\..\portaudio\19.6\portaudio\include\pa_asio.h">
<Filter>portaudio\19.6\portaudio\include</Filter></ClInclude>
<ClInclude Include="..\..\..\..\portaudio\19.6\portaudio\include\pa_callback.h">
<Filter>portaudio\19.6\portaudio\include</Filter></ClInclude>
<ClInclude Include="..\..\..\..\portaudio\19.6\portaudio\include\pa_jack.h">
<Filter>portaudio\19.6\portaudio\include</Filter></ClInclude>
<ClInclude Include="..\..\..\..\portaudio\19.6\portaudio\include\pa_linux_alsa.h">
<Filter>portaudio\19.6\portaudio\include</Filter></ClInclude>
<ClInclude Include="..\..\..\..\portaudio\19.6\portaudio\include\pa_mac_core.h">
<Filter>portaudio\19.6\portaudio\include</Filter></ClInclude>
<ClInclude Include="..\..\..\..\portaudio\19.6\portaudio\include\pa_win_ds.h">
<Filter>portaudio\19.6\portaudio\include</Filter></ClInclude>
<ClInclude Include="..\..\..\..\portaudio\19.6\portaudio\include\pa_win_wasapi.h">
<Filter>portaudio\19.6\portaudio\include</Filter></ClInclude>
<ClInclude Include="..\..\..\..\portaudio\19.6\portaudio\include\pa_win_waveformat.h">
<Filter>portaudio\19.6\portaudio\include</Filter></ClInclude>
<ClInclude Include="..\..\..\..\portaudio\19.6\portaudio\include\pa_win_wdmks.h">
<Filter>portaudio\19.6\portaudio\include</Filter></ClInclude>
<ClInclude Include="..\..\..\..\portaudio\19.6\portaudio\include\pa_win_wmme.h">
<Filter>portaudio\19.6\portaudio\include</Filter></ClInclude>
<ClInclude Include="..\..\..\..\portaudio\19.6\portaudio\include\portaudio.h">
<Filter>portaudio\19.6\portaudio\include</Filter></ClInclude></ItemGroup>
<ItemGroup />
<ItemGroup />
<ItemGroup />
<ItemGroup /></Project>
