<?xml version="1.0" encoding="utf-8"?>
<Project ToolsVersion="4.0" xmlns="http://schemas.microsoft.com/developer/msbuild/2003">
<ItemGroup>
<Filter Include="Lawo">
<UniqueIdentifier>{16695359-586e-3d29-93f2-c4a7b808e58a}</UniqueIdentifier></Filter>
<Filter Include="Lawo\ember-plus">
<UniqueIdentifier>{fa8ec8af-5f9b-39f4-8190-145cd89fd827}</UniqueIdentifier></Filter>
<Filter Include="Lawo\ember-plus\libember_slim">
<UniqueIdentifier>{63d78250-cd50-397a-9191-748d95f8c2c1}</UniqueIdentifier></Filter>
<Filter Include="Lawo\ember-plus\libember_slim\Source">
<UniqueIdentifier>{314d50dc-faaa-3489-9eb9-5c5661502c3c}</UniqueIdentifier></Filter>
<Filter Include="dlb_pmd">
<UniqueIdentifier>{ce4f8a46-b718-3a47-9a29-b30eb0bee44e}</UniqueIdentifier></Filter>
<Filter Include="dlb_pmd\frontend">
<UniqueIdentifier>{b690ab19-6783-384e-8cac-cce801778be4}</UniqueIdentifier></Filter>
<Filter Include="dlb_pmd\frontend\pmd_studio">
<UniqueIdentifier>{2e16e0e5-e2aa-308e-ab70-3c4c2d36c6d0}</UniqueIdentifier></Filter>
<Filter Include="dlb_pmd\frontend\pmd_studio\ember_connector">
<UniqueIdentifier>{f920f2ad-45dd-306d-8587-3868434225b7}</UniqueIdentifier></Filter>
<Filter Include="dlb_pmd\frontend\pmd_studio\ember_connector\utils">
<UniqueIdentifier>{985b848c-ced5-3066-9775-c78c694aebd0}</UniqueIdentifier></Filter>
<Filter Include="dlb_pmd\frontend\pmd_tool">
<UniqueIdentifier>{aa0c4d0c-e36d-34e2-bd24-c9d0b4cb3e6a}</UniqueIdentifier></Filter>
<Filter Include="dlb_pmd\include">
<UniqueIdentifier>{579370b4-f054-3050-9e97-fb058c837d53}</UniqueIdentifier></Filter>
<Filter Include="dlb_pmd\include\sadm">
<UniqueIdentifier>{b7c16b3b-5a5f-3038-82d2-7e90afa13190}</UniqueIdentifier></Filter>
<Filter Include="dlb_pmd\os">
<UniqueIdentifier>{32391cfd-1734-3849-8b13-9f5d6a72de97}</UniqueIdentifier></Filter>
<Filter Include="dlb_pmd\os\windows">
<UniqueIdentifier>{af411029-f157-3754-b785-137048dda2ea}</UniqueIdentifier></Filter>
<Filter Include="dlb_pmd\src">
<UniqueIdentifier>{3ce9222a-c67b-325e-ae27-246b81be2bdd}</UniqueIdentifier></Filter>
<Filter Include="dlb_pmd\src\api">
<UniqueIdentifier>{1d7c6748-3ecb-39d7-afe4-f0a1919f580c}</UniqueIdentifier></Filter>
<Filter Include="dlb_pmd\src\model">
<UniqueIdentifier>{e5c41328-d483-3268-a02a-5cd96118a0d1}</UniqueIdentifier></Filter>
<Filter Include="dlb_pmd\src\modules">
<UniqueIdentifier>{3ff0eccd-312f-362d-a85e-ddb8bf238ace}</UniqueIdentifier></Filter>
<Filter Include="dlb_pmd\src\modules\capture">
<UniqueIdentifier>{922f2dfe-0e98-37a8-ac17-cb204806f4bf}</UniqueIdentifier></Filter>
<Filter Include="dlb_pmd\src\modules\generate">
<UniqueIdentifier>{f0ec6d78-c578-396a-8055-f8c51bd4268d}</UniqueIdentifier></Filter>
<Filter Include="dlb_pmd\src\modules\klv">
<UniqueIdentifier>{f2e766a0-4f1a-3403-b2e7-b2aca01824d6}</UniqueIdentifier></Filter>
<Filter Include="dlb_pmd\src\modules\pcm">
<UniqueIdentifier>{22224d23-a4a7-31b5-a793-9d9deabdb8b4}</UniqueIdentifier></Filter>
<Filter Include="dlb_pmd\src\modules\sadm">
<UniqueIdentifier>{68933ec3-f0bc-379d-a7e8-6ebf814fb8df}</UniqueIdentifier></Filter>
<Filter Include="dlb_pmd\src\modules\sadm\sadm">
<UniqueIdentifier>{c08dad25-368d-3381-a5cd-19c9f581ac3e}</UniqueIdentifier></Filter>
<Filter Include="dlb_pmd\src\modules\xml">
<UniqueIdentifier>{75cfda71-180c-32b8-a327-728248715ce0}</UniqueIdentifier></Filter>
<Filter Include="dlb_socket">
<UniqueIdentifier>{2b741e95-d5fe-3f3d-9125-61b27cc787de}</UniqueIdentifier></Filter>
<Filter Include="dlb_socket\0.1">
<UniqueIdentifier>{e87e3784-2c39-36d4-952a-e311727a7287}</UniqueIdentifier></Filter>
<Filter Include="dlb_socket\0.1\dlb_socket">
<UniqueIdentifier>{fee66e3a-a953-3657-95a2-17c17aafc5c5}</UniqueIdentifier></Filter>
<Filter Include="dlb_socket\0.1\dlb_socket\include">
<UniqueIdentifier>{3428ceea-ece2-36ee-89f1-0120da70f44d}</UniqueIdentifier></Filter>
<Filter Include="dlb_socket\0.1\dlb_socket\include\win32">
<UniqueIdentifier>{705d9e51-019a-3269-9fa7-d984a9faa1a3}</UniqueIdentifier></Filter>
<Filter Include="dlb_wave">
<UniqueIdentifier>{31928a1c-effb-3779-9a04-abf5d55dc5e5}</UniqueIdentifier></Filter>
<Filter Include="dlb_wave\1.6">
<UniqueIdentifier>{a857c9b8-1566-32c0-b876-e9c26439e042}</UniqueIdentifier></Filter>
<Filter Include="dlb_wave\1.6\dlb_wave">
<UniqueIdentifier>{9c0116df-55a2-39c3-9225-426e3d5d5379}</UniqueIdentifier></Filter>
<Filter Include="dlb_wave\1.6\dlb_wave\include">
<UniqueIdentifier>{571b123e-f0f2-329a-8daf-c79b44e1dd77}</UniqueIdentifier></Filter>
<Filter Include="dlb_xmllib">
<UniqueIdentifier>{fd06a165-b9d1-36c3-ab49-ed13ebce39b5}</UniqueIdentifier></Filter>
<Filter Include="dlb_xmllib\1.0.4">
<UniqueIdentifier>{cfab6771-56e3-3596-b691-1369a405316b}</UniqueIdentifier></Filter>
<Filter Include="dlb_xmllib\1.0.4\dlb_xml">
<UniqueIdentifier>{ec54b9f7-79ca-3210-b04c-ca684129f4ca}</UniqueIdentifier></Filter>
<Filter Include="dlb_xmllib\1.0.4\dlb_xml\include">
<UniqueIdentifier>{96eafc49-ebe7-3bb3-8da3-9b1bc05a13fe}</UniqueIdentifier></Filter>
<Filter Include="libui">
<UniqueIdentifier>{6c5a3741-5cb0-3d61-8367-990dd803ecb2}</UniqueIdentifier></Filter>
<Filter Include="libui\alpha_4.1">
<UniqueIdentifier>{a52d5363-2a8d-3d72-bf87-4106578cb8b5}</UniqueIdentifier></Filter>
<Filter Include="libui\alpha_4.1\libui">
<UniqueIdentifier>{67f81288-dc64-30f7-bfa2-313182bd72f5}</UniqueIdentifier></Filter>
<Filter Include="portaudio">
<UniqueIdentifier>{9f8a2f74-6bd0-3d91-a127-5d515a1b301e}</UniqueIdentifier></Filter>
<Filter Include="portaudio\19.6">
<UniqueIdentifier>{09af24ce-9e96-3562-bf85-78508a3f47b4}</UniqueIdentifier></Filter>
<Filter Include="portaudio\19.6\portaudio">
<UniqueIdentifier>{01f93dd9-1236-338a-b2fd-a9cb1272a28b}</UniqueIdentifier></Filter>
<Filter Include="portaudio\19.6\portaudio\include">
<UniqueIdentifier>{5b7d7979-2b5b-3385-ac69-0947185e99b8}</UniqueIdentifier></Filter>
<Filter Include="zlib">
<UniqueIdentifier>{76502233-dbc5-3511-a0ce-193c451a7809}</UniqueIdentifier></Filter>
<Filter Include="zlib\1.2.11">
<UniqueIdentifier>{4414fd87-039d-3150-8c54-673075e3fc35}</UniqueIdentifier></Filter>
<Filter Include="zlib\1.2.11\zlib-1.2.11">
<UniqueIdentifier>{e5460bde-8f9d-32a8-85c0-c103fd4cf597}</UniqueIdentifier></Filter></ItemGroup>
<ItemGroup>
<ClCompile Include="..\..\..\..\Lawo\ember-plus\libember_slim\Source\ber.c">
<Filter>Lawo\ember-plus\libember_slim\Source</Filter></ClCompile>
<ClCompile Include="..\..\..\..\Lawo\ember-plus\libember_slim\Source\berio.c">
<Filter>Lawo\ember-plus\libember_slim\Source</Filter></ClCompile>
<ClCompile Include="..\..\..\..\Lawo\ember-plus\libember_slim\Source\berreader.c">
<Filter>Lawo\ember-plus\libember_slim\Source</Filter></ClCompile>
<ClCompile Include="..\..\..\..\Lawo\ember-plus\libember_slim\Source\bertag.c">
<Filter>Lawo\ember-plus\libember_slim\Source</Filter></ClCompile>
<ClCompile Include="..\..\..\..\Lawo\ember-plus\libember_slim\Source\bytebuffer.c">
<Filter>Lawo\ember-plus\libember_slim\Source</Filter></ClCompile>
<ClCompile Include="..\..\..\..\Lawo\ember-plus\libember_slim\Source\ember.c">
<Filter>Lawo\ember-plus\libember_slim\Source</Filter></ClCompile>
<ClCompile Include="..\..\..\..\Lawo\ember-plus\libember_slim\Source\emberasyncreader.c">
<Filter>Lawo\ember-plus\libember_slim\Source</Filter></ClCompile>
<ClCompile Include="..\..\..\..\Lawo\ember-plus\libember_slim\Source\emberframing.c">
<Filter>Lawo\ember-plus\libember_slim\Source</Filter></ClCompile>
<ClCompile Include="..\..\..\..\Lawo\ember-plus\libember_slim\Source\emberinternal.c">
<Filter>Lawo\ember-plus\libember_slim\Source</Filter></ClCompile>
<ClCompile Include="..\..\..\..\Lawo\ember-plus\libember_slim\Source\glow.c">
<Filter>Lawo\ember-plus\libember_slim\Source</Filter></ClCompile>
<ClCompile Include="..\..\..\..\Lawo\ember-plus\libember_slim\Source\glowrx.c">
<Filter>Lawo\ember-plus\libember_slim\Source</Filter></ClCompile>
<ClCompile Include="..\..\..\..\Lawo\ember-plus\libember_slim\Source\glowtx.c">
<Filter>Lawo\ember-plus\libember_slim\Source</Filter></ClCompile>
<ClCompile Include="..\..\..\frontend\pmd_studio\ember_connector\ember_connector.cpp">
<Filter>dlb_pmd\frontend\pmd_studio\ember_connector</Filter></ClCompile>
<ClCompile Include="..\..\..\frontend\pmd_studio\ember_connector\ember_controller.cpp">
<Filter>dlb_pmd\frontend\pmd_studio\ember_connector</Filter></ClCompile>
<ClCompile Include="..\..\..\frontend\pmd_studio\ember_connector\parameter_manager.cpp">
<Filter>dlb_pmd\frontend\pmd_studio\ember_connector</Filter></ClCompile>
<ClCompile Include="..\..\..\frontend\pmd_studio\ember_connector\utils\utils.cpp">
<Filter>dlb_pmd\frontend\pmd_studio\ember_connector\utils</Filter></ClCompile>
<ClCompile Include="..\..\..\frontend\pmd_studio\pmd_studio.cpp">
<Filter>dlb_pmd\frontend\pmd_studio</Filter></ClCompile>
<ClCompile Include="..\..\..\frontend\pmd_studio\pmd_studio_audio_beds.cpp">
<Filter>dlb_pmd\frontend\pmd_studio</Filter></ClCompile>
<ClCompile Include="..\..\..\frontend\pmd_studio\pmd_studio_audio_objects.cpp">
<Filter>dlb_pmd\frontend\pmd_studio</Filter></ClCompile>
<ClCompile Include="..\..\..\frontend\pmd_studio\pmd_studio_audio_outputs.cpp">
<Filter>dlb_pmd\frontend\pmd_studio</Filter></ClCompile>
<ClCompile Include="..\..\..\frontend\pmd_studio\pmd_studio_audio_presentations.cpp">
<Filter>dlb_pmd\frontend\pmd_studio</Filter></ClCompile>
<ClCompile Include="..\..\..\frontend\pmd_studio\pmd_studio_console.cpp">
<Filter>dlb_pmd\frontend\pmd_studio</Filter></ClCompile>
<ClCompile Include="..\..\..\frontend\pmd_studio\pmd_studio_console_emberplus.cpp">
<Filter>dlb_pmd\frontend\pmd_studio</Filter></ClCompile>
<ClCompile Include="..\..\..\frontend\pmd_studio\pmd_studio_device.cpp">
<Filter>dlb_pmd\frontend\pmd_studio</Filter></ClCompile>
<ClCompile Include="..\..\..\frontend\pmd_studio\pmd_studio_settings.cpp">
<Filter>dlb_pmd\frontend\pmd_studio</Filter></ClCompile>
<ClCompile Include="..\..\..\frontend\pmd_tool\pcm.c">
<Filter>dlb_pmd\frontend\pmd_tool</Filter></ClCompile>
<ClCompile Include="..\..\..\frontend\pmd_tool\pmd_tool.c">
<Filter>dlb_pmd\frontend\pmd_tool</Filter></ClCompile>
<ClCompile Include="..\..\..\frontend\pmd_tool\pmd_tool_klv.c">
<Filter>dlb_pmd\frontend\pmd_tool</Filter></ClCompile>
<ClCompile Include="..\..\..\frontend\pmd_tool\xml.c">
<Filter>dlb_pmd\frontend\pmd_tool</Filter></ClCompile>
<ClCompile Include="..\..\..\os\windows\pmd_ctrl_c.c">
<Filter>dlb_pmd\os\windows</Filter></ClCompile>
<ClCompile Include="..\..\..\src\api\dlb_pmd.c">
<Filter>dlb_pmd\src\api</Filter></ClCompile>
<ClCompile Include="..\..\..\src\api\dlb_pmd_api_read.c">
<Filter>dlb_pmd\src\api</Filter></ClCompile>
<ClCompile Include="..\..\..\src\api\dlb_pmd_api_write.c">
<Filter>dlb_pmd\src\api</Filter></ClCompile>
<ClCompile Include="..\..\..\src\api\dlb_pmd_equal.c">
<Filter>dlb_pmd\src\api</Filter></ClCompile>
<ClCompile Include="..\..\..\src\api\dlb_pmd_metadata_set.c">
<Filter>dlb_pmd\src\api</Filter></ClCompile>
<ClCompile Include="..\..\..\src\model\pmd_language.c">
<Filter>dlb_pmd\src\model</Filter></ClCompile>
<ClCompile Include="..\..\..\src\modules\capture\pmd_capture.c">
<Filter>dlb_pmd\src\modules\capture</Filter></ClCompile>
<ClCompile Include="..\..\..\src\modules\generate\pmd_random_generator.c">
<Filter>dlb_pmd\src\modules\generate</Filter></ClCompile>
<ClCompile Include="..\..\..\src\modules\klv\pmd_crc32.c">
<Filter>dlb_pmd\src\modules\klv</Filter></ClCompile>
<ClCompile Include="..\..\..\src\modules\klv\pmd_klv_reader.c">
<Filter>dlb_pmd\src\modules\klv</Filter></ClCompile>
<ClCompile Include="..\..\..\src\modules\klv\pmd_klv_writer.c">
<Filter>dlb_pmd\src\modules\klv</Filter></ClCompile>
<ClCompile Include="..\..\..\src\modules\pcm\pmd_bitstream.c">
<Filter>dlb_pmd\src\modules\pcm</Filter></ClCompile>
<ClCompile Include="..\..\..\src\modules\pcm\pmd_pcm_augmentor.c">
<Filter>dlb_pmd\src\modules\pcm</Filter></ClCompile>
<ClCompile Include="..\..\..\src\modules\pcm\pmd_pcm_extractor.c">
<Filter>dlb_pmd\src\modules\pcm</Filter></ClCompile>
<ClCompile Include="..\..\..\src\modules\pcm\pmd_smpte_337m.c">
<Filter>dlb_pmd\src\modules\pcm</Filter></ClCompile>
<ClCompile Include="..\..\..\src\modules\pcm\sadm_bitstream_decoder.c">
<Filter>dlb_pmd\src\modules\pcm</Filter></ClCompile>
<ClCompile Include="..\..\..\src\modules\pcm\sadm_bitstream_encoder.c">
<Filter>dlb_pmd\src\modules\pcm</Filter></ClCompile>
<ClCompile Include="..\..\..\src\modules\sadm\idmap.c">
<Filter>dlb_pmd\src\modules\sadm</Filter></ClCompile>
<ClCompile Include="..\..\..\src\modules\sadm\pmd_sadm_generator.c">
<Filter>dlb_pmd\src\modules\sadm</Filter></ClCompile>
<ClCompile Include="..\..\..\src\modules\sadm\pmd_sadm_ingester.c">
<Filter>dlb_pmd\src\modules\sadm</Filter></ClCompile>
<ClCompile Include="..\..\..\src\modules\sadm\pmd_sadm_read_file.c">
<Filter>dlb_pmd\src\modules\sadm</Filter></ClCompile>
<ClCompile Include="..\..\..\src\modules\sadm\pmd_sadm_read_string.c">
<Filter>dlb_pmd\src\modules\sadm</Filter></ClCompile>
<ClCompile Include="..\..\..\src\modules\sadm\pmd_sadm_reader.c">
<Filter>dlb_pmd\src\modules\sadm</Filter></ClCompile>
<ClCompile Include="..\..\..\src\modules\sadm\pmd_sadm_write_file.c">
<Filter>dlb_pmd\src\modules\sadm</Filter></ClCompile>
<ClCompile Include="..\..\..\src\modules\sadm\pmd_sadm_write_string.c">
<Filter>dlb_pmd\src\modules\sadm</Filter></ClCompile>
<ClCompile Include="..\..\..\src\modules\sadm\pmd_sadm_writer.c">
<Filter>dlb_pmd\src\modules\sadm</Filter></ClCompile>
<ClCompile Include="..\..\..\src\modules\sadm\sadm\dlb_sadm_common_definitions.c">
<Filter>dlb_pmd\src\modules\sadm\sadm</Filter></ClCompile>
<ClCompile Include="..\..\..\src\modules\sadm\sadm\dlb_sadm_model.c">
<Filter>dlb_pmd\src\modules\sadm\sadm</Filter></ClCompile>
<ClCompile Include="..\..\..\src\modules\sadm\sadm\dlb_sadm_read_file.c">
<Filter>dlb_pmd\src\modules\sadm\sadm</Filter></ClCompile>
<ClCompile Include="..\..\..\src\modules\sadm\sadm\dlb_sadm_read_string.c">
<Filter>dlb_pmd\src\modules\sadm\sadm</Filter></ClCompile>
<ClCompile Include="..\..\..\src\modules\sadm\sadm\dlb_sadm_reader.c">
<Filter>dlb_pmd\src\modules\sadm\sadm</Filter></ClCompile>
<ClCompile Include="..\..\..\src\modules\sadm\sadm\dlb_sadm_write_file.c">
<Filter>dlb_pmd\src\modules\sadm\sadm</Filter></ClCompile>
<ClCompile Include="..\..\..\src\modules\sadm\sadm\dlb_sadm_write_string.c">
<Filter>dlb_pmd\src\modules\sadm\sadm</Filter></ClCompile>
<ClCompile Include="..\..\..\src\modules\sadm\sadm\dlb_sadm_writer.c">
<Filter>dlb_pmd\src\modules\sadm\sadm</Filter></ClCompile>
<ClCompile Include="..\..\..\src\modules\sadm\sadm\idrefs.c">
<Filter>dlb_pmd\src\modules\sadm\sadm</Filter></ClCompile>
<ClCompile Include="..\..\..\src\modules\sadm\sadm\lookup3.c">
<Filter>dlb_pmd\src\modules\sadm\sadm</Filter></ClCompile>
<ClCompile Include="..\..\..\src\modules\xml\pmd_xml_read_file.c">
<Filter>dlb_pmd\src\modules\xml</Filter></ClCompile>
<ClCompile Include="..\..\..\src\modules\xml\pmd_xml_read_string.c">
<Filter>dlb_pmd\src\modules\xml</Filter></ClCompile>
<ClCompile Include="..\..\..\src\modules\xml\pmd_xml_reader.c">
<Filter>dlb_pmd\src\modules\xml</Filter></ClCompile>
<ClCompile Include="..\..\..\src\modules\xml\pmd_xml_write_file.c">
<Filter>dlb_pmd\src\modules\xml</Filter></ClCompile>
<ClCompile Include="..\..\..\src\modules\xml\pmd_xml_write_string.c">
<Filter>dlb_pmd\src\modules\xml</Filter></ClCompile>
<ClCompile Include="..\..\..\src\modules\xml\pmd_xml_writer.c">
<Filter>dlb_pmd\src\modules\xml</Filter></ClCompile></ItemGroup>
<ItemGroup>
<ClInclude Include="..\..\..\..\Lawo\ember-plus\libember_slim\Source\api.h">
<Filter>Lawo\ember-plus\libember_slim\Source</Filter></ClInclude>
<ClInclude Include="..\..\..\..\Lawo\ember-plus\libember_slim\Source\ber.h">
<Filter>Lawo\ember-plus\libember_slim\Source</Filter></ClInclude>
<ClInclude Include="..\..\..\..\Lawo\ember-plus\libember_slim\Source\berio.h">
<Filter>Lawo\ember-plus\libember_slim\Source</Filter></ClInclude>
<ClInclude Include="..\..\..\..\Lawo\ember-plus\libember_slim\Source\berreader.h">
<Filter>Lawo\ember-plus\libember_slim\Source</Filter></ClInclude>
<ClInclude Include="..\..\..\..\Lawo\ember-plus\libember_slim\Source\bertag.h">
<Filter>Lawo\ember-plus\libember_slim\Source</Filter></ClInclude>
<ClInclude Include="..\..\..\..\Lawo\ember-plus\libember_slim\Source\bertypes.h">
<Filter>Lawo\ember-plus\libember_slim\Source</Filter></ClInclude>
<ClInclude Include="..\..\..\..\Lawo\ember-plus\libember_slim\Source\bytebuffer.h">
<Filter>Lawo\ember-plus\libember_slim\Source</Filter></ClInclude>
<ClInclude Include="..\..\..\..\Lawo\ember-plus\libember_slim\Source\ember.h">
<Filter>Lawo\ember-plus\libember_slim\Source</Filter></ClInclude>
<ClInclude Include="..\..\..\..\Lawo\ember-plus\libember_slim\Source\emberasyncreader.h">
<Filter>Lawo\ember-plus\libember_slim\Source</Filter></ClInclude>
<ClInclude Include="..\..\..\..\Lawo\ember-plus\libember_slim\Source\emberframing.h">
<Filter>Lawo\ember-plus\libember_slim\Source</Filter></ClInclude>
<ClInclude Include="..\..\..\..\Lawo\ember-plus\libember_slim\Source\emberinternal.h">
<Filter>Lawo\ember-plus\libember_slim\Source</Filter></ClInclude>
<ClInclude Include="..\..\..\..\Lawo\ember-plus\libember_slim\Source\emberplus.h">
<Filter>Lawo\ember-plus\libember_slim\Source</Filter></ClInclude>
<ClInclude Include="..\..\..\..\Lawo\ember-plus\libember_slim\Source\glow.h">
<Filter>Lawo\ember-plus\libember_slim\Source</Filter></ClInclude>
<ClInclude Include="..\..\..\..\Lawo\ember-plus\libember_slim\Source\glowrx.h">
<Filter>Lawo\ember-plus\libember_slim\Source</Filter></ClInclude>
<ClInclude Include="..\..\..\..\Lawo\ember-plus\libember_slim\Source\glowtx.h">
<Filter>Lawo\ember-plus\libember_slim\Source</Filter></ClInclude>
<ClInclude Include="..\..\..\frontend\pcm_vsync_timer.h">
<Filter>dlb_pmd\frontend</Filter></ClInclude>
<ClInclude Include="..\..\..\frontend\pmd_studio\am824_framer.h">
<Filter>dlb_pmd\frontend\pmd_studio</Filter></ClInclude>
<ClInclude Include="..\..\..\frontend\pmd_studio\ember_connector\ember_connector.h">
<Filter>dlb_pmd\frontend\pmd_studio\ember_connector</Filter></ClInclude>
<ClInclude Include="..\..\..\frontend\pmd_studio\ember_connector\ember_controller.h">
<Filter>dlb_pmd\frontend\pmd_studio\ember_connector</Filter></ClInclude>
<ClInclude Include="..\..\..\frontend\pmd_studio\ember_connector\ember_definitions.h">
<Filter>dlb_pmd\frontend\pmd_studio\ember_connector</Filter></ClInclude>
<ClInclude Include="..\..\..\frontend\pmd_studio\ember_connector\parameter_manager.h">
<Filter>dlb_pmd\frontend\pmd_studio\ember_connector</Filter></ClInclude>
<ClInclude Include="..\..\..\frontend\pmd_studio\ember_connector\utils\utils.h">
<Filter>dlb_pmd\frontend\pmd_studio\ember_connector\utils</Filter></ClInclude>
<ClInclude Include="..\..\..\frontend\pmd_studio\model.h">
<Filter>dlb_pmd\frontend\pmd_studio</Filter></ClInclude>
<ClInclude Include="..\..\..\frontend\pmd_studio\pmd_studio.h">
<Filter>dlb_pmd\frontend\pmd_studio</Filter></ClInclude>
<ClInclude Include="..\..\..\frontend\pmd_studio\pmd_studio_audio_beds.h">
<Filter>dlb_pmd\frontend\pmd_studio</Filter></ClInclude>
<ClInclude Include="..\..\..\frontend\pmd_studio\pmd_studio_audio_objects.h">
<Filter>dlb_pmd\frontend\pmd_studio</Filter></ClInclude>
<ClInclude Include="..\..\..\frontend\pmd_studio\pmd_studio_audio_outputs.h">
<Filter>dlb_pmd\frontend\pmd_studio</Filter></ClInclude>
<ClInclude Include="..\..\..\frontend\pmd_studio\pmd_studio_audio_presentations.h">
<Filter>dlb_pmd\frontend\pmd_studio</Filter></ClInclude>
<ClInclude Include="..\..\..\frontend\pmd_studio\pmd_studio_console.h">
<Filter>dlb_pmd\frontend\pmd_studio</Filter></ClInclude>
<ClInclude Include="..\..\..\frontend\pmd_studio\pmd_studio_console_emberplus.h">
<Filter>dlb_pmd\frontend\pmd_studio</Filter></ClInclude>
<ClInclude Include="..\..\..\frontend\pmd_studio\pmd_studio_device.h">
<Filter>dlb_pmd\frontend\pmd_studio</Filter></ClInclude>
<ClInclude Include="..\..\..\frontend\pmd_studio\pmd_studio_file_menu.h">
<Filter>dlb_pmd\frontend\pmd_studio</Filter></ClInclude>
<ClInclude Include="..\..\..\frontend\pmd_studio\pmd_studio_limits.h">
<Filter>dlb_pmd\frontend\pmd_studio</Filter></ClInclude>
<ClInclude Include="..\..\..\frontend\pmd_studio\pmd_studio_settings.h">
<Filter>dlb_pmd\frontend\pmd_studio</Filter></ClInclude>
<ClInclude Include="..\..\..\frontend\pmd_tool\pcm.h">
<Filter>dlb_pmd\frontend\pmd_tool</Filter></ClInclude>
<ClInclude Include="..\..\..\frontend\pmd_tool\pmd_tool.h">
<Filter>dlb_pmd\frontend\pmd_tool</Filter></ClInclude>
<ClInclude Include="..\..\..\frontend\pmd_tool\pmd_tool_build_version.h">
<Filter>dlb_pmd\frontend\pmd_tool</Filter></ClInclude>
<ClInclude Include="..\..\..\frontend\pmd_tool\pmd_tool_klv.h">
<Filter>dlb_pmd\frontend\pmd_tool</Filter></ClInclude>
<ClInclude Include="..\..\..\frontend\pmd_tool\xml.h">
<Filter>dlb_pmd\frontend\pmd_tool</Filter></ClInclude>
<ClInclude Include="..\..\..\include\dlb_pmd_api.h">
<Filter>dlb_pmd\include</Filter></ClInclude>
<ClInclude Include="..\..\..\include\dlb_pmd_capture.h">
<Filter>dlb_pmd\include</Filter></ClInclude>
<ClInclude Include="..\..\..\include\dlb_pmd_generate.h">
<Filter>dlb_pmd\include</Filter></ClInclude>
<ClInclude Include="..\..\..\include\dlb_pmd_klv.h">
<Filter>dlb_pmd\include</Filter></ClInclude>
<ClInclude Include="..\..\..\include\dlb_pmd_lib_dll.h">
<Filter>dlb_pmd\include</Filter></ClInclude>
<ClInclude Include="..\..\..\include\dlb_pmd_pcm.h">
<Filter>dlb_pmd\include</Filter></ClInclude>
<ClInclude Include="..\..\..\include\dlb_pmd_sadm.h">
<Filter>dlb_pmd\include</Filter></ClInclude>
<ClInclude Include="..\..\..\include\dlb_pmd_sadm_file.h">
<Filter>dlb_pmd\include</Filter></ClInclude>
<ClInclude Include="..\..\..\include\dlb_pmd_types.h">
<Filter>dlb_pmd\include</Filter></ClInclude>
<ClInclude Include="..\..\..\include\dlb_pmd_xml.h">
<Filter>dlb_pmd\include</Filter></ClInclude>
<ClInclude Include="..\..\..\include\dlb_pmd_xml_file.h">
<Filter>dlb_pmd\include</Filter></ClInclude>
<ClInclude Include="..\..\..\include\dlb_pmd_xml_string.h">
<Filter>dlb_pmd\include</Filter></ClInclude>
<ClInclude Include="..\..\..\include\sadm\dlb_sadm_file.h">
<Filter>dlb_pmd\include\sadm</Filter></ClInclude>
<ClInclude Include="..\..\..\include\sadm\dlb_sadm_model.h">
<Filter>dlb_pmd\include\sadm</Filter></ClInclude>
<ClInclude Include="..\..\..\include\sadm\dlb_sadm_model_type.h">
<Filter>dlb_pmd\include\sadm</Filter></ClInclude>
<ClInclude Include="..\..\..\include\sadm\dlb_sadm_reader.h">
<Filter>dlb_pmd\include\sadm</Filter></ClInclude>
<ClInclude Include="..\..\..\include\sadm\dlb_sadm_string.h">
<Filter>dlb_pmd\include\sadm</Filter></ClInclude>
<ClInclude Include="..\..\..\include\sadm\dlb_sadm_writer.h">
<Filter>dlb_pmd\include\sadm</Filter></ClInclude>
<ClInclude Include="..\..\..\os\pmd_os.h">
<Filter>dlb_pmd\os</Filter></ClInclude>
<ClInclude Include="..\..\..\src\api\dlb_pmd_api_version.h">
<Filter>dlb_pmd\src\api</Filter></ClInclude>
<ClInclude Include="..\..\..\src\model\pmd_abd_aod.h">
<Filter>dlb_pmd\src\model</Filter></ClInclude>
<ClInclude Include="..\..\..\src\model\pmd_aen.h">
<Filter>dlb_pmd\src\model</Filter></ClInclude>
<ClInclude Include="..\..\..\src\model\pmd_apd.h">
<Filter>dlb_pmd\src\model</Filter></ClInclude>
<ClInclude Include="..\..\..\src\model\pmd_apn.h">
<Filter>dlb_pmd\src\model</Filter></ClInclude>
<ClInclude Include="..\..\..\src\model\pmd_bitstream_version.h">
<Filter>dlb_pmd\src\model</Filter></ClInclude>
<ClInclude Include="..\..\..\src\model\pmd_channels.h">
<Filter>dlb_pmd\src\model</Filter></ClInclude>
<ClInclude Include="..\..\..\src\model\pmd_eep.h">
<Filter>dlb_pmd\src\model</Filter></ClInclude>
<ClInclude Include="..\..\..\src\model\pmd_error_helper.h">
<Filter>dlb_pmd\src\model</Filter></ClInclude>
<ClInclude Include="..\..\..\src\model\pmd_esd.h">
<Filter>dlb_pmd\src\model</Filter></ClInclude>
<ClInclude Include="..\..\..\src\model\pmd_etd.h">
<Filter>dlb_pmd\src\model</Filter></ClInclude>
<ClInclude Include="..\..\..\src\model\pmd_hed.h">
<Filter>dlb_pmd\src\model</Filter></ClInclude>
<ClInclude Include="..\..\..\src\model\pmd_iat.h">
<Filter>dlb_pmd\src\model</Filter></ClInclude>
<ClInclude Include="..\..\..\src\model\pmd_idmap.h">
<Filter>dlb_pmd\src\model</Filter></ClInclude>
<ClInclude Include="..\..\..\src\model\pmd_language.h">
<Filter>dlb_pmd\src\model</Filter></ClInclude>
<ClInclude Include="..\..\..\src\model\pmd_model.h">
<Filter>dlb_pmd\src\model</Filter></ClInclude>
<ClInclude Include="..\..\..\src\model\pmd_pld.h">
<Filter>dlb_pmd\src\model</Filter></ClInclude>
<ClInclude Include="..\..\..\src\model\pmd_profile.h">
<Filter>dlb_pmd\src\model</Filter></ClInclude>
<ClInclude Include="..\..\..\src\model\pmd_signals.h">
<Filter>dlb_pmd\src\model</Filter></ClInclude>
<ClInclude Include="..\..\..\src\model\pmd_smpte2109.h">
<Filter>dlb_pmd\src\model</Filter></ClInclude>
<ClInclude Include="..\..\..\src\model\pmd_strings.h">
<Filter>dlb_pmd\src\model</Filter></ClInclude>
<ClInclude Include="..\..\..\src\model\pmd_types.h">
<Filter>dlb_pmd\src\model</Filter></ClInclude>
<ClInclude Include="..\..\..\src\model\pmd_xyz.h">
<Filter>dlb_pmd\src\model</Filter></ClInclude>
<ClInclude Include="..\..\..\src\model\pmd_xyz_set.h">
<Filter>dlb_pmd\src\model</Filter></ClInclude>
<ClInclude Include="..\..\..\src\modules\generate\prng_kiss.h">
<Filter>dlb_pmd\src\modules\generate</Filter></ClInclude>
<ClInclude Include="..\..\..\src\modules\klv\klv.h">
<Filter>dlb_pmd\src\modules\klv</Filter></ClInclude>
<ClInclude Include="..\..\..\src\modules\klv\klv_abd.h">
<Filter>dlb_pmd\src\modules\klv</Filter></ClInclude>
<ClInclude Include="..\..\..\src\modules\klv\klv_aen.h">
<Filter>dlb_pmd\src\modules\klv</Filter></ClInclude>
<ClInclude Include="..\..\..\src\modules\klv\klv_aod.h">
<Filter>dlb_pmd\src\modules\klv</Filter></ClInclude>
<ClInclude Include="..\..\..\src\modules\klv\klv_apd.h">
<Filter>dlb_pmd\src\modules\klv</Filter></ClInclude>
<ClInclude Include="..\..\..\src\modules\klv\klv_apn.h">
<Filter>dlb_pmd\src\modules\klv</Filter></ClInclude>
<ClInclude Include="..\..\..\src\modules\klv\klv_bitfield_helpers.h">
<Filter>dlb_pmd\src\modules\klv</Filter></ClInclude>
<ClInclude Include="..\..\..\src\modules\klv\klv_container_config.h">
<Filter>dlb_pmd\src\modules\klv</Filter></ClInclude>
<ClInclude Include="..\..\..\src\modules\klv\klv_eep.h">
<Filter>dlb_pmd\src\modules\klv</Filter></ClInclude>
<ClInclude Include="..\..\..\src\modules\klv\klv_esd.h">
<Filter>dlb_pmd\src\modules\klv</Filter></ClInclude>
<ClInclude Include="..\..\..\src\modules\klv\klv_esn.h">
<Filter>dlb_pmd\src\modules\klv</Filter></ClInclude>
<ClInclude Include="..\..\..\src\modules\klv\klv_etd.h">
<Filter>dlb_pmd\src\modules\klv</Filter></ClInclude>
<ClInclude Include="..\..\..\src\modules\klv\klv_hed.h">
<Filter>dlb_pmd\src\modules\klv</Filter></ClInclude>
<ClInclude Include="..\..\..\src\modules\klv\klv_iat.h">
<Filter>dlb_pmd\src\modules\klv</Filter></ClInclude>
<ClInclude Include="..\..\..\src\modules\klv\klv_pld.h">
<Filter>dlb_pmd\src\modules\klv</Filter></ClInclude>
<ClInclude Include="..\..\..\src\modules\klv\klv_reader.h">
<Filter>dlb_pmd\src\modules\klv</Filter></ClInclude>
<ClInclude Include="..\..\..\src\modules\klv\klv_speaker_config.h">
<Filter>dlb_pmd\src\modules\klv</Filter></ClInclude>
<ClInclude Include="..\..\..\src\modules\klv\klv_version.h">
<Filter>dlb_pmd\src\modules\klv</Filter></ClInclude>
<ClInclude Include="..\..\..\src\modules\klv\klv_writer.h">
<Filter>dlb_pmd\src\modules\klv</Filter></ClInclude>
<ClInclude Include="..\..\..\src\modules\klv\klv_xyz.h">
<Filter>dlb_pmd\src\modules\klv</Filter></ClInclude>
<ClInclude Include="..\..\..\src\modules\klv\pmd_crc32.h">
<Filter>dlb_pmd\src\modules\klv</Filter></ClInclude>
<ClInclude Include="..\..\..\src\modules\pcm\pmd_bitstream.h">
<Filter>dlb_pmd\src\modules\pcm</Filter></ClInclude>
<ClInclude Include="..\..\..\src\modules\pcm\pmd_smpte_337m.h">
<Filter>dlb_pmd\src\modules\pcm</Filter></ClInclude>
<ClInclude Include="..\..\..\src\modules\pcm\sadm_bitstream_decoder.h">
<Filter>dlb_pmd\src\modules\pcm</Filter></ClInclude>
<ClInclude Include="..\..\..\src\modules\pcm\sadm_bitstream_encoder.h">
<Filter>dlb_pmd\src\modules\pcm</Filter></ClInclude>
<ClInclude Include="..\..\..\src\modules\sadm\idmap.h">
<Filter>dlb_pmd\src\modules\sadm</Filter></ClInclude>
<ClInclude Include="..\..\..\src\modules\sadm\pmd_sadm_generator.h">
<Filter>dlb_pmd\src\modules\sadm</Filter></ClInclude>
<ClInclude Include="..\..\..\src\modules\sadm\pmd_sadm_ingester.h">
<Filter>dlb_pmd\src\modules\sadm</Filter></ClInclude>
<ClInclude Include="..\..\..\src\modules\sadm\sadm\dlb_sadm_common_definitions.h">
<Filter>dlb_pmd\src\modules\sadm\sadm</Filter></ClInclude>
<ClInclude Include="..\..\..\src\modules\sadm\sadm\idrefs.h">
<Filter>dlb_pmd\src\modules\sadm\sadm</Filter></ClInclude>
<ClInclude Include="..\..\..\src\modules\sadm\sadm\lookup3.h">
<Filter>dlb_pmd\src\modules\sadm\sadm</Filter></ClInclude>
<ClInclude Include="..\..\..\src\modules\sadm\sadm\memstuff.h">
<Filter>dlb_pmd\src\modules\sadm\sadm</Filter></ClInclude>
<ClInclude Include="..\..\..\src\modules\xml\parser_tagstack.h">
<Filter>dlb_pmd\src\modules\xml</Filter></ClInclude>
<ClInclude Include="..\..\..\src\modules\xml\xml_ad_id.h">
<Filter>dlb_pmd\src\modules\xml</Filter></ClInclude>
<ClInclude Include="..\..\..\src\modules\xml\xml_cdata.h">
<Filter>dlb_pmd\src\modules\xml</Filter></ClInclude>
<ClInclude Include="..\..\..\src\modules\xml\xml_eidr.h">
<Filter>dlb_pmd\src\modules\xml</Filter></ClInclude>
<ClInclude Include="..\..\..\src\modules\xml\xml_hex.h">
<Filter>dlb_pmd\src\modules\xml</Filter></ClInclude>
<ClInclude Include="..\..\..\src\modules\xml\xml_uuid.h">
<Filter>dlb_pmd\src\modules\xml</Filter></ClInclude>
<ClInclude Include="..\..\..\..\dlb_socket\0.1\dlb_socket\include\dlb_http_client.h">
<Filter>dlb_socket\0.1\dlb_socket\include</Filter></ClInclude>
<ClInclude Include="..\..\..\..\dlb_socket\0.1\dlb_socket\include\dlb_http_server.h">
<Filter>dlb_socket\0.1\dlb_socket\include</Filter></ClInclude>
<ClInclude Include="..\..\..\..\dlb_socket\0.1\dlb_socket\include\dlb_socket.h">
<Filter>dlb_socket\0.1\dlb_socket\include</Filter></ClInclude>
<ClInclude Include="..\..\..\..\dlb_socket\0.1\dlb_socket\include\win32\dlb_socket_os_impl.h">
<Filter>dlb_socket\0.1\dlb_socket\include\win32</Filter></ClInclude>
<ClInclude Include="..\..\..\..\dlb_wave\1.6\dlb_wave\include\dlb_riff.h">
<Filter>dlb_wave\1.6\dlb_wave\include</Filter></ClInclude>
<ClInclude Include="..\..\..\..\dlb_wave\1.6\dlb_wave\include\dlb_wave.h">
<Filter>dlb_wave\1.6\dlb_wave\include</Filter></ClInclude>
<ClInclude Include="..\..\..\..\dlb_xmllib\1.0.4\dlb_xml\include\dlb_xml.h">
<Filter>dlb_xmllib\1.0.4\dlb_xml\include</Filter></ClInclude>
<ClInclude Include="..\..\..\..\libui\alpha_4.1\libui\ui.h">
<Filter>libui\alpha_4.1\libui</Filter></ClInclude>
<ClInclude Include="..\..\..\..\libui\alpha_4.1\libui\ui_windows.h">
<Filter>libui\alpha_4.1\libui</Filter></ClInclude>
<ClInclude Include="..\..\..\..\portaudio\19.6\portaudio\include\pa_asio.h">
<Filter>portaudio\19.6\portaudio\include</Filter></ClInclude>
<ClInclude Include="..\..\..\..\portaudio\19.6\portaudio\include\pa_callback.h">
<Filter>portaudio\19.6\portaudio\include</Filter></ClInclude>
<ClInclude Include="..\..\..\..\portaudio\19.6\portaudio\include\pa_jack.h">
<Filter>portaudio\19.6\portaudio\include</Filter></ClInclude>
<ClInclude Include="..\..\..\..\portaudio\19.6\portaudio\include\pa_linux_alsa.h">
<Filter>portaudio\19.6\portaudio\include</Filter></ClInclude>
<ClInclude Include="..\..\..\..\portaudio\19.6\portaudio\include\pa_mac_core.h">
<Filter>portaudio\19.6\portaudio\include</Filter></ClInclude>
<ClInclude Include="..\..\..\..\portaudio\19.6\portaudio\include\pa_win_ds.h">
<Filter>portaudio\19.6\portaudio\include</Filter></ClInclude>
<ClInclude Include="..\..\..\..\portaudio\19.6\portaudio\include\pa_win_wasapi.h">
<Filter>portaudio\19.6\portaudio\include</Filter></ClInclude>
<ClInclude Include="..\..\..\..\portaudio\19.6\portaudio\include\pa_win_waveformat.h">
<Filter>portaudio\19.6\portaudio\include</Filter></ClInclude>
<ClInclude Include="..\..\..\..\portaudio\19.6\portaudio\include\pa_win_wdmks.h">
<Filter>portaudio\19.6\portaudio\include</Filter></ClInclude>
<ClInclude Include="..\..\..\..\portaudio\19.6\portaudio\include\pa_win_wmme.h">
<Filter>portaudio\19.6\portaudio\include</Filter></ClInclude>
<ClInclude Include="..\..\..\..\portaudio\19.6\portaudio\include\portaudio.h">
<Filter>portaudio\19.6\portaudio\include</Filter></ClInclude>
<ClInclude Include="..\..\..\..\zlib\1.2.11\zlib-1.2.11\zconf.h">
<Filter>zlib\1.2.11\zlib-1.2.11</Filter></ClInclude>
<ClInclude Include="..\..\..\..\zlib\1.2.11\zlib-1.2.11\zlib.h">
<Filter>zlib\1.2.11\zlib-1.2.11</Filter></ClInclude></ItemGroup>
<ItemGroup />
<ItemGroup />
<ItemGroup />
<ItemGroup /></Project>
