<?xml version="1.0" encoding="utf-8"?>
<Project ToolsVersion="4.0" xmlns="http://schemas.microsoft.com/developer/msbuild/2003">
<ItemGroup>
<Filter Include="dlb_xmllib">
<UniqueIdentifier>{fd06a165-b9d1-36c3-ab49-ed13ebce39b5}</UniqueIdentifier></Filter>
<Filter Include="dlb_xmllib\1.0.4">
<UniqueIdentifier>{cfab6771-56e3-3596-b691-1369a405316b}</UniqueIdentifier></Filter>
<Filter Include="dlb_xmllib\1.0.4\dlb_xml">
<UniqueIdentifier>{ec54b9f7-79ca-3210-b04c-ca684129f4ca}</UniqueIdentifier></Filter>
<Filter Include="dlb_xmllib\1.0.4\dlb_xml\frontend">
<UniqueIdentifier>{39f11696-2fd3-3419-84c2-fb0aff22016a}</UniqueIdentifier></Filter>
<Filter Include="dlb_xmllib\1.0.4\dlb_xml\include">
<UniqueIdentifier>{96eafc49-ebe7-3bb3-8da3-9b1bc05a13fe}</UniqueIdentifier></Filter>
<Filter Include="dlb_xmllib\1.0.4\dlb_xml\src">
<UniqueIdentifier>{b46e8a5a-4aa9-3519-8c34-73de0554feef}</UniqueIdentifier></Filter></ItemGroup>
<ItemGroup>
<ClCompile Include="..\..\..\frontend\xml_trace.c">
<Filter>dlb_xmllib\1.0.4\dlb_xml\frontend</Filter></ClCompile>
<ClCompile Include="..\..\..\src\dlb_xml.c">
<Filter>dlb_xmllib\1.0.4\dlb_xml\src</Filter></ClCompile></ItemGroup>
<ItemGroup>
<ClInclude Include="..\..\..\include\dlb_xml.h">
<Filter>dlb_xmllib\1.0.4\dlb_xml\include</Filter></ClInclude></ItemGroup>
<ItemGroup />
<ItemGroup />
<ItemGroup />
<ItemGroup /></Project>
