Microsoft Visual Studio Solution File, Format Version 12.00
# Visual Studio 2013
Project("{8BC9CEB8-8B4A-11D0-8D11-00A0C91BC942}") = "dlb_xml_trace", "dlb_xml_trace_2013.vcxproj", "{64783089-73C6-352A-B551-5D33A8DFB097}"
EndProject
Global
	GlobalSection(SolutionConfigurationPlatforms) = preSolution
		debug|Win32 = debug|Win32
		release|Win32 = release|Win32
	EndGlobalSection
	GlobalSection(ProjectConfigurationPlatforms) = postSolution
		{64783089-73C6-352A-B551-5D33A8DFB097}.debug|Win32.ActiveCfg = debug|Win32
		{64783089-73C6-352A-B551-5D33A8DFB097}.debug|Win32.Build.0 = debug|Win32
		{64783089-73C6-352A-B551-5D33A8DFB097}.release|Win32.ActiveCfg = release|Win32
		{64783089-73C6-352A-B551-5D33A8DFB097}.release|Win32.Build.0 = release|Win32
	EndGlobalSection
	GlobalSection(SolutionProperties) = preSolution
		HideSolutionNode = FALSE
	EndGlobalSection
EndGlobal
