<?xml version="1.0" encoding="utf-8"?>
<Project ToolsVersion="4.0" xmlns="http://schemas.microsoft.com/developer/msbuild/2003">
<ItemGroup>
<Filter Include="xerces">
<UniqueIdentifier>{e75b11d6-8383-3d64-a46a-c8abf384eca1}</UniqueIdentifier></Filter>
<Filter Include="xerces\xerces-c-3.2.0">
<UniqueIdentifier>{a5878a8c-7b28-3ff6-a092-c0323780c08b}</UniqueIdentifier></Filter>
<Filter Include="xerces\xerces-c-3.2.0\src">
<UniqueIdentifier>{fe210c57-300e-3233-b544-f82dbb48180c}</UniqueIdentifier></Filter>
<Filter Include="xerces\xerces-c-3.2.0\src\xercesc">
<UniqueIdentifier>{ada1031f-f618-3e7a-953f-f658826250cb}</UniqueIdentifier></Filter>
<Filter Include="xerces\xerces-c-3.2.0\src\xercesc\dom">
<UniqueIdentifier>{190b3ba8-898d-377f-8536-d579fa1c3d81}</UniqueIdentifier></Filter>
<Filter Include="xerces\xerces-c-3.2.0\src\xercesc\dom\impl">
<UniqueIdentifier>{99685aa5-2bcf-3cb4-aedd-e1bef4e92e4c}</UniqueIdentifier></Filter>
<Filter Include="xerces\xerces-c-3.2.0\src\xercesc\framework">
<UniqueIdentifier>{66e0cec7-c324-3036-a4ee-4ce5cf840a3e}</UniqueIdentifier></Filter>
<Filter Include="xerces\xerces-c-3.2.0\src\xercesc\framework\psvi">
<UniqueIdentifier>{c7a49e43-5b57-3dac-8341-2eca9f1a5b50}</UniqueIdentifier></Filter>
<Filter Include="xerces\xerces-c-3.2.0\src\xercesc\internal">
<UniqueIdentifier>{c6bac2cf-e6ed-385a-97ae-6f6837a61ae2}</UniqueIdentifier></Filter>
<Filter Include="xerces\xerces-c-3.2.0\src\xercesc\parsers">
<UniqueIdentifier>{75141ab4-e18f-395f-b4ae-f25ba9436359}</UniqueIdentifier></Filter>
<Filter Include="xerces\xerces-c-3.2.0\src\xercesc\sax2">
<UniqueIdentifier>{2687a413-8da5-3ad8-a553-f7dcea070bea}</UniqueIdentifier></Filter>
<Filter Include="xerces\xerces-c-3.2.0\src\xercesc\sax">
<UniqueIdentifier>{c0bd5580-bc6f-3180-bfa1-38312bedd599}</UniqueIdentifier></Filter>
<Filter Include="xerces\xerces-c-3.2.0\src\xercesc\util">
<UniqueIdentifier>{451b4555-8f0c-3c7d-bc54-aecbfe51b864}</UniqueIdentifier></Filter>
<Filter Include="xerces\xerces-c-3.2.0\src\xercesc\util\FileManagers">
<UniqueIdentifier>{961c3ff4-5657-34d9-b45f-b1424016bdbc}</UniqueIdentifier></Filter>
<Filter Include="xerces\xerces-c-3.2.0\src\xercesc\util\MsgLoaders">
<UniqueIdentifier>{0665250f-d833-3928-8867-186a34118fe4}</UniqueIdentifier></Filter>
<Filter Include="xerces\xerces-c-3.2.0\src\xercesc\util\MsgLoaders\InMemory">
<UniqueIdentifier>{f7d83a9f-4135-3419-96fa-b45bae884c90}</UniqueIdentifier></Filter>
<Filter Include="xerces\xerces-c-3.2.0\src\xercesc\util\MsgLoaders\Win32">
<UniqueIdentifier>{fc007519-2e31-3235-b7cc-bed00cdeb7fc}</UniqueIdentifier></Filter>
<Filter Include="xerces\xerces-c-3.2.0\src\xercesc\util\MutexManagers">
<UniqueIdentifier>{3874e4cb-9ca0-3833-af5c-1fd0ed299d49}</UniqueIdentifier></Filter>
<Filter Include="xerces\xerces-c-3.2.0\src\xercesc\util\NetAccessors">
<UniqueIdentifier>{e57e6a7d-7e79-320b-8dde-3377c42cc529}</UniqueIdentifier></Filter>
<Filter Include="xerces\xerces-c-3.2.0\src\xercesc\util\NetAccessors\WinSock">
<UniqueIdentifier>{8ba05902-a58e-3e6b-9b2c-77b57ad156d3}</UniqueIdentifier></Filter>
<Filter Include="xerces\xerces-c-3.2.0\src\xercesc\util\Transcoders">
<UniqueIdentifier>{04d208d3-b38f-3495-926b-0112991fbab2}</UniqueIdentifier></Filter>
<Filter Include="xerces\xerces-c-3.2.0\src\xercesc\util\Transcoders\Win32">
<UniqueIdentifier>{8d172cc2-1e23-34f3-8cd2-1a0ebb483bb5}</UniqueIdentifier></Filter>
<Filter Include="xerces\xerces-c-3.2.0\src\xercesc\util\regx">
<UniqueIdentifier>{bac145ed-8291-35f3-adca-54d52891b989}</UniqueIdentifier></Filter>
<Filter Include="xerces\xerces-c-3.2.0\src\xercesc\validators">
<UniqueIdentifier>{4680d5f8-73b3-3824-b5b0-03f433af9877}</UniqueIdentifier></Filter>
<Filter Include="xerces\xerces-c-3.2.0\src\xercesc\validators\DTD">
<UniqueIdentifier>{dfdeb4ee-7ab1-33a4-aceb-e218d3bf61c1}</UniqueIdentifier></Filter>
<Filter Include="xerces\xerces-c-3.2.0\src\xercesc\validators\common">
<UniqueIdentifier>{0ddc8536-d1a3-3387-95f1-529eb78299b4}</UniqueIdentifier></Filter>
<Filter Include="xerces\xerces-c-3.2.0\src\xercesc\validators\datatype">
<UniqueIdentifier>{85537e1e-308a-3517-b2e0-02ed45afba08}</UniqueIdentifier></Filter>
<Filter Include="xerces\xerces-c-3.2.0\src\xercesc\validators\schema">
<UniqueIdentifier>{ea711ab1-8df6-3f2f-a8c1-9e3ea32e5db7}</UniqueIdentifier></Filter>
<Filter Include="xerces\xerces-c-3.2.0\src\xercesc\validators\schema\identity">
<UniqueIdentifier>{522696a6-5d30-3833-a539-ba0cf2eddde0}</UniqueIdentifier></Filter>
<Filter Include="xerces\xerces-c-3.2.0\src\xercesc\xinclude">
<UniqueIdentifier>{d4ccc357-f216-3bd6-aa37-24c7c42841bf}</UniqueIdentifier></Filter>
<Filter Include="xerces\xerces-c-3.2.0\windows">
<UniqueIdentifier>{06f53e02-11e8-3246-86d9-f727d60cd179}</UniqueIdentifier></Filter></ItemGroup>
<ItemGroup>
<ClCompile Include="..\..\..\src\stricmp.c">
<Filter>xerces\xerces-c-3.2.0\src</Filter></ClCompile>
<ClCompile Include="..\..\..\src\strnicmp.c">
<Filter>xerces\xerces-c-3.2.0\src</Filter></ClCompile>
<ClCompile Include="..\..\..\src\towlower.c">
<Filter>xerces\xerces-c-3.2.0\src</Filter></ClCompile>
<ClCompile Include="..\..\..\src\towupper.c">
<Filter>xerces\xerces-c-3.2.0\src</Filter></ClCompile>
<ClCompile Include="..\..\..\src\xercesc\dom\DOMException.cpp">
<Filter>xerces\xerces-c-3.2.0\src\xercesc\dom</Filter></ClCompile>
<ClCompile Include="..\..\..\src\xercesc\dom\DOMLSException.cpp">
<Filter>xerces\xerces-c-3.2.0\src\xercesc\dom</Filter></ClCompile>
<ClCompile Include="..\..\..\src\xercesc\dom\DOMRangeException.cpp">
<Filter>xerces\xerces-c-3.2.0\src\xercesc\dom</Filter></ClCompile>
<ClCompile Include="..\..\..\src\xercesc\dom\DOMXPathException.cpp">
<Filter>xerces\xerces-c-3.2.0\src\xercesc\dom</Filter></ClCompile>
<ClCompile Include="..\..\..\src\xercesc\dom\impl\DOMAttrImpl.cpp">
<Filter>xerces\xerces-c-3.2.0\src\xercesc\dom\impl</Filter></ClCompile>
<ClCompile Include="..\..\..\src\xercesc\dom\impl\DOMAttrMapImpl.cpp">
<Filter>xerces\xerces-c-3.2.0\src\xercesc\dom\impl</Filter></ClCompile>
<ClCompile Include="..\..\..\src\xercesc\dom\impl\DOMAttrNSImpl.cpp">
<Filter>xerces\xerces-c-3.2.0\src\xercesc\dom\impl</Filter></ClCompile>
<ClCompile Include="..\..\..\src\xercesc\dom\impl\DOMCDATASectionImpl.cpp">
<Filter>xerces\xerces-c-3.2.0\src\xercesc\dom\impl</Filter></ClCompile>
<ClCompile Include="..\..\..\src\xercesc\dom\impl\DOMCharacterDataImpl.cpp">
<Filter>xerces\xerces-c-3.2.0\src\xercesc\dom\impl</Filter></ClCompile>
<ClCompile Include="..\..\..\src\xercesc\dom\impl\DOMChildNode.cpp">
<Filter>xerces\xerces-c-3.2.0\src\xercesc\dom\impl</Filter></ClCompile>
<ClCompile Include="..\..\..\src\xercesc\dom\impl\DOMCommentImpl.cpp">
<Filter>xerces\xerces-c-3.2.0\src\xercesc\dom\impl</Filter></ClCompile>
<ClCompile Include="..\..\..\src\xercesc\dom\impl\DOMConfigurationImpl.cpp">
<Filter>xerces\xerces-c-3.2.0\src\xercesc\dom\impl</Filter></ClCompile>
<ClCompile Include="..\..\..\src\xercesc\dom\impl\DOMDeepNodeListImpl.cpp">
<Filter>xerces\xerces-c-3.2.0\src\xercesc\dom\impl</Filter></ClCompile>
<ClCompile Include="..\..\..\src\xercesc\dom\impl\DOMDocumentFragmentImpl.cpp">
<Filter>xerces\xerces-c-3.2.0\src\xercesc\dom\impl</Filter></ClCompile>
<ClCompile Include="..\..\..\src\xercesc\dom\impl\DOMDocumentImpl.cpp">
<Filter>xerces\xerces-c-3.2.0\src\xercesc\dom\impl</Filter></ClCompile>
<ClCompile Include="..\..\..\src\xercesc\dom\impl\DOMDocumentTypeImpl.cpp">
<Filter>xerces\xerces-c-3.2.0\src\xercesc\dom\impl</Filter></ClCompile>
<ClCompile Include="..\..\..\src\xercesc\dom\impl\DOMElementImpl.cpp">
<Filter>xerces\xerces-c-3.2.0\src\xercesc\dom\impl</Filter></ClCompile>
<ClCompile Include="..\..\..\src\xercesc\dom\impl\DOMElementNSImpl.cpp">
<Filter>xerces\xerces-c-3.2.0\src\xercesc\dom\impl</Filter></ClCompile>
<ClCompile Include="..\..\..\src\xercesc\dom\impl\DOMEntityImpl.cpp">
<Filter>xerces\xerces-c-3.2.0\src\xercesc\dom\impl</Filter></ClCompile>
<ClCompile Include="..\..\..\src\xercesc\dom\impl\DOMEntityReferenceImpl.cpp">
<Filter>xerces\xerces-c-3.2.0\src\xercesc\dom\impl</Filter></ClCompile>
<ClCompile Include="..\..\..\src\xercesc\dom\impl\DOMErrorImpl.cpp">
<Filter>xerces\xerces-c-3.2.0\src\xercesc\dom\impl</Filter></ClCompile>
<ClCompile Include="..\..\..\src\xercesc\dom\impl\DOMImplementationImpl.cpp">
<Filter>xerces\xerces-c-3.2.0\src\xercesc\dom\impl</Filter></ClCompile>
<ClCompile Include="..\..\..\src\xercesc\dom\impl\DOMImplementationListImpl.cpp">
<Filter>xerces\xerces-c-3.2.0\src\xercesc\dom\impl</Filter></ClCompile>
<ClCompile Include="..\..\..\src\xercesc\dom\impl\DOMImplementationRegistry.cpp">
<Filter>xerces\xerces-c-3.2.0\src\xercesc\dom\impl</Filter></ClCompile>
<ClCompile Include="..\..\..\src\xercesc\dom\impl\DOMLSInputImpl.cpp">
<Filter>xerces\xerces-c-3.2.0\src\xercesc\dom\impl</Filter></ClCompile>
<ClCompile Include="..\..\..\src\xercesc\dom\impl\DOMLSOutputImpl.cpp">
<Filter>xerces\xerces-c-3.2.0\src\xercesc\dom\impl</Filter></ClCompile>
<ClCompile Include="..\..\..\src\xercesc\dom\impl\DOMLSSerializerImpl.cpp">
<Filter>xerces\xerces-c-3.2.0\src\xercesc\dom\impl</Filter></ClCompile>
<ClCompile Include="..\..\..\src\xercesc\dom\impl\DOMLocatorImpl.cpp">
<Filter>xerces\xerces-c-3.2.0\src\xercesc\dom\impl</Filter></ClCompile>
<ClCompile Include="..\..\..\src\xercesc\dom\impl\DOMNamedNodeMapImpl.cpp">
<Filter>xerces\xerces-c-3.2.0\src\xercesc\dom\impl</Filter></ClCompile>
<ClCompile Include="..\..\..\src\xercesc\dom\impl\DOMNodeIDMap.cpp">
<Filter>xerces\xerces-c-3.2.0\src\xercesc\dom\impl</Filter></ClCompile>
<ClCompile Include="..\..\..\src\xercesc\dom\impl\DOMNodeImpl.cpp">
<Filter>xerces\xerces-c-3.2.0\src\xercesc\dom\impl</Filter></ClCompile>
<ClCompile Include="..\..\..\src\xercesc\dom\impl\DOMNodeIteratorImpl.cpp">
<Filter>xerces\xerces-c-3.2.0\src\xercesc\dom\impl</Filter></ClCompile>
<ClCompile Include="..\..\..\src\xercesc\dom\impl\DOMNodeListImpl.cpp">
<Filter>xerces\xerces-c-3.2.0\src\xercesc\dom\impl</Filter></ClCompile>
<ClCompile Include="..\..\..\src\xercesc\dom\impl\DOMNodeVector.cpp">
<Filter>xerces\xerces-c-3.2.0\src\xercesc\dom\impl</Filter></ClCompile>
<ClCompile Include="..\..\..\src\xercesc\dom\impl\DOMNormalizer.cpp">
<Filter>xerces\xerces-c-3.2.0\src\xercesc\dom\impl</Filter></ClCompile>
<ClCompile Include="..\..\..\src\xercesc\dom\impl\DOMNotationImpl.cpp">
<Filter>xerces\xerces-c-3.2.0\src\xercesc\dom\impl</Filter></ClCompile>
<ClCompile Include="..\..\..\src\xercesc\dom\impl\DOMParentNode.cpp">
<Filter>xerces\xerces-c-3.2.0\src\xercesc\dom\impl</Filter></ClCompile>
<ClCompile Include="..\..\..\src\xercesc\dom\impl\DOMProcessingInstructionImpl.cpp">
<Filter>xerces\xerces-c-3.2.0\src\xercesc\dom\impl</Filter></ClCompile>
<ClCompile Include="..\..\..\src\xercesc\dom\impl\DOMRangeImpl.cpp">
<Filter>xerces\xerces-c-3.2.0\src\xercesc\dom\impl</Filter></ClCompile>
<ClCompile Include="..\..\..\src\xercesc\dom\impl\DOMStringListImpl.cpp">
<Filter>xerces\xerces-c-3.2.0\src\xercesc\dom\impl</Filter></ClCompile>
<ClCompile Include="..\..\..\src\xercesc\dom\impl\DOMStringPool.cpp">
<Filter>xerces\xerces-c-3.2.0\src\xercesc\dom\impl</Filter></ClCompile>
<ClCompile Include="..\..\..\src\xercesc\dom\impl\DOMTextImpl.cpp">
<Filter>xerces\xerces-c-3.2.0\src\xercesc\dom\impl</Filter></ClCompile>
<ClCompile Include="..\..\..\src\xercesc\dom\impl\DOMTreeWalkerImpl.cpp">
<Filter>xerces\xerces-c-3.2.0\src\xercesc\dom\impl</Filter></ClCompile>
<ClCompile Include="..\..\..\src\xercesc\dom\impl\DOMTypeInfoImpl.cpp">
<Filter>xerces\xerces-c-3.2.0\src\xercesc\dom\impl</Filter></ClCompile>
<ClCompile Include="..\..\..\src\xercesc\dom\impl\DOMXPathExpressionImpl.cpp">
<Filter>xerces\xerces-c-3.2.0\src\xercesc\dom\impl</Filter></ClCompile>
<ClCompile Include="..\..\..\src\xercesc\dom\impl\DOMXPathNSResolverImpl.cpp">
<Filter>xerces\xerces-c-3.2.0\src\xercesc\dom\impl</Filter></ClCompile>
<ClCompile Include="..\..\..\src\xercesc\dom\impl\DOMXPathResultImpl.cpp">
<Filter>xerces\xerces-c-3.2.0\src\xercesc\dom\impl</Filter></ClCompile>
<ClCompile Include="..\..\..\src\xercesc\dom\impl\XSDElementNSImpl.cpp">
<Filter>xerces\xerces-c-3.2.0\src\xercesc\dom\impl</Filter></ClCompile>
<ClCompile Include="..\..\..\src\xercesc\framework\BinOutputStream.cpp">
<Filter>xerces\xerces-c-3.2.0\src\xercesc\framework</Filter></ClCompile>
<ClCompile Include="..\..\..\src\xercesc\framework\LocalFileFormatTarget.cpp">
<Filter>xerces\xerces-c-3.2.0\src\xercesc\framework</Filter></ClCompile>
<ClCompile Include="..\..\..\src\xercesc\framework\LocalFileInputSource.cpp">
<Filter>xerces\xerces-c-3.2.0\src\xercesc\framework</Filter></ClCompile>
<ClCompile Include="..\..\..\src\xercesc\framework\MemBufFormatTarget.cpp">
<Filter>xerces\xerces-c-3.2.0\src\xercesc\framework</Filter></ClCompile>
<ClCompile Include="..\..\..\src\xercesc\framework\MemBufInputSource.cpp">
<Filter>xerces\xerces-c-3.2.0\src\xercesc\framework</Filter></ClCompile>
<ClCompile Include="..\..\..\src\xercesc\framework\StdInInputSource.cpp">
<Filter>xerces\xerces-c-3.2.0\src\xercesc\framework</Filter></ClCompile>
<ClCompile Include="..\..\..\src\xercesc\framework\StdOutFormatTarget.cpp">
<Filter>xerces\xerces-c-3.2.0\src\xercesc\framework</Filter></ClCompile>
<ClCompile Include="..\..\..\src\xercesc\framework\URLInputSource.cpp">
<Filter>xerces\xerces-c-3.2.0\src\xercesc\framework</Filter></ClCompile>
<ClCompile Include="..\..\..\src\xercesc\framework\Wrapper4DOMLSInput.cpp">
<Filter>xerces\xerces-c-3.2.0\src\xercesc\framework</Filter></ClCompile>
<ClCompile Include="..\..\..\src\xercesc\framework\Wrapper4InputSource.cpp">
<Filter>xerces\xerces-c-3.2.0\src\xercesc\framework</Filter></ClCompile>
<ClCompile Include="..\..\..\src\xercesc\framework\XMLAttDef.cpp">
<Filter>xerces\xerces-c-3.2.0\src\xercesc\framework</Filter></ClCompile>
<ClCompile Include="..\..\..\src\xercesc\framework\XMLAttDefList.cpp">
<Filter>xerces\xerces-c-3.2.0\src\xercesc\framework</Filter></ClCompile>
<ClCompile Include="..\..\..\src\xercesc\framework\XMLAttr.cpp">
<Filter>xerces\xerces-c-3.2.0\src\xercesc\framework</Filter></ClCompile>
<ClCompile Include="..\..\..\src\xercesc\framework\XMLBuffer.cpp">
<Filter>xerces\xerces-c-3.2.0\src\xercesc\framework</Filter></ClCompile>
<ClCompile Include="..\..\..\src\xercesc\framework\XMLBufferMgr.cpp">
<Filter>xerces\xerces-c-3.2.0\src\xercesc\framework</Filter></ClCompile>
<ClCompile Include="..\..\..\src\xercesc\framework\XMLContentModel.cpp">
<Filter>xerces\xerces-c-3.2.0\src\xercesc\framework</Filter></ClCompile>
<ClCompile Include="..\..\..\src\xercesc\framework\XMLDTDDescription.cpp">
<Filter>xerces\xerces-c-3.2.0\src\xercesc\framework</Filter></ClCompile>
<ClCompile Include="..\..\..\src\xercesc\framework\XMLElementDecl.cpp">
<Filter>xerces\xerces-c-3.2.0\src\xercesc\framework</Filter></ClCompile>
<ClCompile Include="..\..\..\src\xercesc\framework\XMLEntityDecl.cpp">
<Filter>xerces\xerces-c-3.2.0\src\xercesc\framework</Filter></ClCompile>
<ClCompile Include="..\..\..\src\xercesc\framework\XMLFormatter.cpp">
<Filter>xerces\xerces-c-3.2.0\src\xercesc\framework</Filter></ClCompile>
<ClCompile Include="..\..\..\src\xercesc\framework\XMLGrammarDescription.cpp">
<Filter>xerces\xerces-c-3.2.0\src\xercesc\framework</Filter></ClCompile>
<ClCompile Include="..\..\..\src\xercesc\framework\XMLGrammarPoolImpl.cpp">
<Filter>xerces\xerces-c-3.2.0\src\xercesc\framework</Filter></ClCompile>
<ClCompile Include="..\..\..\src\xercesc\framework\XMLNotationDecl.cpp">
<Filter>xerces\xerces-c-3.2.0\src\xercesc\framework</Filter></ClCompile>
<ClCompile Include="..\..\..\src\xercesc\framework\XMLRecognizer.cpp">
<Filter>xerces\xerces-c-3.2.0\src\xercesc\framework</Filter></ClCompile>
<ClCompile Include="..\..\..\src\xercesc\framework\XMLRefInfo.cpp">
<Filter>xerces\xerces-c-3.2.0\src\xercesc\framework</Filter></ClCompile>
<ClCompile Include="..\..\..\src\xercesc\framework\XMLSchemaDescription.cpp">
<Filter>xerces\xerces-c-3.2.0\src\xercesc\framework</Filter></ClCompile>
<ClCompile Include="..\..\..\src\xercesc\framework\XMLValidator.cpp">
<Filter>xerces\xerces-c-3.2.0\src\xercesc\framework</Filter></ClCompile>
<ClCompile Include="..\..\..\src\xercesc\framework\psvi\PSVIAttribute.cpp">
<Filter>xerces\xerces-c-3.2.0\src\xercesc\framework\psvi</Filter></ClCompile>
<ClCompile Include="..\..\..\src\xercesc\framework\psvi\PSVIAttributeList.cpp">
<Filter>xerces\xerces-c-3.2.0\src\xercesc\framework\psvi</Filter></ClCompile>
<ClCompile Include="..\..\..\src\xercesc\framework\psvi\PSVIElement.cpp">
<Filter>xerces\xerces-c-3.2.0\src\xercesc\framework\psvi</Filter></ClCompile>
<ClCompile Include="..\..\..\src\xercesc\framework\psvi\PSVIItem.cpp">
<Filter>xerces\xerces-c-3.2.0\src\xercesc\framework\psvi</Filter></ClCompile>
<ClCompile Include="..\..\..\src\xercesc\framework\psvi\XSAnnotation.cpp">
<Filter>xerces\xerces-c-3.2.0\src\xercesc\framework\psvi</Filter></ClCompile>
<ClCompile Include="..\..\..\src\xercesc\framework\psvi\XSAttributeDeclaration.cpp">
<Filter>xerces\xerces-c-3.2.0\src\xercesc\framework\psvi</Filter></ClCompile>
<ClCompile Include="..\..\..\src\xercesc\framework\psvi\XSAttributeGroupDefinition.cpp">
<Filter>xerces\xerces-c-3.2.0\src\xercesc\framework\psvi</Filter></ClCompile>
<ClCompile Include="..\..\..\src\xercesc\framework\psvi\XSAttributeUse.cpp">
<Filter>xerces\xerces-c-3.2.0\src\xercesc\framework\psvi</Filter></ClCompile>
<ClCompile Include="..\..\..\src\xercesc\framework\psvi\XSComplexTypeDefinition.cpp">
<Filter>xerces\xerces-c-3.2.0\src\xercesc\framework\psvi</Filter></ClCompile>
<ClCompile Include="..\..\..\src\xercesc\framework\psvi\XSElementDeclaration.cpp">
<Filter>xerces\xerces-c-3.2.0\src\xercesc\framework\psvi</Filter></ClCompile>
<ClCompile Include="..\..\..\src\xercesc\framework\psvi\XSFacet.cpp">
<Filter>xerces\xerces-c-3.2.0\src\xercesc\framework\psvi</Filter></ClCompile>
<ClCompile Include="..\..\..\src\xercesc\framework\psvi\XSIDCDefinition.cpp">
<Filter>xerces\xerces-c-3.2.0\src\xercesc\framework\psvi</Filter></ClCompile>
<ClCompile Include="..\..\..\src\xercesc\framework\psvi\XSModel.cpp">
<Filter>xerces\xerces-c-3.2.0\src\xercesc\framework\psvi</Filter></ClCompile>
<ClCompile Include="..\..\..\src\xercesc\framework\psvi\XSModelGroup.cpp">
<Filter>xerces\xerces-c-3.2.0\src\xercesc\framework\psvi</Filter></ClCompile>
<ClCompile Include="..\..\..\src\xercesc\framework\psvi\XSModelGroupDefinition.cpp">
<Filter>xerces\xerces-c-3.2.0\src\xercesc\framework\psvi</Filter></ClCompile>
<ClCompile Include="..\..\..\src\xercesc\framework\psvi\XSMultiValueFacet.cpp">
<Filter>xerces\xerces-c-3.2.0\src\xercesc\framework\psvi</Filter></ClCompile>
<ClCompile Include="..\..\..\src\xercesc\framework\psvi\XSNamespaceItem.cpp">
<Filter>xerces\xerces-c-3.2.0\src\xercesc\framework\psvi</Filter></ClCompile>
<ClCompile Include="..\..\..\src\xercesc\framework\psvi\XSNotationDeclaration.cpp">
<Filter>xerces\xerces-c-3.2.0\src\xercesc\framework\psvi</Filter></ClCompile>
<ClCompile Include="..\..\..\src\xercesc\framework\psvi\XSObject.cpp">
<Filter>xerces\xerces-c-3.2.0\src\xercesc\framework\psvi</Filter></ClCompile>
<ClCompile Include="..\..\..\src\xercesc\framework\psvi\XSParticle.cpp">
<Filter>xerces\xerces-c-3.2.0\src\xercesc\framework\psvi</Filter></ClCompile>
<ClCompile Include="..\..\..\src\xercesc\framework\psvi\XSSimpleTypeDefinition.cpp">
<Filter>xerces\xerces-c-3.2.0\src\xercesc\framework\psvi</Filter></ClCompile>
<ClCompile Include="..\..\..\src\xercesc\framework\psvi\XSTypeDefinition.cpp">
<Filter>xerces\xerces-c-3.2.0\src\xercesc\framework\psvi</Filter></ClCompile>
<ClCompile Include="..\..\..\src\xercesc\framework\psvi\XSValue.cpp">
<Filter>xerces\xerces-c-3.2.0\src\xercesc\framework\psvi</Filter></ClCompile>
<ClCompile Include="..\..\..\src\xercesc\framework\psvi\XSWildcard.cpp">
<Filter>xerces\xerces-c-3.2.0\src\xercesc\framework\psvi</Filter></ClCompile>
<ClCompile Include="..\..\..\src\xercesc\internal\BinFileOutputStream.cpp">
<Filter>xerces\xerces-c-3.2.0\src\xercesc\internal</Filter></ClCompile>
<ClCompile Include="..\..\..\src\xercesc\internal\BinMemOutputStream.cpp">
<Filter>xerces\xerces-c-3.2.0\src\xercesc\internal</Filter></ClCompile>
<ClCompile Include="..\..\..\src\xercesc\internal\DGXMLScanner.cpp">
<Filter>xerces\xerces-c-3.2.0\src\xercesc\internal</Filter></ClCompile>
<ClCompile Include="..\..\..\src\xercesc\internal\ElemStack.cpp">
<Filter>xerces\xerces-c-3.2.0\src\xercesc\internal</Filter></ClCompile>
<ClCompile Include="..\..\..\src\xercesc\internal\IGXMLScanner.cpp">
<Filter>xerces\xerces-c-3.2.0\src\xercesc\internal</Filter></ClCompile>
<ClCompile Include="..\..\..\src\xercesc\internal\IGXMLScanner2.cpp">
<Filter>xerces\xerces-c-3.2.0\src\xercesc\internal</Filter></ClCompile>
<ClCompile Include="..\..\..\src\xercesc\internal\MemoryManagerImpl.cpp">
<Filter>xerces\xerces-c-3.2.0\src\xercesc\internal</Filter></ClCompile>
<ClCompile Include="..\..\..\src\xercesc\internal\ReaderMgr.cpp">
<Filter>xerces\xerces-c-3.2.0\src\xercesc\internal</Filter></ClCompile>
<ClCompile Include="..\..\..\src\xercesc\internal\SGXMLScanner.cpp">
<Filter>xerces\xerces-c-3.2.0\src\xercesc\internal</Filter></ClCompile>
<ClCompile Include="..\..\..\src\xercesc\internal\ValidationContextImpl.cpp">
<Filter>xerces\xerces-c-3.2.0\src\xercesc\internal</Filter></ClCompile>
<ClCompile Include="..\..\..\src\xercesc\internal\VecAttrListImpl.cpp">
<Filter>xerces\xerces-c-3.2.0\src\xercesc\internal</Filter></ClCompile>
<ClCompile Include="..\..\..\src\xercesc\internal\VecAttributesImpl.cpp">
<Filter>xerces\xerces-c-3.2.0\src\xercesc\internal</Filter></ClCompile>
<ClCompile Include="..\..\..\src\xercesc\internal\WFXMLScanner.cpp">
<Filter>xerces\xerces-c-3.2.0\src\xercesc\internal</Filter></ClCompile>
<ClCompile Include="..\..\..\src\xercesc\internal\XMLReader.cpp">
<Filter>xerces\xerces-c-3.2.0\src\xercesc\internal</Filter></ClCompile>
<ClCompile Include="..\..\..\src\xercesc\internal\XMLScanner.cpp">
<Filter>xerces\xerces-c-3.2.0\src\xercesc\internal</Filter></ClCompile>
<ClCompile Include="..\..\..\src\xercesc\internal\XMLScannerResolver.cpp">
<Filter>xerces\xerces-c-3.2.0\src\xercesc\internal</Filter></ClCompile>
<ClCompile Include="..\..\..\src\xercesc\internal\XProtoType.cpp">
<Filter>xerces\xerces-c-3.2.0\src\xercesc\internal</Filter></ClCompile>
<ClCompile Include="..\..\..\src\xercesc\internal\XSAXMLScanner.cpp">
<Filter>xerces\xerces-c-3.2.0\src\xercesc\internal</Filter></ClCompile>
<ClCompile Include="..\..\..\src\xercesc\internal\XSObjectFactory.cpp">
<Filter>xerces\xerces-c-3.2.0\src\xercesc\internal</Filter></ClCompile>
<ClCompile Include="..\..\..\src\xercesc\internal\XSerializeEngine.cpp">
<Filter>xerces\xerces-c-3.2.0\src\xercesc\internal</Filter></ClCompile>
<ClCompile Include="..\..\..\src\xercesc\internal\XTemplateSerializer.cpp">
<Filter>xerces\xerces-c-3.2.0\src\xercesc\internal</Filter></ClCompile>
<ClCompile Include="..\..\..\src\xercesc\parsers\AbstractDOMParser.cpp">
<Filter>xerces\xerces-c-3.2.0\src\xercesc\parsers</Filter></ClCompile>
<ClCompile Include="..\..\..\src\xercesc\parsers\DOMLSParserImpl.cpp">
<Filter>xerces\xerces-c-3.2.0\src\xercesc\parsers</Filter></ClCompile>
<ClCompile Include="..\..\..\src\xercesc\parsers\SAX2XMLFilterImpl.cpp">
<Filter>xerces\xerces-c-3.2.0\src\xercesc\parsers</Filter></ClCompile>
<ClCompile Include="..\..\..\src\xercesc\parsers\SAX2XMLReaderImpl.cpp">
<Filter>xerces\xerces-c-3.2.0\src\xercesc\parsers</Filter></ClCompile>
<ClCompile Include="..\..\..\src\xercesc\parsers\SAXParser.cpp">
<Filter>xerces\xerces-c-3.2.0\src\xercesc\parsers</Filter></ClCompile>
<ClCompile Include="..\..\..\src\xercesc\parsers\XercesDOMParser.cpp">
<Filter>xerces\xerces-c-3.2.0\src\xercesc\parsers</Filter></ClCompile>
<ClCompile Include="..\..\..\src\xercesc\sax2\sax2Dummy.cpp">
<Filter>xerces\xerces-c-3.2.0\src\xercesc\sax2</Filter></ClCompile>
<ClCompile Include="..\..\..\src\xercesc\sax\Dummy.cpp">
<Filter>xerces\xerces-c-3.2.0\src\xercesc\sax</Filter></ClCompile>
<ClCompile Include="..\..\..\src\xercesc\sax\InputSource.cpp">
<Filter>xerces\xerces-c-3.2.0\src\xercesc\sax</Filter></ClCompile>
<ClCompile Include="..\..\..\src\xercesc\sax\SAXException.cpp">
<Filter>xerces\xerces-c-3.2.0\src\xercesc\sax</Filter></ClCompile>
<ClCompile Include="..\..\..\src\xercesc\sax\SAXParseException.cpp">
<Filter>xerces\xerces-c-3.2.0\src\xercesc\sax</Filter></ClCompile>
<ClCompile Include="..\..\..\src\xercesc\util\Base64.cpp">
<Filter>xerces\xerces-c-3.2.0\src\xercesc\util</Filter></ClCompile>
<ClCompile Include="..\..\..\src\xercesc\util\BinFileInputStream.cpp">
<Filter>xerces\xerces-c-3.2.0\src\xercesc\util</Filter></ClCompile>
<ClCompile Include="..\..\..\src\xercesc\util\BinInputStream.cpp">
<Filter>xerces\xerces-c-3.2.0\src\xercesc\util</Filter></ClCompile>
<ClCompile Include="..\..\..\src\xercesc\util\BinMemInputStream.cpp">
<Filter>xerces\xerces-c-3.2.0\src\xercesc\util</Filter></ClCompile>
<ClCompile Include="..\..\..\src\xercesc\util\BitSet.cpp">
<Filter>xerces\xerces-c-3.2.0\src\xercesc\util</Filter></ClCompile>
<ClCompile Include="..\..\..\src\xercesc\util\DefaultPanicHandler.cpp">
<Filter>xerces\xerces-c-3.2.0\src\xercesc\util</Filter></ClCompile>
<ClCompile Include="..\..\..\src\xercesc\util\EncodingValidator.cpp">
<Filter>xerces\xerces-c-3.2.0\src\xercesc\util</Filter></ClCompile>
<ClCompile Include="..\..\..\src\xercesc\util\FileManagers\WindowsFileMgr.cpp">
<Filter>xerces\xerces-c-3.2.0\src\xercesc\util\FileManagers</Filter></ClCompile>
<ClCompile Include="..\..\..\src\xercesc\util\HeaderDummy.cpp">
<Filter>xerces\xerces-c-3.2.0\src\xercesc\util</Filter></ClCompile>
<ClCompile Include="..\..\..\src\xercesc\util\HexBin.cpp">
<Filter>xerces\xerces-c-3.2.0\src\xercesc\util</Filter></ClCompile>
<ClCompile Include="..\..\..\src\xercesc\util\KVStringPair.cpp">
<Filter>xerces\xerces-c-3.2.0\src\xercesc\util</Filter></ClCompile>
<ClCompile Include="..\..\..\src\xercesc\util\MsgLoaders\InMemory\InMemMsgLoader.cpp">
<Filter>xerces\xerces-c-3.2.0\src\xercesc\util\MsgLoaders\InMemory</Filter></ClCompile>
<ClCompile Include="..\..\..\src\xercesc\util\MsgLoaders\Win32\Win32MsgLoader.cpp">
<Filter>xerces\xerces-c-3.2.0\src\xercesc\util\MsgLoaders\Win32</Filter></ClCompile>
<ClCompile Include="..\..\..\src\xercesc\util\MutexManagers\WindowsMutexMgr.cpp">
<Filter>xerces\xerces-c-3.2.0\src\xercesc\util\MutexManagers</Filter></ClCompile>
<ClCompile Include="..\..\..\src\xercesc\util\Mutexes.cpp">
<Filter>xerces\xerces-c-3.2.0\src\xercesc\util</Filter></ClCompile>
<ClCompile Include="..\..\..\src\xercesc\util\NetAccessors\BinHTTPInputStreamCommon.cpp">
<Filter>xerces\xerces-c-3.2.0\src\xercesc\util\NetAccessors</Filter></ClCompile>
<ClCompile Include="..\..\..\src\xercesc\util\NetAccessors\WinSock\BinHTTPURLInputStream.cpp">
<Filter>xerces\xerces-c-3.2.0\src\xercesc\util\NetAccessors\WinSock</Filter></ClCompile>
<ClCompile Include="..\..\..\src\xercesc\util\NetAccessors\WinSock\WinSockNetAccessor.cpp">
<Filter>xerces\xerces-c-3.2.0\src\xercesc\util\NetAccessors\WinSock</Filter></ClCompile>
<ClCompile Include="..\..\..\src\xercesc\util\PSVIUni.cpp">
<Filter>xerces\xerces-c-3.2.0\src\xercesc\util</Filter></ClCompile>
<ClCompile Include="..\..\..\src\xercesc\util\PanicHandler.cpp">
<Filter>xerces\xerces-c-3.2.0\src\xercesc\util</Filter></ClCompile>
<ClCompile Include="..\..\..\src\xercesc\util\PlatformUtils.cpp">
<Filter>xerces\xerces-c-3.2.0\src\xercesc\util</Filter></ClCompile>
<ClCompile Include="..\..\..\src\xercesc\util\QName.cpp">
<Filter>xerces\xerces-c-3.2.0\src\xercesc\util</Filter></ClCompile>
<ClCompile Include="..\..\..\src\xercesc\util\StringPool.cpp">
<Filter>xerces\xerces-c-3.2.0\src\xercesc\util</Filter></ClCompile>
<ClCompile Include="..\..\..\src\xercesc\util\SynchronizedStringPool.cpp">
<Filter>xerces\xerces-c-3.2.0\src\xercesc\util</Filter></ClCompile>
<ClCompile Include="..\..\..\src\xercesc\util\TransService.cpp">
<Filter>xerces\xerces-c-3.2.0\src\xercesc\util</Filter></ClCompile>
<ClCompile Include="..\..\..\src\xercesc\util\Transcoders\Win32\Win32TransService.cpp">
<Filter>xerces\xerces-c-3.2.0\src\xercesc\util\Transcoders\Win32</Filter></ClCompile>
<ClCompile Include="..\..\..\src\xercesc\util\XML256TableTranscoder.cpp">
<Filter>xerces\xerces-c-3.2.0\src\xercesc\util</Filter></ClCompile>
<ClCompile Include="..\..\..\src\xercesc\util\XML88591Transcoder.cpp">
<Filter>xerces\xerces-c-3.2.0\src\xercesc\util</Filter></ClCompile>
<ClCompile Include="..\..\..\src\xercesc\util\XMLASCIITranscoder.cpp">
<Filter>xerces\xerces-c-3.2.0\src\xercesc\util</Filter></ClCompile>
<ClCompile Include="..\..\..\src\xercesc\util\XMLAbstractDoubleFloat.cpp">
<Filter>xerces\xerces-c-3.2.0\src\xercesc\util</Filter></ClCompile>
<ClCompile Include="..\..\..\src\xercesc\util\XMLBigDecimal.cpp">
<Filter>xerces\xerces-c-3.2.0\src\xercesc\util</Filter></ClCompile>
<ClCompile Include="..\..\..\src\xercesc\util\XMLBigInteger.cpp">
<Filter>xerces\xerces-c-3.2.0\src\xercesc\util</Filter></ClCompile>
<ClCompile Include="..\..\..\src\xercesc\util\XMLChTranscoder.cpp">
<Filter>xerces\xerces-c-3.2.0\src\xercesc\util</Filter></ClCompile>
<ClCompile Include="..\..\..\src\xercesc\util\XMLChar.cpp">
<Filter>xerces\xerces-c-3.2.0\src\xercesc\util</Filter></ClCompile>
<ClCompile Include="..\..\..\src\xercesc\util\XMLDateTime.cpp">
<Filter>xerces\xerces-c-3.2.0\src\xercesc\util</Filter></ClCompile>
<ClCompile Include="..\..\..\src\xercesc\util\XMLDouble.cpp">
<Filter>xerces\xerces-c-3.2.0\src\xercesc\util</Filter></ClCompile>
<ClCompile Include="..\..\..\src\xercesc\util\XMLEBCDICTranscoder.cpp">
<Filter>xerces\xerces-c-3.2.0\src\xercesc\util</Filter></ClCompile>
<ClCompile Include="..\..\..\src\xercesc\util\XMLException.cpp">
<Filter>xerces\xerces-c-3.2.0\src\xercesc\util</Filter></ClCompile>
<ClCompile Include="..\..\..\src\xercesc\util\XMLFloat.cpp">
<Filter>xerces\xerces-c-3.2.0\src\xercesc\util</Filter></ClCompile>
<ClCompile Include="..\..\..\src\xercesc\util\XMLIBM1047Transcoder.cpp">
<Filter>xerces\xerces-c-3.2.0\src\xercesc\util</Filter></ClCompile>
<ClCompile Include="..\..\..\src\xercesc\util\XMLIBM1140Transcoder.cpp">
<Filter>xerces\xerces-c-3.2.0\src\xercesc\util</Filter></ClCompile>
<ClCompile Include="..\..\..\src\xercesc\util\XMLInitializer.cpp">
<Filter>xerces\xerces-c-3.2.0\src\xercesc\util</Filter></ClCompile>
<ClCompile Include="..\..\..\src\xercesc\util\XMLMsgLoader.cpp">
<Filter>xerces\xerces-c-3.2.0\src\xercesc\util</Filter></ClCompile>
<ClCompile Include="..\..\..\src\xercesc\util\XMLNumber.cpp">
<Filter>xerces\xerces-c-3.2.0\src\xercesc\util</Filter></ClCompile>
<ClCompile Include="..\..\..\src\xercesc\util\XMLString.cpp">
<Filter>xerces\xerces-c-3.2.0\src\xercesc\util</Filter></ClCompile>
<ClCompile Include="..\..\..\src\xercesc\util\XMLStringTokenizer.cpp">
<Filter>xerces\xerces-c-3.2.0\src\xercesc\util</Filter></ClCompile>
<ClCompile Include="..\..\..\src\xercesc\util\XMLUCS4Transcoder.cpp">
<Filter>xerces\xerces-c-3.2.0\src\xercesc\util</Filter></ClCompile>
<ClCompile Include="..\..\..\src\xercesc\util\XMLURL.cpp">
<Filter>xerces\xerces-c-3.2.0\src\xercesc\util</Filter></ClCompile>
<ClCompile Include="..\..\..\src\xercesc\util\XMLUTF16Transcoder.cpp">
<Filter>xerces\xerces-c-3.2.0\src\xercesc\util</Filter></ClCompile>
<ClCompile Include="..\..\..\src\xercesc\util\XMLUTF8Transcoder.cpp">
<Filter>xerces\xerces-c-3.2.0\src\xercesc\util</Filter></ClCompile>
<ClCompile Include="..\..\..\src\xercesc\util\XMLUni.cpp">
<Filter>xerces\xerces-c-3.2.0\src\xercesc\util</Filter></ClCompile>
<ClCompile Include="..\..\..\src\xercesc\util\XMLUri.cpp">
<Filter>xerces\xerces-c-3.2.0\src\xercesc\util</Filter></ClCompile>
<ClCompile Include="..\..\..\src\xercesc\util\XMLWin1252Transcoder.cpp">
<Filter>xerces\xerces-c-3.2.0\src\xercesc\util</Filter></ClCompile>
<ClCompile Include="..\..\..\src\xercesc\util\XMemory.cpp">
<Filter>xerces\xerces-c-3.2.0\src\xercesc\util</Filter></ClCompile>
<ClCompile Include="..\..\..\src\xercesc\util\regx\ASCIIRangeFactory.cpp">
<Filter>xerces\xerces-c-3.2.0\src\xercesc\util\regx</Filter></ClCompile>
<ClCompile Include="..\..\..\src\xercesc\util\regx\BMPattern.cpp">
<Filter>xerces\xerces-c-3.2.0\src\xercesc\util\regx</Filter></ClCompile>
<ClCompile Include="..\..\..\src\xercesc\util\regx\BlockRangeFactory.cpp">
<Filter>xerces\xerces-c-3.2.0\src\xercesc\util\regx</Filter></ClCompile>
<ClCompile Include="..\..\..\src\xercesc\util\regx\CharToken.cpp">
<Filter>xerces\xerces-c-3.2.0\src\xercesc\util\regx</Filter></ClCompile>
<ClCompile Include="..\..\..\src\xercesc\util\regx\ClosureToken.cpp">
<Filter>xerces\xerces-c-3.2.0\src\xercesc\util\regx</Filter></ClCompile>
<ClCompile Include="..\..\..\src\xercesc\util\regx\ConcatToken.cpp">
<Filter>xerces\xerces-c-3.2.0\src\xercesc\util\regx</Filter></ClCompile>
<ClCompile Include="..\..\..\src\xercesc\util\regx\Match.cpp">
<Filter>xerces\xerces-c-3.2.0\src\xercesc\util\regx</Filter></ClCompile>
<ClCompile Include="..\..\..\src\xercesc\util\regx\Op.cpp">
<Filter>xerces\xerces-c-3.2.0\src\xercesc\util\regx</Filter></ClCompile>
<ClCompile Include="..\..\..\src\xercesc\util\regx\OpFactory.cpp">
<Filter>xerces\xerces-c-3.2.0\src\xercesc\util\regx</Filter></ClCompile>
<ClCompile Include="..\..\..\src\xercesc\util\regx\ParenToken.cpp">
<Filter>xerces\xerces-c-3.2.0\src\xercesc\util\regx</Filter></ClCompile>
<ClCompile Include="..\..\..\src\xercesc\util\regx\ParserForXMLSchema.cpp">
<Filter>xerces\xerces-c-3.2.0\src\xercesc\util\regx</Filter></ClCompile>
<ClCompile Include="..\..\..\src\xercesc\util\regx\RangeFactory.cpp">
<Filter>xerces\xerces-c-3.2.0\src\xercesc\util\regx</Filter></ClCompile>
<ClCompile Include="..\..\..\src\xercesc\util\regx\RangeToken.cpp">
<Filter>xerces\xerces-c-3.2.0\src\xercesc\util\regx</Filter></ClCompile>
<ClCompile Include="..\..\..\src\xercesc\util\regx\RangeTokenMap.cpp">
<Filter>xerces\xerces-c-3.2.0\src\xercesc\util\regx</Filter></ClCompile>
<ClCompile Include="..\..\..\src\xercesc\util\regx\RegularExpression.cpp">
<Filter>xerces\xerces-c-3.2.0\src\xercesc\util\regx</Filter></ClCompile>
<ClCompile Include="..\..\..\src\xercesc\util\regx\RegxParser.cpp">
<Filter>xerces\xerces-c-3.2.0\src\xercesc\util\regx</Filter></ClCompile>
<ClCompile Include="..\..\..\src\xercesc\util\regx\RegxUtil.cpp">
<Filter>xerces\xerces-c-3.2.0\src\xercesc\util\regx</Filter></ClCompile>
<ClCompile Include="..\..\..\src\xercesc\util\regx\StringToken.cpp">
<Filter>xerces\xerces-c-3.2.0\src\xercesc\util\regx</Filter></ClCompile>
<ClCompile Include="..\..\..\src\xercesc\util\regx\Token.cpp">
<Filter>xerces\xerces-c-3.2.0\src\xercesc\util\regx</Filter></ClCompile>
<ClCompile Include="..\..\..\src\xercesc\util\regx\TokenFactory.cpp">
<Filter>xerces\xerces-c-3.2.0\src\xercesc\util\regx</Filter></ClCompile>
<ClCompile Include="..\..\..\src\xercesc\util\regx\UnicodeRangeFactory.cpp">
<Filter>xerces\xerces-c-3.2.0\src\xercesc\util\regx</Filter></ClCompile>
<ClCompile Include="..\..\..\src\xercesc\util\regx\UnionToken.cpp">
<Filter>xerces\xerces-c-3.2.0\src\xercesc\util\regx</Filter></ClCompile>
<ClCompile Include="..\..\..\src\xercesc\util\regx\XMLRangeFactory.cpp">
<Filter>xerces\xerces-c-3.2.0\src\xercesc\util\regx</Filter></ClCompile>
<ClCompile Include="..\..\..\src\xercesc\util\regx\XMLUniCharacter.cpp">
<Filter>xerces\xerces-c-3.2.0\src\xercesc\util\regx</Filter></ClCompile>
<ClCompile Include="..\..\..\src\xercesc\validators\DTD\DTDAttDef.cpp">
<Filter>xerces\xerces-c-3.2.0\src\xercesc\validators\DTD</Filter></ClCompile>
<ClCompile Include="..\..\..\src\xercesc\validators\DTD\DTDAttDefList.cpp">
<Filter>xerces\xerces-c-3.2.0\src\xercesc\validators\DTD</Filter></ClCompile>
<ClCompile Include="..\..\..\src\xercesc\validators\DTD\DTDElementDecl.cpp">
<Filter>xerces\xerces-c-3.2.0\src\xercesc\validators\DTD</Filter></ClCompile>
<ClCompile Include="..\..\..\src\xercesc\validators\DTD\DTDEntityDecl.cpp">
<Filter>xerces\xerces-c-3.2.0\src\xercesc\validators\DTD</Filter></ClCompile>
<ClCompile Include="..\..\..\src\xercesc\validators\DTD\DTDGrammar.cpp">
<Filter>xerces\xerces-c-3.2.0\src\xercesc\validators\DTD</Filter></ClCompile>
<ClCompile Include="..\..\..\src\xercesc\validators\DTD\DTDScanner.cpp">
<Filter>xerces\xerces-c-3.2.0\src\xercesc\validators\DTD</Filter></ClCompile>
<ClCompile Include="..\..\..\src\xercesc\validators\DTD\DTDValidator.cpp">
<Filter>xerces\xerces-c-3.2.0\src\xercesc\validators\DTD</Filter></ClCompile>
<ClCompile Include="..\..\..\src\xercesc\validators\DTD\XMLDTDDescriptionImpl.cpp">
<Filter>xerces\xerces-c-3.2.0\src\xercesc\validators\DTD</Filter></ClCompile>
<ClCompile Include="..\..\..\src\xercesc\validators\common\AllContentModel.cpp">
<Filter>xerces\xerces-c-3.2.0\src\xercesc\validators\common</Filter></ClCompile>
<ClCompile Include="..\..\..\src\xercesc\validators\common\CMAny.cpp">
<Filter>xerces\xerces-c-3.2.0\src\xercesc\validators\common</Filter></ClCompile>
<ClCompile Include="..\..\..\src\xercesc\validators\common\CMBinaryOp.cpp">
<Filter>xerces\xerces-c-3.2.0\src\xercesc\validators\common</Filter></ClCompile>
<ClCompile Include="..\..\..\src\xercesc\validators\common\CMUnaryOp.cpp">
<Filter>xerces\xerces-c-3.2.0\src\xercesc\validators\common</Filter></ClCompile>
<ClCompile Include="..\..\..\src\xercesc\validators\common\ContentLeafNameTypeVector.cpp">
<Filter>xerces\xerces-c-3.2.0\src\xercesc\validators\common</Filter></ClCompile>
<ClCompile Include="..\..\..\src\xercesc\validators\common\ContentSpecNode.cpp">
<Filter>xerces\xerces-c-3.2.0\src\xercesc\validators\common</Filter></ClCompile>
<ClCompile Include="..\..\..\src\xercesc\validators\common\DFAContentModel.cpp">
<Filter>xerces\xerces-c-3.2.0\src\xercesc\validators\common</Filter></ClCompile>
<ClCompile Include="..\..\..\src\xercesc\validators\common\Grammar.cpp">
<Filter>xerces\xerces-c-3.2.0\src\xercesc\validators\common</Filter></ClCompile>
<ClCompile Include="..\..\..\src\xercesc\validators\common\GrammarResolver.cpp">
<Filter>xerces\xerces-c-3.2.0\src\xercesc\validators\common</Filter></ClCompile>
<ClCompile Include="..\..\..\src\xercesc\validators\common\MixedContentModel.cpp">
<Filter>xerces\xerces-c-3.2.0\src\xercesc\validators\common</Filter></ClCompile>
<ClCompile Include="..\..\..\src\xercesc\validators\common\SimpleContentModel.cpp">
<Filter>xerces\xerces-c-3.2.0\src\xercesc\validators\common</Filter></ClCompile>
<ClCompile Include="..\..\..\src\xercesc\validators\datatype\AbstractNumericFacetValidator.cpp">
<Filter>xerces\xerces-c-3.2.0\src\xercesc\validators\datatype</Filter></ClCompile>
<ClCompile Include="..\..\..\src\xercesc\validators\datatype\AbstractNumericValidator.cpp">
<Filter>xerces\xerces-c-3.2.0\src\xercesc\validators\datatype</Filter></ClCompile>
<ClCompile Include="..\..\..\src\xercesc\validators\datatype\AbstractStringValidator.cpp">
<Filter>xerces\xerces-c-3.2.0\src\xercesc\validators\datatype</Filter></ClCompile>
<ClCompile Include="..\..\..\src\xercesc\validators\datatype\AnySimpleTypeDatatypeValidator.cpp">
<Filter>xerces\xerces-c-3.2.0\src\xercesc\validators\datatype</Filter></ClCompile>
<ClCompile Include="..\..\..\src\xercesc\validators\datatype\AnyURIDatatypeValidator.cpp">
<Filter>xerces\xerces-c-3.2.0\src\xercesc\validators\datatype</Filter></ClCompile>
<ClCompile Include="..\..\..\src\xercesc\validators\datatype\Base64BinaryDatatypeValidator.cpp">
<Filter>xerces\xerces-c-3.2.0\src\xercesc\validators\datatype</Filter></ClCompile>
<ClCompile Include="..\..\..\src\xercesc\validators\datatype\BooleanDatatypeValidator.cpp">
<Filter>xerces\xerces-c-3.2.0\src\xercesc\validators\datatype</Filter></ClCompile>
<ClCompile Include="..\..\..\src\xercesc\validators\datatype\DatatypeValidator.cpp">
<Filter>xerces\xerces-c-3.2.0\src\xercesc\validators\datatype</Filter></ClCompile>
<ClCompile Include="..\..\..\src\xercesc\validators\datatype\DatatypeValidatorFactory.cpp">
<Filter>xerces\xerces-c-3.2.0\src\xercesc\validators\datatype</Filter></ClCompile>
<ClCompile Include="..\..\..\src\xercesc\validators\datatype\DateDatatypeValidator.cpp">
<Filter>xerces\xerces-c-3.2.0\src\xercesc\validators\datatype</Filter></ClCompile>
<ClCompile Include="..\..\..\src\xercesc\validators\datatype\DateTimeDatatypeValidator.cpp">
<Filter>xerces\xerces-c-3.2.0\src\xercesc\validators\datatype</Filter></ClCompile>
<ClCompile Include="..\..\..\src\xercesc\validators\datatype\DateTimeValidator.cpp">
<Filter>xerces\xerces-c-3.2.0\src\xercesc\validators\datatype</Filter></ClCompile>
<ClCompile Include="..\..\..\src\xercesc\validators\datatype\DayDatatypeValidator.cpp">
<Filter>xerces\xerces-c-3.2.0\src\xercesc\validators\datatype</Filter></ClCompile>
<ClCompile Include="..\..\..\src\xercesc\validators\datatype\DecimalDatatypeValidator.cpp">
<Filter>xerces\xerces-c-3.2.0\src\xercesc\validators\datatype</Filter></ClCompile>
<ClCompile Include="..\..\..\src\xercesc\validators\datatype\DoubleDatatypeValidator.cpp">
<Filter>xerces\xerces-c-3.2.0\src\xercesc\validators\datatype</Filter></ClCompile>
<ClCompile Include="..\..\..\src\xercesc\validators\datatype\DurationDatatypeValidator.cpp">
<Filter>xerces\xerces-c-3.2.0\src\xercesc\validators\datatype</Filter></ClCompile>
<ClCompile Include="..\..\..\src\xercesc\validators\datatype\ENTITYDatatypeValidator.cpp">
<Filter>xerces\xerces-c-3.2.0\src\xercesc\validators\datatype</Filter></ClCompile>
<ClCompile Include="..\..\..\src\xercesc\validators\datatype\FloatDatatypeValidator.cpp">
<Filter>xerces\xerces-c-3.2.0\src\xercesc\validators\datatype</Filter></ClCompile>
<ClCompile Include="..\..\..\src\xercesc\validators\datatype\HexBinaryDatatypeValidator.cpp">
<Filter>xerces\xerces-c-3.2.0\src\xercesc\validators\datatype</Filter></ClCompile>
<ClCompile Include="..\..\..\src\xercesc\validators\datatype\IDDatatypeValidator.cpp">
<Filter>xerces\xerces-c-3.2.0\src\xercesc\validators\datatype</Filter></ClCompile>
<ClCompile Include="..\..\..\src\xercesc\validators\datatype\IDREFDatatypeValidator.cpp">
<Filter>xerces\xerces-c-3.2.0\src\xercesc\validators\datatype</Filter></ClCompile>
<ClCompile Include="..\..\..\src\xercesc\validators\datatype\ListDatatypeValidator.cpp">
<Filter>xerces\xerces-c-3.2.0\src\xercesc\validators\datatype</Filter></ClCompile>
<ClCompile Include="..\..\..\src\xercesc\validators\datatype\MonthDatatypeValidator.cpp">
<Filter>xerces\xerces-c-3.2.0\src\xercesc\validators\datatype</Filter></ClCompile>
<ClCompile Include="..\..\..\src\xercesc\validators\datatype\MonthDayDatatypeValidator.cpp">
<Filter>xerces\xerces-c-3.2.0\src\xercesc\validators\datatype</Filter></ClCompile>
<ClCompile Include="..\..\..\src\xercesc\validators\datatype\NCNameDatatypeValidator.cpp">
<Filter>xerces\xerces-c-3.2.0\src\xercesc\validators\datatype</Filter></ClCompile>
<ClCompile Include="..\..\..\src\xercesc\validators\datatype\NOTATIONDatatypeValidator.cpp">
<Filter>xerces\xerces-c-3.2.0\src\xercesc\validators\datatype</Filter></ClCompile>
<ClCompile Include="..\..\..\src\xercesc\validators\datatype\NameDatatypeValidator.cpp">
<Filter>xerces\xerces-c-3.2.0\src\xercesc\validators\datatype</Filter></ClCompile>
<ClCompile Include="..\..\..\src\xercesc\validators\datatype\QNameDatatypeValidator.cpp">
<Filter>xerces\xerces-c-3.2.0\src\xercesc\validators\datatype</Filter></ClCompile>
<ClCompile Include="..\..\..\src\xercesc\validators\datatype\StringDatatypeValidator.cpp">
<Filter>xerces\xerces-c-3.2.0\src\xercesc\validators\datatype</Filter></ClCompile>
<ClCompile Include="..\..\..\src\xercesc\validators\datatype\TimeDatatypeValidator.cpp">
<Filter>xerces\xerces-c-3.2.0\src\xercesc\validators\datatype</Filter></ClCompile>
<ClCompile Include="..\..\..\src\xercesc\validators\datatype\UnionDatatypeValidator.cpp">
<Filter>xerces\xerces-c-3.2.0\src\xercesc\validators\datatype</Filter></ClCompile>
<ClCompile Include="..\..\..\src\xercesc\validators\datatype\XMLCanRepGroup.cpp">
<Filter>xerces\xerces-c-3.2.0\src\xercesc\validators\datatype</Filter></ClCompile>
<ClCompile Include="..\..\..\src\xercesc\validators\datatype\YearDatatypeValidator.cpp">
<Filter>xerces\xerces-c-3.2.0\src\xercesc\validators\datatype</Filter></ClCompile>
<ClCompile Include="..\..\..\src\xercesc\validators\datatype\YearMonthDatatypeValidator.cpp">
<Filter>xerces\xerces-c-3.2.0\src\xercesc\validators\datatype</Filter></ClCompile>
<ClCompile Include="..\..\..\src\xercesc\validators\schema\ComplexTypeInfo.cpp">
<Filter>xerces\xerces-c-3.2.0\src\xercesc\validators\schema</Filter></ClCompile>
<ClCompile Include="..\..\..\src\xercesc\validators\schema\GeneralAttributeCheck.cpp">
<Filter>xerces\xerces-c-3.2.0\src\xercesc\validators\schema</Filter></ClCompile>
<ClCompile Include="..\..\..\src\xercesc\validators\schema\NamespaceScope.cpp">
<Filter>xerces\xerces-c-3.2.0\src\xercesc\validators\schema</Filter></ClCompile>
<ClCompile Include="..\..\..\src\xercesc\validators\schema\SchemaAttDef.cpp">
<Filter>xerces\xerces-c-3.2.0\src\xercesc\validators\schema</Filter></ClCompile>
<ClCompile Include="..\..\..\src\xercesc\validators\schema\SchemaAttDefList.cpp">
<Filter>xerces\xerces-c-3.2.0\src\xercesc\validators\schema</Filter></ClCompile>
<ClCompile Include="..\..\..\src\xercesc\validators\schema\SchemaElementDecl.cpp">
<Filter>xerces\xerces-c-3.2.0\src\xercesc\validators\schema</Filter></ClCompile>
<ClCompile Include="..\..\..\src\xercesc\validators\schema\SchemaGrammar.cpp">
<Filter>xerces\xerces-c-3.2.0\src\xercesc\validators\schema</Filter></ClCompile>
<ClCompile Include="..\..\..\src\xercesc\validators\schema\SchemaInfo.cpp">
<Filter>xerces\xerces-c-3.2.0\src\xercesc\validators\schema</Filter></ClCompile>
<ClCompile Include="..\..\..\src\xercesc\validators\schema\SchemaSymbols.cpp">
<Filter>xerces\xerces-c-3.2.0\src\xercesc\validators\schema</Filter></ClCompile>
<ClCompile Include="..\..\..\src\xercesc\validators\schema\SchemaValidator.cpp">
<Filter>xerces\xerces-c-3.2.0\src\xercesc\validators\schema</Filter></ClCompile>
<ClCompile Include="..\..\..\src\xercesc\validators\schema\SubstitutionGroupComparator.cpp">
<Filter>xerces\xerces-c-3.2.0\src\xercesc\validators\schema</Filter></ClCompile>
<ClCompile Include="..\..\..\src\xercesc\validators\schema\TraverseSchema.cpp">
<Filter>xerces\xerces-c-3.2.0\src\xercesc\validators\schema</Filter></ClCompile>
<ClCompile Include="..\..\..\src\xercesc\validators\schema\XMLSchemaDescriptionImpl.cpp">
<Filter>xerces\xerces-c-3.2.0\src\xercesc\validators\schema</Filter></ClCompile>
<ClCompile Include="..\..\..\src\xercesc\validators\schema\XSDDOMParser.cpp">
<Filter>xerces\xerces-c-3.2.0\src\xercesc\validators\schema</Filter></ClCompile>
<ClCompile Include="..\..\..\src\xercesc\validators\schema\XSDErrorReporter.cpp">
<Filter>xerces\xerces-c-3.2.0\src\xercesc\validators\schema</Filter></ClCompile>
<ClCompile Include="..\..\..\src\xercesc\validators\schema\XSDLocator.cpp">
<Filter>xerces\xerces-c-3.2.0\src\xercesc\validators\schema</Filter></ClCompile>
<ClCompile Include="..\..\..\src\xercesc\validators\schema\XUtil.cpp">
<Filter>xerces\xerces-c-3.2.0\src\xercesc\validators\schema</Filter></ClCompile>
<ClCompile Include="..\..\..\src\xercesc\validators\schema\XercesAttGroupInfo.cpp">
<Filter>xerces\xerces-c-3.2.0\src\xercesc\validators\schema</Filter></ClCompile>
<ClCompile Include="..\..\..\src\xercesc\validators\schema\XercesElementWildcard.cpp">
<Filter>xerces\xerces-c-3.2.0\src\xercesc\validators\schema</Filter></ClCompile>
<ClCompile Include="..\..\..\src\xercesc\validators\schema\XercesGroupInfo.cpp">
<Filter>xerces\xerces-c-3.2.0\src\xercesc\validators\schema</Filter></ClCompile>
<ClCompile Include="..\..\..\src\xercesc\validators\schema\identity\FieldActivator.cpp">
<Filter>xerces\xerces-c-3.2.0\src\xercesc\validators\schema\identity</Filter></ClCompile>
<ClCompile Include="..\..\..\src\xercesc\validators\schema\identity\FieldValueMap.cpp">
<Filter>xerces\xerces-c-3.2.0\src\xercesc\validators\schema\identity</Filter></ClCompile>
<ClCompile Include="..\..\..\src\xercesc\validators\schema\identity\IC_Field.cpp">
<Filter>xerces\xerces-c-3.2.0\src\xercesc\validators\schema\identity</Filter></ClCompile>
<ClCompile Include="..\..\..\src\xercesc\validators\schema\identity\IC_Key.cpp">
<Filter>xerces\xerces-c-3.2.0\src\xercesc\validators\schema\identity</Filter></ClCompile>
<ClCompile Include="..\..\..\src\xercesc\validators\schema\identity\IC_KeyRef.cpp">
<Filter>xerces\xerces-c-3.2.0\src\xercesc\validators\schema\identity</Filter></ClCompile>
<ClCompile Include="..\..\..\src\xercesc\validators\schema\identity\IC_Selector.cpp">
<Filter>xerces\xerces-c-3.2.0\src\xercesc\validators\schema\identity</Filter></ClCompile>
<ClCompile Include="..\..\..\src\xercesc\validators\schema\identity\IC_Unique.cpp">
<Filter>xerces\xerces-c-3.2.0\src\xercesc\validators\schema\identity</Filter></ClCompile>
<ClCompile Include="..\..\..\src\xercesc\validators\schema\identity\IdentityConstraint.cpp">
<Filter>xerces\xerces-c-3.2.0\src\xercesc\validators\schema\identity</Filter></ClCompile>
<ClCompile Include="..\..\..\src\xercesc\validators\schema\identity\IdentityConstraintHandler.cpp">
<Filter>xerces\xerces-c-3.2.0\src\xercesc\validators\schema\identity</Filter></ClCompile>
<ClCompile Include="..\..\..\src\xercesc\validators\schema\identity\ValueStore.cpp">
<Filter>xerces\xerces-c-3.2.0\src\xercesc\validators\schema\identity</Filter></ClCompile>
<ClCompile Include="..\..\..\src\xercesc\validators\schema\identity\ValueStoreCache.cpp">
<Filter>xerces\xerces-c-3.2.0\src\xercesc\validators\schema\identity</Filter></ClCompile>
<ClCompile Include="..\..\..\src\xercesc\validators\schema\identity\XPathMatcher.cpp">
<Filter>xerces\xerces-c-3.2.0\src\xercesc\validators\schema\identity</Filter></ClCompile>
<ClCompile Include="..\..\..\src\xercesc\validators\schema\identity\XPathMatcherStack.cpp">
<Filter>xerces\xerces-c-3.2.0\src\xercesc\validators\schema\identity</Filter></ClCompile>
<ClCompile Include="..\..\..\src\xercesc\validators\schema\identity\XPathSymbols.cpp">
<Filter>xerces\xerces-c-3.2.0\src\xercesc\validators\schema\identity</Filter></ClCompile>
<ClCompile Include="..\..\..\src\xercesc\validators\schema\identity\XercesXPath.cpp">
<Filter>xerces\xerces-c-3.2.0\src\xercesc\validators\schema\identity</Filter></ClCompile>
<ClCompile Include="..\..\..\src\xercesc\xinclude\XIncludeDOMDocumentProcessor.cpp">
<Filter>xerces\xerces-c-3.2.0\src\xercesc\xinclude</Filter></ClCompile>
<ClCompile Include="..\..\..\src\xercesc\xinclude\XIncludeLocation.cpp">
<Filter>xerces\xerces-c-3.2.0\src\xercesc\xinclude</Filter></ClCompile>
<ClCompile Include="..\..\..\src\xercesc\xinclude\XIncludeUtils.cpp">
<Filter>xerces\xerces-c-3.2.0\src\xercesc\xinclude</Filter></ClCompile></ItemGroup>
<ItemGroup>
<ClInclude Include="..\..\..\src\stricmp.h">
<Filter>xerces\xerces-c-3.2.0\src</Filter></ClInclude>
<ClInclude Include="..\..\..\src\strnicmp.h">
<Filter>xerces\xerces-c-3.2.0\src</Filter></ClInclude>
<ClInclude Include="..\..\..\src\towlower.h">
<Filter>xerces\xerces-c-3.2.0\src</Filter></ClInclude>
<ClInclude Include="..\..\..\src\towupper.h">
<Filter>xerces\xerces-c-3.2.0\src</Filter></ClInclude>
<ClInclude Include="..\..\..\src\xercesc\util\MsgLoaders\Win32\resource.h">
<Filter>xerces\xerces-c-3.2.0\src\xercesc\util\MsgLoaders\Win32</Filter></ClInclude>
<ClInclude Include="..\..\..\windows\config.h">
<Filter>xerces\xerces-c-3.2.0\windows</Filter></ClInclude></ItemGroup>
<ItemGroup />
<ItemGroup />
<ItemGroup />
<ItemGroup /></Project>
