<?xml version="1.0" encoding="utf-8"?>
<Project ToolsVersion="4.0" xmlns="http://schemas.microsoft.com/developer/msbuild/2003">
<ItemGroup>
<Filter Include="dlb_socket">
<UniqueIdentifier>{2b741e95-d5fe-3f3d-9125-61b27cc787de}</UniqueIdentifier></Filter>
<Filter Include="dlb_socket\0.1">
<UniqueIdentifier>{e87e3784-2c39-36d4-952a-e311727a7287}</UniqueIdentifier></Filter>
<Filter Include="dlb_socket\0.1\dlb_socket">
<UniqueIdentifier>{fee66e3a-a953-3657-95a2-17c17aafc5c5}</UniqueIdentifier></Filter>
<Filter Include="dlb_socket\0.1\dlb_socket\frontend">
<UniqueIdentifier>{e5e3b4e6-4fca-32d7-9706-263470fb0649}</UniqueIdentifier></Filter>
<Filter Include="dlb_socket\0.1\dlb_socket\include">
<UniqueIdentifier>{3428ceea-ece2-36ee-89f1-0120da70f44d}</UniqueIdentifier></Filter>
<Filter Include="dlb_socket\0.1\dlb_socket\include\win32">
<UniqueIdentifier>{705d9e51-019a-3269-9fa7-d984a9faa1a3}</UniqueIdentifier></Filter></ItemGroup>
<ItemGroup>
<ClCompile Include="..\..\..\frontend\client.c">
<Filter>dlb_socket\0.1\dlb_socket\frontend</Filter></ClCompile></ItemGroup>
<ItemGroup>
<ClInclude Include="..\..\..\include\dlb_http_client.h">
<Filter>dlb_socket\0.1\dlb_socket\include</Filter></ClInclude>
<ClInclude Include="..\..\..\include\dlb_http_server.h">
<Filter>dlb_socket\0.1\dlb_socket\include</Filter></ClInclude>
<ClInclude Include="..\..\..\include\dlb_socket.h">
<Filter>dlb_socket\0.1\dlb_socket\include</Filter></ClInclude>
<ClInclude Include="..\..\..\include\win32\dlb_socket_os_impl.h">
<Filter>dlb_socket\0.1\dlb_socket\include\win32</Filter></ClInclude></ItemGroup>
<ItemGroup />
<ItemGroup />
<ItemGroup />
<ItemGroup /></Project>
