Microsoft Visual Studio Solution File, Format Version 11.00
# Visual Studio 2010
Project("{8BC9CEB8-8B4A-11D0-8D11-00A0C91BC942}") = "pmd_test", "pmd_test_2010.vcxproj", "{E7BCF35E-037E-3C42-A920-0B3FEA33AAB7}"
	ProjectSection(ProjectDependencies) = postProject
		{888B31BA-E7A4-360D-978E-857D8E4C4BAC} = {888B31BA-E7A4-360D-978E-857D8E4C4BAC}
		{2A4DF4EE-7136-33B4-B637-60938D184F39} = {2A4DF4EE-7136-33B4-B637-60938D184F39}
		{F3113CD3-1EEE-3755-88A8-9D430022FDA1} = {F3113CD3-1EEE-3755-88A8-9D430022FDA1}
		{B4C84256-BB70-3A94-8652-67784173D102} = {B4C84256-BB70-3A94-8652-67784173D102}
	EndProjectSection
EndProject
Project("{8BC9CEB8-8B4A-11D0-8D11-00A0C91BC942}") = "dlb_pmd_lib", "..\..\dlb_pmd_lib\windows_x86_msvs\dlb_pmd_lib_2010.vcxproj", "{888B31BA-E7A4-360D-978E-857D8E4C4BAC}"
	ProjectSection(ProjectDependencies) = postProject
		{20895E86-0CC5-376D-A205-153F08960967} = {20895E86-0CC5-376D-A205-153F08960967}
	EndProjectSection
EndProject
Project("{8BC9CEB8-8B4A-11D0-8D11-00A0C91BC942}") = "dlb_wave_lib", "..\..\dlb_wave_lib\windows_x86_msvs\dlb_wave_lib_2010.vcxproj", "{2A4DF4EE-7136-33B4-B637-60938D184F39}"
EndProject
Project("{8BC9CEB8-8B4A-11D0-8D11-00A0C91BC942}") = "dlb_xml", "..\..\..\..\dlb_xmllib\1.0.4\dlb_xml\make\dlb_xml\windows_x86_msvs\dlb_xml_2010.vcxproj", "{20895E86-0CC5-376D-A205-153F08960967}"
EndProject
Project("{8BC9CEB8-8B4A-11D0-8D11-00A0C91BC942}") = "googletest", "..\..\..\..\googletest\1.8.0\make\googletest\windows_x86_msvs\googletest_2010.vcxproj", "{B4C84256-BB70-3A94-8652-67784173D102}"
EndProject
Project("{8BC9CEB8-8B4A-11D0-8D11-00A0C91BC942}") = "xerces_3_2_0_lib", "..\..\..\..\xerces\xerces-c-3.2.0\make\xerces_3_2_0_lib\windows_x86_msvs\xerces_3_2_0_lib_2010.vcxproj", "{F3113CD3-1EEE-3755-88A8-9D430022FDA1}"
EndProject
Global
	GlobalSection(SolutionConfigurationPlatforms) = preSolution
		debug|Win32 = debug|Win32
		release|Win32 = release|Win32
	EndGlobalSection
	GlobalSection(ProjectConfigurationPlatforms) = postSolution
		{888B31BA-E7A4-360D-978E-857D8E4C4BAC}.debug|Win32.ActiveCfg = debug|Win32
		{888B31BA-E7A4-360D-978E-857D8E4C4BAC}.debug|Win32.Build.0 = debug|Win32
		{2A4DF4EE-7136-33B4-B637-60938D184F39}.debug|Win32.ActiveCfg = debug|Win32
		{2A4DF4EE-7136-33B4-B637-60938D184F39}.debug|Win32.Build.0 = debug|Win32
		{E7BCF35E-037E-3C42-A920-0B3FEA33AAB7}.debug|Win32.ActiveCfg = debug|Win32
		{E7BCF35E-037E-3C42-A920-0B3FEA33AAB7}.debug|Win32.Build.0 = debug|Win32
		{20895E86-0CC5-376D-A205-153F08960967}.debug|Win32.ActiveCfg = debug|Win32
		{20895E86-0CC5-376D-A205-153F08960967}.debug|Win32.Build.0 = debug|Win32
		{B4C84256-BB70-3A94-8652-67784173D102}.debug|Win32.ActiveCfg = debug|Win32
		{B4C84256-BB70-3A94-8652-67784173D102}.debug|Win32.Build.0 = debug|Win32
		{F3113CD3-1EEE-3755-88A8-9D430022FDA1}.debug|Win32.ActiveCfg = debug|Win32
		{F3113CD3-1EEE-3755-88A8-9D430022FDA1}.debug|Win32.Build.0 = debug|Win32
		{888B31BA-E7A4-360D-978E-857D8E4C4BAC}.release|Win32.ActiveCfg = release|Win32
		{888B31BA-E7A4-360D-978E-857D8E4C4BAC}.release|Win32.Build.0 = release|Win32
		{2A4DF4EE-7136-33B4-B637-60938D184F39}.release|Win32.ActiveCfg = release|Win32
		{2A4DF4EE-7136-33B4-B637-60938D184F39}.release|Win32.Build.0 = release|Win32
		{E7BCF35E-037E-3C42-A920-0B3FEA33AAB7}.release|Win32.ActiveCfg = release|Win32
		{E7BCF35E-037E-3C42-A920-0B3FEA33AAB7}.release|Win32.Build.0 = release|Win32
		{20895E86-0CC5-376D-A205-153F08960967}.release|Win32.ActiveCfg = release|Win32
		{20895E86-0CC5-376D-A205-153F08960967}.release|Win32.Build.0 = release|Win32
		{B4C84256-BB70-3A94-8652-67784173D102}.release|Win32.ActiveCfg = release|Win32
		{B4C84256-BB70-3A94-8652-67784173D102}.release|Win32.Build.0 = release|Win32
		{F3113CD3-1EEE-3755-88A8-9D430022FDA1}.release|Win32.ActiveCfg = release|Win32
		{F3113CD3-1EEE-3755-88A8-9D430022FDA1}.release|Win32.Build.0 = release|Win32
	EndGlobalSection
	GlobalSection(SolutionProperties) = preSolution
		HideSolutionNode = FALSE
	EndGlobalSection
EndGlobal
