<?xml version="1.0" encoding="utf-8"?>
<Project ToolsVersion="4.0" xmlns="http://schemas.microsoft.com/developer/msbuild/2003">
<ItemGroup>
<Filter Include="libui">
<UniqueIdentifier>{6c5a3741-5cb0-3d61-8367-990dd803ecb2}</UniqueIdentifier></Filter>
<Filter Include="libui\alpha_4.1">
<UniqueIdentifier>{a52d5363-2a8d-3d72-bf87-4106578cb8b5}</UniqueIdentifier></Filter>
<Filter Include="libui\alpha_4.1\libui">
<UniqueIdentifier>{67f81288-dc64-30f7-bfa2-313182bd72f5}</UniqueIdentifier></Filter>
<Filter Include="libui\alpha_4.1\libui\common">
<UniqueIdentifier>{2a3f20cd-0736-334b-8113-a62e621e86c7}</UniqueIdentifier></Filter>
<Filter Include="libui\alpha_4.1\libui\windows">
<UniqueIdentifier>{3dfce462-f391-3e12-a6c9-c59702f22a73}</UniqueIdentifier></Filter></ItemGroup>
<ItemGroup>
<ClCompile Include="..\..\..\common\areaevents.c">
<Filter>libui\alpha_4.1\libui\common</Filter></ClCompile>
<ClCompile Include="..\..\..\common\attrlist.c">
<Filter>libui\alpha_4.1\libui\common</Filter></ClCompile>
<ClCompile Include="..\..\..\common\attrstr.c">
<Filter>libui\alpha_4.1\libui\common</Filter></ClCompile>
<ClCompile Include="..\..\..\common\control.c">
<Filter>libui\alpha_4.1\libui\common</Filter></ClCompile>
<ClCompile Include="..\..\..\common\matrix.c">
<Filter>libui\alpha_4.1\libui\common</Filter></ClCompile>
<ClCompile Include="..\..\..\common\opentype.c">
<Filter>libui\alpha_4.1\libui\common</Filter></ClCompile>
<ClCompile Include="..\..\..\common\tablemodel.c">
<Filter>libui\alpha_4.1\libui\common</Filter></ClCompile>
<ClCompile Include="..\..\..\common\userbugs.c">
<Filter>libui\alpha_4.1\libui\common</Filter></ClCompile>
<ClCompile Include="..\..\..\common\utf.c">
<Filter>libui\alpha_4.1\libui\common</Filter></ClCompile>
<ClCompile Include="..\..\..\windows\alloc.cpp">
<Filter>libui\alpha_4.1\libui\windows</Filter></ClCompile>
<ClCompile Include="..\..\..\windows\areadraw.cpp">
<Filter>libui\alpha_4.1\libui\windows</Filter></ClCompile>
<ClCompile Include="..\..\..\windows\areascroll.cpp">
<Filter>libui\alpha_4.1\libui\windows</Filter></ClCompile>
<ClCompile Include="..\..\..\windows\areautil.cpp">
<Filter>libui\alpha_4.1\libui\windows</Filter></ClCompile>
<ClCompile Include="..\..\..\windows\box.cpp">
<Filter>libui\alpha_4.1\libui\windows</Filter></ClCompile>
<ClCompile Include="..\..\..\windows\button.cpp">
<Filter>libui\alpha_4.1\libui\windows</Filter></ClCompile>
<ClCompile Include="..\..\..\windows\checkbox.cpp">
<Filter>libui\alpha_4.1\libui\windows</Filter></ClCompile>
<ClCompile Include="..\..\..\windows\colorbutton.cpp">
<Filter>libui\alpha_4.1\libui\windows</Filter></ClCompile>
<ClCompile Include="..\..\..\windows\colordialog.cpp">
<Filter>libui\alpha_4.1\libui\windows</Filter></ClCompile>
<ClCompile Include="..\..\..\windows\combobox.cpp">
<Filter>libui\alpha_4.1\libui\windows</Filter></ClCompile>
<ClCompile Include="..\..\..\windows\container.cpp">
<Filter>libui\alpha_4.1\libui\windows</Filter></ClCompile>
<ClCompile Include="..\..\..\windows\d2dscratch.cpp">
<Filter>libui\alpha_4.1\libui\windows</Filter></ClCompile>
<ClCompile Include="..\..\..\windows\datetimepicker.cpp">
<Filter>libui\alpha_4.1\libui\windows</Filter></ClCompile>
<ClCompile Include="..\..\..\windows\debug.cpp">
<Filter>libui\alpha_4.1\libui\windows</Filter></ClCompile>
<ClCompile Include="..\..\..\windows\draw.cpp">
<Filter>libui\alpha_4.1\libui\windows</Filter></ClCompile>
<ClCompile Include="..\..\..\windows\drawmatrix.cpp">
<Filter>libui\alpha_4.1\libui\windows</Filter></ClCompile>
<ClCompile Include="..\..\..\windows\drawpath.cpp">
<Filter>libui\alpha_4.1\libui\windows</Filter></ClCompile>
<ClCompile Include="..\..\..\windows\dwrite.cpp">
<Filter>libui\alpha_4.1\libui\windows</Filter></ClCompile>
<ClCompile Include="..\..\..\windows\editablecombo.cpp">
<Filter>libui\alpha_4.1\libui\windows</Filter></ClCompile>
<ClCompile Include="..\..\..\windows\entry.cpp">
<Filter>libui\alpha_4.1\libui\windows</Filter></ClCompile>
<ClCompile Include="..\..\..\windows\events.cpp">
<Filter>libui\alpha_4.1\libui\windows</Filter></ClCompile>
<ClCompile Include="..\..\..\windows\fontdialog.cpp">
<Filter>libui\alpha_4.1\libui\windows</Filter></ClCompile>
<ClCompile Include="..\..\..\windows\form.cpp">
<Filter>libui\alpha_4.1\libui\windows</Filter></ClCompile>
<ClCompile Include="..\..\..\windows\graphemes.cpp">
<Filter>libui\alpha_4.1\libui\windows</Filter></ClCompile>
<ClCompile Include="..\..\..\windows\grid.cpp">
<Filter>libui\alpha_4.1\libui\windows</Filter></ClCompile>
<ClCompile Include="..\..\..\windows\group.cpp">
<Filter>libui\alpha_4.1\libui\windows</Filter></ClCompile>
<ClCompile Include="..\..\..\windows\label.cpp">
<Filter>libui\alpha_4.1\libui\windows</Filter></ClCompile>
<ClCompile Include="..\..\..\windows\main.cpp">
<Filter>libui\alpha_4.1\libui\windows</Filter></ClCompile>
<ClCompile Include="..\..\..\windows\menu.cpp">
<Filter>libui\alpha_4.1\libui\windows</Filter></ClCompile>
<ClCompile Include="..\..\..\windows\multilineentry.cpp">
<Filter>libui\alpha_4.1\libui\windows</Filter></ClCompile>
<ClCompile Include="..\..\..\windows\parent.cpp">
<Filter>libui\alpha_4.1\libui\windows</Filter></ClCompile>
<ClCompile Include="..\..\..\windows\progressbar.cpp">
<Filter>libui\alpha_4.1\libui\windows</Filter></ClCompile>
<ClCompile Include="..\..\..\windows\radiobuttons.cpp">
<Filter>libui\alpha_4.1\libui\windows</Filter></ClCompile>
<ClCompile Include="..\..\..\windows\separator.cpp">
<Filter>libui\alpha_4.1\libui\windows</Filter></ClCompile>
<ClCompile Include="..\..\..\windows\sizing.cpp">
<Filter>libui\alpha_4.1\libui\windows</Filter></ClCompile>
<ClCompile Include="..\..\..\windows\slider.cpp">
<Filter>libui\alpha_4.1\libui\windows</Filter></ClCompile>
<ClCompile Include="..\..\..\windows\spinbox.cpp">
<Filter>libui\alpha_4.1\libui\windows</Filter></ClCompile>
<ClCompile Include="..\..\..\windows\stddialogs.cpp">
<Filter>libui\alpha_4.1\libui\windows</Filter></ClCompile>
<ClCompile Include="..\..\..\windows\tab.cpp">
<Filter>libui\alpha_4.1\libui\windows</Filter></ClCompile>
<ClCompile Include="..\..\..\windows\table.cpp">
<Filter>libui\alpha_4.1\libui\windows</Filter></ClCompile>
<ClCompile Include="..\..\..\windows\tabledispinfo.cpp">
<Filter>libui\alpha_4.1\libui\windows</Filter></ClCompile>
<ClCompile Include="..\..\..\windows\tabledraw.cpp">
<Filter>libui\alpha_4.1\libui\windows</Filter></ClCompile>
<ClCompile Include="..\..\..\windows\tableediting.cpp">
<Filter>libui\alpha_4.1\libui\windows</Filter></ClCompile>
<ClCompile Include="..\..\..\windows\tablemetrics.cpp">
<Filter>libui\alpha_4.1\libui\windows</Filter></ClCompile>
<ClCompile Include="..\..\..\windows\tabpage.cpp">
<Filter>libui\alpha_4.1\libui\windows</Filter></ClCompile>
<ClCompile Include="..\..\..\windows\text.cpp">
<Filter>libui\alpha_4.1\libui\windows</Filter></ClCompile>
<ClCompile Include="..\..\..\windows\utf16.cpp">
<Filter>libui\alpha_4.1\libui\windows</Filter></ClCompile>
<ClCompile Include="..\..\..\windows\utilwin.cpp">
<Filter>libui\alpha_4.1\libui\windows</Filter></ClCompile>
<ClCompile Include="..\..\..\windows\window.cpp">
<Filter>libui\alpha_4.1\libui\windows</Filter></ClCompile>
<ClCompile Include="..\..\..\windows\winpublic.cpp">
<Filter>libui\alpha_4.1\libui\windows</Filter></ClCompile>
<ClCompile Include="..\..\..\windows\winutil.cpp">
<Filter>libui\alpha_4.1\libui\windows</Filter></ClCompile></ItemGroup>
<ItemGroup>
<ClInclude Include="..\..\..\ui.h">
<Filter>libui\alpha_4.1\libui</Filter></ClInclude>
<ClInclude Include="..\..\..\ui_windows.h">
<Filter>libui\alpha_4.1\libui</Filter></ClInclude></ItemGroup>
<ItemGroup />
<ItemGroup />
<ItemGroup />
<ItemGroup /></Project>
