Microsoft Visual Studio Solution File, Format Version 9.00
# Visual Studio 2005
Project("{8BC9CEB8-8B4A-11D0-8D11-00A0C91BC942}") = "dlb_xml_trace", "dlb_xml_trace_2005.vcproj", "{64783089-73C6-352A-B551-5D33A8DFB097}"
EndProject
Global
	GlobalSection(SolutionConfigurationPlatforms) = preSolution
		debug|x64 = debug|x64
		release|x64 = release|x64
	EndGlobalSection
	GlobalSection(ProjectConfigurationPlatforms) = postSolution
		{64783089-73C6-352A-B551-5D33A8DFB097}.debug|x64.ActiveCfg = debug|x64
		{64783089-73C6-352A-B551-5D33A8DFB097}.debug|x64.Build.0 = debug|x64
		{64783089-73C6-352A-B551-5D33A8DFB097}.release|x64.ActiveCfg = release|x64
		{64783089-73C6-352A-B551-5D33A8DFB097}.release|x64.Build.0 = release|x64
	EndGlobalSection
	GlobalSection(SolutionProperties) = preSolution
		HideSolutionNode = FALSE
	EndGlobalSection
EndGlobal
