<?xml version="1.0" encoding="utf-8"?>
<Project ToolsVersion="4.0" xmlns="http://schemas.microsoft.com/developer/msbuild/2003">
<ItemGroup>
<Filter Include="xerces">
<UniqueIdentifier>{e75b11d6-8383-3d64-a46a-c8abf384eca1}</UniqueIdentifier></Filter>
<Filter Include="xerces\xerces-c-3.2.0">
<UniqueIdentifier>{a5878a8c-7b28-3ff6-a092-c0323780c08b}</UniqueIdentifier></Filter>
<Filter Include="xerces\xerces-c-3.2.0\frontend">
<UniqueIdentifier>{e964b472-6119-3b0d-9dbc-c32c72fc3af6}</UniqueIdentifier></Filter>
<Filter Include="xerces\xerces-c-3.2.0\src">
<UniqueIdentifier>{fe210c57-300e-3233-b544-f82dbb48180c}</UniqueIdentifier></Filter>
<Filter Include="xerces\xerces-c-3.2.0\src\xercesc">
<UniqueIdentifier>{ada1031f-f618-3e7a-953f-f658826250cb}</UniqueIdentifier></Filter>
<Filter Include="xerces\xerces-c-3.2.0\src\xercesc\util">
<UniqueIdentifier>{451b4555-8f0c-3c7d-bc54-aecbfe51b864}</UniqueIdentifier></Filter>
<Filter Include="xerces\xerces-c-3.2.0\src\xercesc\util\MsgLoaders">
<UniqueIdentifier>{0665250f-d833-3928-8867-186a34118fe4}</UniqueIdentifier></Filter>
<Filter Include="xerces\xerces-c-3.2.0\src\xercesc\util\MsgLoaders\Win32">
<UniqueIdentifier>{fc007519-2e31-3235-b7cc-bed00cdeb7fc}</UniqueIdentifier></Filter>
<Filter Include="xerces\xerces-c-3.2.0\windows">
<UniqueIdentifier>{06f53e02-11e8-3246-86d9-f727d60cd179}</UniqueIdentifier></Filter></ItemGroup>
<ItemGroup>
<ClCompile Include="..\..\..\frontend\load_grammar_dom.cpp">
<Filter>xerces\xerces-c-3.2.0\frontend</Filter></ClCompile></ItemGroup>
<ItemGroup>
<ClInclude Include="..\..\..\src\stricmp.h">
<Filter>xerces\xerces-c-3.2.0\src</Filter></ClInclude>
<ClInclude Include="..\..\..\src\strnicmp.h">
<Filter>xerces\xerces-c-3.2.0\src</Filter></ClInclude>
<ClInclude Include="..\..\..\src\towlower.h">
<Filter>xerces\xerces-c-3.2.0\src</Filter></ClInclude>
<ClInclude Include="..\..\..\src\towupper.h">
<Filter>xerces\xerces-c-3.2.0\src</Filter></ClInclude>
<ClInclude Include="..\..\..\src\xercesc\util\MsgLoaders\Win32\resource.h">
<Filter>xerces\xerces-c-3.2.0\src\xercesc\util\MsgLoaders\Win32</Filter></ClInclude>
<ClInclude Include="..\..\..\windows\config.h">
<Filter>xerces\xerces-c-3.2.0\windows</Filter></ClInclude></ItemGroup>
<ItemGroup />
<ItemGroup />
<ItemGroup />
<ItemGroup /></Project>
