Microsoft Visual Studio Solution File, Format Version 9.00
# Visual Studio 2005
Project("{8BC9CEB8-8B4A-11D0-8D11-00A0C91BC942}") = "load_grammar_dom", "load_grammar_dom_2005.vcproj", "{4BD55455-35F2-314D-AD43-DAC28261952E}"
	ProjectSection(ProjectDependencies) = postProject
		{F3113CD3-1EEE-3755-88A8-9D430022FDA1} = {F3113CD3-1EEE-3755-88A8-9D430022FDA1}
	EndProjectSection
EndProject
Project("{8BC9CEB8-8B4A-11D0-8D11-00A0C91BC942}") = "xerces_3_2_0_lib", "..\..\xerces_3_2_0_lib\windows_amd64_msvs\xerces_3_2_0_lib_2005.vcproj", "{F3113CD3-1EEE-3755-88A8-9D430022FDA1}"
EndProject
Global
	GlobalSection(SolutionConfigurationPlatforms) = preSolution
		debug|x64 = debug|x64
		release|x64 = release|x64
	EndGlobalSection
	GlobalSection(ProjectConfigurationPlatforms) = postSolution
		{4BD55455-35F2-314D-AD43-DAC28261952E}.debug|x64.ActiveCfg = debug|x64
		{4BD55455-35F2-314D-AD43-DAC28261952E}.debug|x64.Build.0 = debug|x64
		{F3113CD3-1EEE-3755-88A8-9D430022FDA1}.debug|x64.ActiveCfg = debug|x64
		{F3113CD3-1EEE-3755-88A8-9D430022FDA1}.debug|x64.Build.0 = debug|x64
		{4BD55455-35F2-314D-AD43-DAC28261952E}.release|x64.ActiveCfg = release|x64
		{4BD55455-35F2-314D-AD43-DAC28261952E}.release|x64.Build.0 = release|x64
		{F3113CD3-1EEE-3755-88A8-9D430022FDA1}.release|x64.ActiveCfg = release|x64
		{F3113CD3-1EEE-3755-88A8-9D430022FDA1}.release|x64.Build.0 = release|x64
	EndGlobalSection
	GlobalSection(SolutionProperties) = preSolution
		HideSolutionNode = FALSE
	EndGlobalSection
EndGlobal
