<?xml version="1.0" encoding="utf-8"?>
<Project ToolsVersion="4.0" xmlns="http://schemas.microsoft.com/developer/msbuild/2003">
<ItemGroup>
<Filter Include="dlb_bitbuf">
<UniqueIdentifier>{dcbc06cd-3681-3b01-8c9e-ed237e1f92a3}</UniqueIdentifier></Filter>
<Filter Include="dlb_bitbuf\2.0">
<UniqueIdentifier>{af6d69a6-745a-36a8-a182-54c5f17a8adf}</UniqueIdentifier></Filter>
<Filter Include="dlb_bitbuf\2.0\dlb_bitbuf">
<UniqueIdentifier>{54b19c75-874f-3675-9b0d-4079f6e2c14a}</UniqueIdentifier></Filter>
<Filter Include="dlb_bitbuf\2.0\dlb_bitbuf\include">
<UniqueIdentifier>{f8b538e2-47c1-391e-9ee2-7e11e7e93f48}</UniqueIdentifier></Filter>
<Filter Include="dlb_bitbuf\2.0\dlb_bitbuf\src">
<UniqueIdentifier>{d143e513-8169-34a2-87d0-89a19aa21089}</UniqueIdentifier></Filter></ItemGroup>
<ItemGroup>
<ClCompile Include="..\..\..\src\bitbuf_common.c">
<Filter>dlb_bitbuf\2.0\dlb_bitbuf\src</Filter></ClCompile>
<ClCompile Include="..\..\..\src\bitbuf_read.c">
<Filter>dlb_bitbuf\2.0\dlb_bitbuf\src</Filter></ClCompile>
<ClCompile Include="..\..\..\src\bitbuf_write.c">
<Filter>dlb_bitbuf\2.0\dlb_bitbuf\src</Filter></ClCompile></ItemGroup>
<ItemGroup>
<ClInclude Include="..\..\..\include\dlb_bitbuf.h">
<Filter>dlb_bitbuf\2.0\dlb_bitbuf\include</Filter></ClInclude>
<ClInclude Include="..\..\..\include\dlb_bitbuf_read.h">
<Filter>dlb_bitbuf\2.0\dlb_bitbuf\include</Filter></ClInclude>
<ClInclude Include="..\..\..\include\dlb_bitbuf_write.h">
<Filter>dlb_bitbuf\2.0\dlb_bitbuf\include</Filter></ClInclude>
<ClInclude Include="..\..\..\src\bitbuf_pvt.h">
<Filter>dlb_bitbuf\2.0\dlb_bitbuf\src</Filter></ClInclude></ItemGroup>
<ItemGroup />
<ItemGroup />
<ItemGroup />
<ItemGroup /></Project>
